// !$*UTF8*$!
{
	archiveVersion = 1;
	classes = {
	};
	objectVersion = 52;
	objects = {

/* Begin PBXBuildFile section */
		0A5DDCA61D9E6A5300EBDDCD /* Settings.bundle in Resources */ = {isa = PBXBuildFile; fileRef = 0A5DDCA51D9E6A5300EBDDCD /* Settings.bundle */; };
		0AAE6D4A1D6B6BC500EE9EDD /* NoResultViewController.swift in Sources */ = {isa = PBXBuildFile; fileRef = 0AAE6D491D6B6BC500EE9EDD /* NoResultViewController.swift */; };
		0AAE6D4C1D6B6C0B00EE9EDD /* ResultTableViewController.swift in Sources */ = {isa = PBXBuildFile; fileRef = 0AAE6D4B1D6B6C0B00EE9EDD /* ResultTableViewController.swift */; };
		0AEACE0A1D6385F700052120 /* ComponentAPIDocumentServiceProtocol.swift in Sources */ = {isa = PBXBuildFile; fileRef = 0AEACE091D6385F700052120 /* ComponentAPIDocumentServiceProtocol.swift */; };
		1F195A3320C7C69A008EE2A3 /* Credentials.plist in Resources */ = {isa = PBXBuildFile; fileRef = 1FF3A42020C6D20900081A32 /* Credentials.plist */; };
		1F2E1A9D1FB4855000E1022A /* ComponentAPIOnboardingViewController.swift in Sources */ = {isa = PBXBuildFile; fileRef = 1F2E1A9C1FB4855000E1022A /* ComponentAPIOnboardingViewController.swift */; };
		1F2E1A9F1FB58E2200E1022A /* AppCoordinator.swift in Sources */ = {isa = PBXBuildFile; fileRef = 1F2E1A9E1FB58E2200E1022A /* AppCoordinator.swift */; };
		1F2E1AA11FB58EC900E1022A /* Coordinator.swift in Sources */ = {isa = PBXBuildFile; fileRef = 1F2E1AA01FB58EC900E1022A /* Coordinator.swift */; };
		1F2E1AA31FB5AD5D00E1022A /* ScreenAPICoordinator.swift in Sources */ = {isa = PBXBuildFile; fileRef = 1F2E1AA21FB5AD5D00E1022A /* ScreenAPICoordinator.swift */; };
		1F53F5101FE967C5009E2677 /* RootNavigationController.swift in Sources */ = {isa = PBXBuildFile; fileRef = 1F53F50F1FE967C5009E2677 /* RootNavigationController.swift */; };
		1F578E111FBD7C7D00C17F62 /* SettingsViewController.swift in Sources */ = {isa = PBXBuildFile; fileRef = 1F578E101FBD7C7D00C17F62 /* SettingsViewController.swift */; };
		1F59756120A0A21A0012196B /* ComponentAPIDocumentsService.swift in Sources */ = {isa = PBXBuildFile; fileRef = 1F59756020A0A21A0012196B /* ComponentAPIDocumentsService.swift */; };
		1F59756320A0A24A0012196B /* PartialDocument.swift in Sources */ = {isa = PBXBuildFile; fileRef = 1F59756220A0A24A0012196B /* PartialDocument.swift */; };
		1F59756820A1C5C00012196B /* UIViewController.swift in Sources */ = {isa = PBXBuildFile; fileRef = 1F59756720A1C5C00012196B /* UIViewController.swift */; };
		1F9466C5203702E600F52B40 /* CredentialsManager.swift in Sources */ = {isa = PBXBuildFile; fileRef = 1F9466C4203702E600F52B40 /* CredentialsManager.swift */; };
		1FEEADA91F793F84005BA159 /* ComponentAPICoordinator.swift in Sources */ = {isa = PBXBuildFile; fileRef = 1FEEADA81F793F84005BA159 /* ComponentAPICoordinator.swift */; };
		607FACD61AFB9204008FA782 /* AppDelegate.swift in Sources */ = {isa = PBXBuildFile; fileRef = 607FACD51AFB9204008FA782 /* AppDelegate.swift */; };
		607FACD81AFB9204008FA782 /* SelectAPIViewController.swift in Sources */ = {isa = PBXBuildFile; fileRef = 607FACD71AFB9204008FA782 /* SelectAPIViewController.swift */; };
		607FACDB1AFB9204008FA782 /* Main.storyboard in Resources */ = {isa = PBXBuildFile; fileRef = 607FACD91AFB9204008FA782 /* Main.storyboard */; };
		607FACDD1AFB9204008FA782 /* Images.xcassets in Resources */ = {isa = PBXBuildFile; fileRef = 607FACDC1AFB9204008FA782 /* Images.xcassets */; };
		607FACE01AFB9204008FA782 /* LaunchScreen.xib in Resources */ = {isa = PBXBuildFile; fileRef = 607FACDE1AFB9204008FA782 /* LaunchScreen.xib */; };
		F47A84172733093000DDBF9C /* GiniBankAPILibrary in Frameworks */ = {isa = PBXBuildFile; productRef = F47A84162733093000DDBF9C /* GiniBankAPILibrary */; };
		F47A84192733093800DDBF9C /* GiniCaptureSDK in Frameworks */ = {isa = PBXBuildFile; productRef = F47A84182733093800DDBF9C /* GiniCaptureSDK */; };
		F4BB7CEE2695D66C003FD77E /* CustomMenuItemViewController.swift in Sources */ = {isa = PBXBuildFile; fileRef = F4BB7CED2695D66C003FD77E /* CustomMenuItemViewController.swift */; };
		F4BB7CF02695D96B003FD77E /* CustomMenuItems.storyboard in Resources */ = {isa = PBXBuildFile; fileRef = F4BB7CEF2695D96B003FD77E /* CustomMenuItems.storyboard */; };
		F4CBE2E12820159300B28220 /* GiniBankAPILibraryPinning in Frameworks */ = {isa = PBXBuildFile; productRef = F4CBE2E02820159300B28220 /* GiniBankAPILibraryPinning */; };
		F4CBE2E3282015A500B28220 /* GiniCaptureSDKPinning in Frameworks */ = {isa = PBXBuildFile; productRef = F4CBE2E2282015A500B28220 /* GiniCaptureSDKPinning */; };
		F4CBE3242821797A00B28220 /* DocumentServiceMock.swift in Sources */ = {isa = PBXBuildFile; fileRef = F4CBE3142821797A00B28220 /* DocumentServiceMock.swift */; };
		F4CBE3262821797A00B28220 /* GalleryCoordinatorDelegateTests.swift in Sources */ = {isa = PBXBuildFile; fileRef = F4CBE3162821797A00B28220 /* GalleryCoordinatorDelegateTests.swift */; };
		F4CBE3272821797A00B28220 /* AlbumsPickerViewControllerTests.swift in Sources */ = {isa = PBXBuildFile; fileRef = F4CBE3172821797A00B28220 /* AlbumsPickerViewControllerTests.swift */; };
		F4CBE3282821797A00B28220 /* ScreenAPICoordinatorTests.swift in Sources */ = {isa = PBXBuildFile; fileRef = F4CBE3182821797A00B28220 /* ScreenAPICoordinatorTests.swift */; };
		F4CBE3292821797A00B28220 /* ExtractionFeedbackIntegrationTest.swift in Sources */ = {isa = PBXBuildFile; fileRef = F4CBE3192821797A00B28220 /* ExtractionFeedbackIntegrationTest.swift */; };
		F4CBE32A2821797A00B28220 /* result_Gini_invoice_example.json in Resources */ = {isa = PBXBuildFile; fileRef = F4CBE31B2821797A00B28220 /* result_Gini_invoice_example.json */; };
		F4CBE32B2821797A00B28220 /* testPDF.pdf in Resources */ = {isa = PBXBuildFile; fileRef = F4CBE31C2821797A00B28220 /* testPDF.pdf */; };
		F4CBE32C2821797A00B28220 /* Gini_invoice_example.pdf in Resources */ = {isa = PBXBuildFile; fileRef = F4CBE31D2821797A00B28220 /* Gini_invoice_example.pdf */; };
		F4CBE32D2821797A00B28220 /* result_Gini_invoice_example_after_feedback.json in Resources */ = {isa = PBXBuildFile; fileRef = F4CBE31E2821797A00B28220 /* result_Gini_invoice_example_after_feedback.json */; };
		F4CBE32E2821797A00B28220 /* ComponentAPICoordinatorTests.swift in Sources */ = {isa = PBXBuildFile; fileRef = F4CBE31F2821797A00B28220 /* ComponentAPICoordinatorTests.swift */; };
		F4CBE32F2821797A00B28220 /* GalleryCoordinatorTests.swift in Sources */ = {isa = PBXBuildFile; fileRef = F4CBE3202821797A00B28220 /* GalleryCoordinatorTests.swift */; };
		F4CBE3302821797A00B28220 /* AlbumsPickerViewControllerDelegateTests.swift in Sources */ = {isa = PBXBuildFile; fileRef = F4CBE3212821797A00B28220 /* AlbumsPickerViewControllerDelegateTests.swift */; };
		F4CBE3312821797A00B28220 /* SettingsViewControllerTests.swift in Sources */ = {isa = PBXBuildFile; fileRef = F4CBE3222821797A00B28220 /* SettingsViewControllerTests.swift */; };
		F4CBE3322821797A00B28220 /* GalleryManagerTests.swift in Sources */ = {isa = PBXBuildFile; fileRef = F4CBE3232821797A00B28220 /* GalleryManagerTests.swift */; };
		F4CBE3662822AD1900B28220 /* result_Gini_invoice_example.json in Resources */ = {isa = PBXBuildFile; fileRef = F4CBE31B2821797A00B28220 /* result_Gini_invoice_example.json */; };
		F4CBE3672822AD1D00B28220 /* testPDF.pdf in Resources */ = {isa = PBXBuildFile; fileRef = F4CBE31C2821797A00B28220 /* testPDF.pdf */; };
		F4CBE3682822AD2100B28220 /* Gini_invoice_example.pdf in Resources */ = {isa = PBXBuildFile; fileRef = F4CBE31D2821797A00B28220 /* Gini_invoice_example.pdf */; };
		F4CBE3692822AD2400B28220 /* result_Gini_invoice_example_after_feedback.json in Resources */ = {isa = PBXBuildFile; fileRef = F4CBE31E2821797A00B28220 /* result_Gini_invoice_example_after_feedback.json */; };
		F4E561552686315100415EE8 /* Localizable.strings in Resources */ = {isa = PBXBuildFile; fileRef = F4E561572686315100415EE8 /* Localizable.strings */; };
/* End PBXBuildFile section */

/* Begin PBXContainerItemProxy section */
		F4CBE30E282178D900B28220 /* PBXContainerItemProxy */ = {
			isa = PBXContainerItemProxy;
			containerPortal = 607FACC81AFB9204008FA782 /* Project object */;
			proxyType = 1;
			remoteGlobalIDString = 607FACCF1AFB9204008FA782;
			remoteInfo = GiniCaptureSDKPinningExample;
		};
/* End PBXContainerItemProxy section */

/* Begin PBXFileReference section */
		0A5379301DF96DD300B0FFE9 /* GiniCapture_Example.entitlements */ = {isa = PBXFileReference; lastKnownFileType = text.plist.entitlements; path = GiniCapture_Example.entitlements; sourceTree = SOURCE_ROOT; };
		0A5DDCA51D9E6A5300EBDDCD /* Settings.bundle */ = {isa = PBXFileReference; lastKnownFileType = "wrapper.plug-in"; path = Settings.bundle; sourceTree = "<group>"; };
		0AAE6D491D6B6BC500EE9EDD /* NoResultViewController.swift */ = {isa = PBXFileReference; fileEncoding = 4; lastKnownFileType = sourcecode.swift; path = NoResultViewController.swift; sourceTree = "<group>"; };
		0AAE6D4B1D6B6C0B00EE9EDD /* ResultTableViewController.swift */ = {isa = PBXFileReference; fileEncoding = 4; lastKnownFileType = sourcecode.swift; path = ResultTableViewController.swift; sourceTree = "<group>"; };
		0AEACE091D6385F700052120 /* ComponentAPIDocumentServiceProtocol.swift */ = {isa = PBXFileReference; fileEncoding = 4; lastKnownFileType = sourcecode.swift; path = ComponentAPIDocumentServiceProtocol.swift; sourceTree = "<group>"; };
		1F1B913621F9BB8600EC2E60 /* de */ = {isa = PBXFileReference; lastKnownFileType = text.plist.strings; name = de; path = de.lproj/LaunchScreen.strings; sourceTree = "<group>"; };
		1F1B913721F9BB8600EC2E60 /* de */ = {isa = PBXFileReference; lastKnownFileType = text.plist.strings; name = de; path = de.lproj/Main.strings; sourceTree = "<group>"; };
		1F2E1A9C1FB4855000E1022A /* ComponentAPIOnboardingViewController.swift */ = {isa = PBXFileReference; fileEncoding = 4; lastKnownFileType = sourcecode.swift; path = ComponentAPIOnboardingViewController.swift; sourceTree = "<group>"; };
		1F2E1A9E1FB58E2200E1022A /* AppCoordinator.swift */ = {isa = PBXFileReference; lastKnownFileType = sourcecode.swift; path = AppCoordinator.swift; sourceTree = "<group>"; };
		1F2E1AA01FB58EC900E1022A /* Coordinator.swift */ = {isa = PBXFileReference; lastKnownFileType = sourcecode.swift; path = Coordinator.swift; sourceTree = "<group>"; };
		1F2E1AA21FB5AD5D00E1022A /* ScreenAPICoordinator.swift */ = {isa = PBXFileReference; lastKnownFileType = sourcecode.swift; path = ScreenAPICoordinator.swift; sourceTree = "<group>"; };
		1F53F50F1FE967C5009E2677 /* RootNavigationController.swift */ = {isa = PBXFileReference; lastKnownFileType = sourcecode.swift; path = RootNavigationController.swift; sourceTree = "<group>"; };
		1F578E101FBD7C7D00C17F62 /* SettingsViewController.swift */ = {isa = PBXFileReference; fileEncoding = 4; lastKnownFileType = sourcecode.swift; path = SettingsViewController.swift; sourceTree = "<group>"; };
		1F59756020A0A21A0012196B /* ComponentAPIDocumentsService.swift */ = {isa = PBXFileReference; lastKnownFileType = sourcecode.swift; path = ComponentAPIDocumentsService.swift; sourceTree = "<group>"; };
		1F59756220A0A24A0012196B /* PartialDocument.swift */ = {isa = PBXFileReference; lastKnownFileType = sourcecode.swift; path = PartialDocument.swift; sourceTree = "<group>"; };
		1F59756720A1C5C00012196B /* UIViewController.swift */ = {isa = PBXFileReference; lastKnownFileType = sourcecode.swift; path = UIViewController.swift; sourceTree = "<group>"; };
		1F9466C4203702E600F52B40 /* CredentialsManager.swift */ = {isa = PBXFileReference; lastKnownFileType = sourcecode.swift; path = CredentialsManager.swift; sourceTree = "<group>"; };
		1FA970372149409600B776B8 /* GiniCaptureSDKPinningExample.app */ = {isa = PBXFileReference; explicitFileType = wrapper.application; includeInIndex = 0; path = GiniCaptureSDKPinningExample.app; sourceTree = BUILT_PRODUCTS_DIR; };
		1FEEADA81F793F84005BA159 /* ComponentAPICoordinator.swift */ = {isa = PBXFileReference; lastKnownFileType = sourcecode.swift; path = ComponentAPICoordinator.swift; sourceTree = "<group>"; };
		1FF3A42020C6D20900081A32 /* Credentials.plist */ = {isa = PBXFileReference; fileEncoding = 4; lastKnownFileType = text.plist.xml; path = Credentials.plist; sourceTree = SOURCE_ROOT; };
		607FACD41AFB9204008FA782 /* Info.plist */ = {isa = PBXFileReference; lastKnownFileType = text.plist.xml; path = Info.plist; sourceTree = "<group>"; };
		607FACD51AFB9204008FA782 /* AppDelegate.swift */ = {isa = PBXFileReference; lastKnownFileType = sourcecode.swift; path = AppDelegate.swift; sourceTree = "<group>"; };
		607FACD71AFB9204008FA782 /* SelectAPIViewController.swift */ = {isa = PBXFileReference; lastKnownFileType = sourcecode.swift; path = SelectAPIViewController.swift; sourceTree = "<group>"; };
		607FACDA1AFB9204008FA782 /* Base */ = {isa = PBXFileReference; lastKnownFileType = file.storyboard; name = Base; path = Base.lproj/Main.storyboard; sourceTree = "<group>"; };
		607FACDC1AFB9204008FA782 /* Images.xcassets */ = {isa = PBXFileReference; lastKnownFileType = folder.assetcatalog; path = Images.xcassets; sourceTree = "<group>"; };
		607FACDF1AFB9204008FA782 /* Base */ = {isa = PBXFileReference; lastKnownFileType = file.xib; name = Base; path = Base.lproj/LaunchScreen.xib; sourceTree = "<group>"; };
		F40B4064252C9CC700D04B6F /* Credentials.plist */ = {isa = PBXFileReference; lastKnownFileType = text.plist.xml; path = Credentials.plist; sourceTree = "<group>"; };
		F47A8414273308EB00DDBF9C /* GiniBankAPILibrary */ = {isa = PBXFileReference; lastKnownFileType = folder; name = GiniBankAPILibrary; path = ../../BankAPILibrary/GiniBankAPILibrary; sourceTree = "<group>"; };
		F47A84152733091000DDBF9C /* GiniCaptureSDK */ = {isa = PBXFileReference; lastKnownFileType = folder; name = GiniCaptureSDK; path = ../GiniCaptureSDK; sourceTree = "<group>"; };
		F4BB7CED2695D66C003FD77E /* CustomMenuItemViewController.swift */ = {isa = PBXFileReference; lastKnownFileType = sourcecode.swift; path = CustomMenuItemViewController.swift; sourceTree = "<group>"; };
		F4BB7CEF2695D96B003FD77E /* CustomMenuItems.storyboard */ = {isa = PBXFileReference; lastKnownFileType = file.storyboard; path = CustomMenuItems.storyboard; sourceTree = "<group>"; };
		F4CBE2DF2820155500B28220 /* GiniCaptureSDKPinning */ = {isa = PBXFileReference; lastKnownFileType = wrapper; name = GiniCaptureSDKPinning; path = ../GiniCaptureSDKPinning; sourceTree = "<group>"; };
		F4CBE30A282178D900B28220 /* GiniCaptureSDKPinningExampleTests.xctest */ = {isa = PBXFileReference; explicitFileType = wrapper.cfbundle; includeInIndex = 0; path = GiniCaptureSDKPinningExampleTests.xctest; sourceTree = BUILT_PRODUCTS_DIR; };
		F4CBE3142821797A00B28220 /* DocumentServiceMock.swift */ = {isa = PBXFileReference; fileEncoding = 4; lastKnownFileType = sourcecode.swift; name = DocumentServiceMock.swift; path = Tests/DocumentServiceMock.swift; sourceTree = SOURCE_ROOT; };
		F4CBE3162821797A00B28220 /* GalleryCoordinatorDelegateTests.swift */ = {isa = PBXFileReference; fileEncoding = 4; lastKnownFileType = sourcecode.swift; name = GalleryCoordinatorDelegateTests.swift; path = Tests/GalleryCoordinatorDelegateTests.swift; sourceTree = SOURCE_ROOT; };
		F4CBE3172821797A00B28220 /* AlbumsPickerViewControllerTests.swift */ = {isa = PBXFileReference; fileEncoding = 4; lastKnownFileType = sourcecode.swift; name = AlbumsPickerViewControllerTests.swift; path = Tests/AlbumsPickerViewControllerTests.swift; sourceTree = SOURCE_ROOT; };
		F4CBE3182821797A00B28220 /* ScreenAPICoordinatorTests.swift */ = {isa = PBXFileReference; fileEncoding = 4; lastKnownFileType = sourcecode.swift; name = ScreenAPICoordinatorTests.swift; path = Tests/ScreenAPICoordinatorTests.swift; sourceTree = SOURCE_ROOT; };
		F4CBE3192821797A00B28220 /* ExtractionFeedbackIntegrationTest.swift */ = {isa = PBXFileReference; fileEncoding = 4; lastKnownFileType = sourcecode.swift; name = ExtractionFeedbackIntegrationTest.swift; path = Tests/ExtractionFeedbackIntegrationTest.swift; sourceTree = SOURCE_ROOT; };
		F4CBE31B2821797A00B28220 /* result_Gini_invoice_example.json */ = {isa = PBXFileReference; fileEncoding = 4; lastKnownFileType = text.json; path = result_Gini_invoice_example.json; sourceTree = "<group>"; };
		F4CBE31C2821797A00B28220 /* testPDF.pdf */ = {isa = PBXFileReference; lastKnownFileType = image.pdf; path = testPDF.pdf; sourceTree = "<group>"; };
		F4CBE31D2821797A00B28220 /* Gini_invoice_example.pdf */ = {isa = PBXFileReference; lastKnownFileType = image.pdf; path = Gini_invoice_example.pdf; sourceTree = "<group>"; };
		F4CBE31E2821797A00B28220 /* result_Gini_invoice_example_after_feedback.json */ = {isa = PBXFileReference; fileEncoding = 4; lastKnownFileType = text.json; path = result_Gini_invoice_example_after_feedback.json; sourceTree = "<group>"; };
		F4CBE31F2821797A00B28220 /* ComponentAPICoordinatorTests.swift */ = {isa = PBXFileReference; fileEncoding = 4; lastKnownFileType = sourcecode.swift; name = ComponentAPICoordinatorTests.swift; path = Tests/ComponentAPICoordinatorTests.swift; sourceTree = SOURCE_ROOT; };
		F4CBE3202821797A00B28220 /* GalleryCoordinatorTests.swift */ = {isa = PBXFileReference; fileEncoding = 4; lastKnownFileType = sourcecode.swift; name = GalleryCoordinatorTests.swift; path = Tests/GalleryCoordinatorTests.swift; sourceTree = SOURCE_ROOT; };
		F4CBE3212821797A00B28220 /* AlbumsPickerViewControllerDelegateTests.swift */ = {isa = PBXFileReference; fileEncoding = 4; lastKnownFileType = sourcecode.swift; name = AlbumsPickerViewControllerDelegateTests.swift; path = Tests/AlbumsPickerViewControllerDelegateTests.swift; sourceTree = SOURCE_ROOT; };
		F4CBE3222821797A00B28220 /* SettingsViewControllerTests.swift */ = {isa = PBXFileReference; fileEncoding = 4; lastKnownFileType = sourcecode.swift; name = SettingsViewControllerTests.swift; path = Tests/SettingsViewControllerTests.swift; sourceTree = SOURCE_ROOT; };
		F4CBE3232821797A00B28220 /* GalleryManagerTests.swift */ = {isa = PBXFileReference; fileEncoding = 4; lastKnownFileType = sourcecode.swift; name = GalleryManagerTests.swift; path = Tests/GalleryManagerTests.swift; sourceTree = SOURCE_ROOT; };
		F4E561562686315100415EE8 /* en */ = {isa = PBXFileReference; lastKnownFileType = text.plist.strings; name = en; path = en.lproj/Localizable.strings; sourceTree = "<group>"; };
		F4E561582686315300415EE8 /* de */ = {isa = PBXFileReference; lastKnownFileType = text.plist.strings; name = de; path = de.lproj/Localizable.strings; sourceTree = "<group>"; };
/* End PBXFileReference section */

/* Begin PBXFrameworksBuildPhase section */
		607FACCD1AFB9204008FA782 /* Frameworks */ = {
			isa = PBXFrameworksBuildPhase;
			buildActionMask = 2147483647;
			files = (
				F47A84172733093000DDBF9C /* GiniBankAPILibrary in Frameworks */,
				F4CBE2E3282015A500B28220 /* GiniCaptureSDKPinning in Frameworks */,
				F4CBE2E12820159300B28220 /* GiniBankAPILibraryPinning in Frameworks */,
				F47A84192733093800DDBF9C /* GiniCaptureSDK in Frameworks */,
			);
			runOnlyForDeploymentPostprocessing = 0;
		};
		F4CBE307282178D900B28220 /* Frameworks */ = {
			isa = PBXFrameworksBuildPhase;
			buildActionMask = 2147483647;
			files = (
			);
			runOnlyForDeploymentPostprocessing = 0;
		};
/* End PBXFrameworksBuildPhase section */

/* Begin PBXGroup section */
		1F1D3B0120A32EAC00F37632 /* Extensions */ = {
			isa = PBXGroup;
			children = (
				1F59756720A1C5C00012196B /* UIViewController.swift */,
			);
			name = Extensions;
			sourceTree = "<group>";
		};
		1F577530203C4EB40074FD63 /* Component API */ = {
			isa = PBXGroup;
			children = (
				1FEEADA81F793F84005BA159 /* ComponentAPICoordinator.swift */,
				1F2E1A9C1FB4855000E1022A /* ComponentAPIOnboardingViewController.swift */,
				0AEACE091D6385F700052120 /* ComponentAPIDocumentServiceProtocol.swift */,
				1F59756020A0A21A0012196B /* ComponentAPIDocumentsService.swift */,
				1F59756220A0A24A0012196B /* PartialDocument.swift */,
			);
			name = "Component API";
			sourceTree = "<group>";
		};
		1F577531203C4EEE0074FD63 /* Screen API */ = {
			isa = PBXGroup;
			children = (
				1F2E1AA21FB5AD5D00E1022A /* ScreenAPICoordinator.swift */,
				1F53F50F1FE967C5009E2677 /* RootNavigationController.swift */,
			);
			name = "Screen API";
			sourceTree = "<group>";
		};
		607FACC71AFB9204008FA782 = {
			isa = PBXGroup;
			children = (
				F4B62C1D27314B2800C607D4 /* Packages */,
				F40B4064252C9CC700D04B6F /* Credentials.plist */,
				0A5379301DF96DD300B0FFE9 /* GiniCapture_Example.entitlements */,
				607FACD21AFB9204008FA782 /* Example Swift */,
				1FA970372149409600B776B8 /* GiniCaptureSDKPinningExample.app */,
				F4CBE30B282178D900B28220 /* GiniCaptureSDKPinningExampleTests */,
				F4B62C2027314B4C00C607D4 /* Frameworks */,
				F4CBE30A282178D900B28220 /* GiniCaptureSDKPinningExampleTests.xctest */,
			);
			sourceTree = "<group>";
		};
		607FACD21AFB9204008FA782 /* Example Swift */ = {
			isa = PBXGroup;
			children = (
				1F2E1A9E1FB58E2200E1022A /* AppCoordinator.swift */,
				F4BB7CED2695D66C003FD77E /* CustomMenuItemViewController.swift */,
				F4BB7CEF2695D96B003FD77E /* CustomMenuItems.storyboard */,
				607FACD51AFB9204008FA782 /* AppDelegate.swift */,
				1F2E1AA01FB58EC900E1022A /* Coordinator.swift */,
				1F9466C4203702E600F52B40 /* CredentialsManager.swift */,
				0AAE6D491D6B6BC500EE9EDD /* NoResultViewController.swift */,
				0AAE6D4B1D6B6C0B00EE9EDD /* ResultTableViewController.swift */,
				607FACD71AFB9204008FA782 /* SelectAPIViewController.swift */,
				1F578E101FBD7C7D00C17F62 /* SettingsViewController.swift */,
				1F577530203C4EB40074FD63 /* Component API */,
				1F1D3B0120A32EAC00F37632 /* Extensions */,
				607FACDE1AFB9204008FA782 /* LaunchScreen.xib */,
				607FACD91AFB9204008FA782 /* Main.storyboard */,
				1F577531203C4EEE0074FD63 /* Screen API */,
				607FACD31AFB9204008FA782 /* Supporting Files */,
			);
			path = "Example Swift";
			sourceTree = "<group>";
		};
		607FACD31AFB9204008FA782 /* Supporting Files */ = {
			isa = PBXGroup;
			children = (
				1FF3A42020C6D20900081A32 /* Credentials.plist */,
				607FACDC1AFB9204008FA782 /* Images.xcassets */,
				0A5DDCA51D9E6A5300EBDDCD /* Settings.bundle */,
				F4E561572686315100415EE8 /* Localizable.strings */,
				607FACD41AFB9204008FA782 /* Info.plist */,
			);
			name = "Supporting Files";
			sourceTree = "<group>";
		};
		F4B62C1D27314B2800C607D4 /* Packages */ = {
			isa = PBXGroup;
			children = (
				F47A8414273308EB00DDBF9C /* GiniBankAPILibrary */,
				F47A84152733091000DDBF9C /* GiniCaptureSDK */,
				F4CBE2DF2820155500B28220 /* GiniCaptureSDKPinning */,
			);
			name = Packages;
			sourceTree = "<group>";
		};
		F4B62C2027314B4C00C607D4 /* Frameworks */ = {
			isa = PBXGroup;
			children = (
			);
			name = Frameworks;
			sourceTree = "<group>";
		};
		F4CBE30B282178D900B28220 /* GiniCaptureSDKPinningExampleTests */ = {
			isa = PBXGroup;
			children = (
				F4CBE3212821797A00B28220 /* AlbumsPickerViewControllerDelegateTests.swift */,
				F4CBE3172821797A00B28220 /* AlbumsPickerViewControllerTests.swift */,
				F4CBE31F2821797A00B28220 /* ComponentAPICoordinatorTests.swift */,
				F4CBE3142821797A00B28220 /* DocumentServiceMock.swift */,
				F4CBE3192821797A00B28220 /* ExtractionFeedbackIntegrationTest.swift */,
				F4CBE3162821797A00B28220 /* GalleryCoordinatorDelegateTests.swift */,
				F4CBE3202821797A00B28220 /* GalleryCoordinatorTests.swift */,
				F4CBE3232821797A00B28220 /* GalleryManagerTests.swift */,
				F4CBE31A2821797A00B28220 /* Resources */,
				F4CBE3182821797A00B28220 /* ScreenAPICoordinatorTests.swift */,
				F4CBE3222821797A00B28220 /* SettingsViewControllerTests.swift */,
			);
			path = GiniCaptureSDKPinningExampleTests;
			sourceTree = "<group>";
		};
		F4CBE31A2821797A00B28220 /* Resources */ = {
			isa = PBXGroup;
			children = (
				F4CBE31B2821797A00B28220 /* result_Gini_invoice_example.json */,
				F4CBE31C2821797A00B28220 /* testPDF.pdf */,
				F4CBE31D2821797A00B28220 /* Gini_invoice_example.pdf */,
				F4CBE31E2821797A00B28220 /* result_Gini_invoice_example_after_feedback.json */,
			);
			name = Resources;
			path = Tests/Resources;
			sourceTree = SOURCE_ROOT;
		};
/* End PBXGroup section */

/* Begin PBXNativeTarget section */
		607FACCF1AFB9204008FA782 /* GiniCaptureSDKPinningExample */ = {
			isa = PBXNativeTarget;
			buildConfigurationList = 607FACEF1AFB9204008FA782 /* Build configuration list for PBXNativeTarget "GiniCaptureSDKPinningExample" */;
			buildPhases = (
				607FACCC1AFB9204008FA782 /* Sources */,
				607FACCD1AFB9204008FA782 /* Frameworks */,
				607FACCE1AFB9204008FA782 /* Resources */,
				1FE5C1321FD582370086AA08 /* Swiftlint */,
			);
			buildRules = (
			);
			dependencies = (
			);
			name = GiniCaptureSDKPinningExample;
			packageProductDependencies = (
				F47A84162733093000DDBF9C /* GiniBankAPILibrary */,
				F47A84182733093800DDBF9C /* GiniCaptureSDK */,
				F4CBE2E02820159300B28220 /* GiniBankAPILibraryPinning */,
				F4CBE2E2282015A500B28220 /* GiniCaptureSDKPinning */,
			);
			productName = GiniVision;
			productReference = 1FA970372149409600B776B8 /* GiniCaptureSDKPinningExample.app */;
			productType = "com.apple.product-type.application";
		};
		F4CBE309282178D900B28220 /* GiniCaptureSDKPinningExampleTests */ = {
			isa = PBXNativeTarget;
			buildConfigurationList = F4CBE313282178D900B28220 /* Build configuration list for PBXNativeTarget "GiniCaptureSDKPinningExampleTests" */;
			buildPhases = (
				F4CBE306282178D900B28220 /* Sources */,
				F4CBE307282178D900B28220 /* Frameworks */,
				F4CBE308282178D900B28220 /* Resources */,
			);
			buildRules = (
			);
			dependencies = (
				F4CBE30F282178D900B28220 /* PBXTargetDependency */,
			);
			name = GiniCaptureSDKPinningExampleTests;
			productName = GiniCaptureSDKPinningExampleTests;
			productReference = F4CBE30A282178D900B28220 /* GiniCaptureSDKPinningExampleTests.xctest */;
			productType = "com.apple.product-type.bundle.unit-test";
		};
/* End PBXNativeTarget section */

/* Begin PBXProject section */
		607FACC81AFB9204008FA782 /* Project object */ = {
			isa = PBXProject;
			attributes = {
				LastSwiftUpdateCheck = 1330;
				LastUpgradeCheck = 1230;
				ORGANIZATIONNAME = "Gini GmbH";
				TargetAttributes = {
					607FACCF1AFB9204008FA782 = {
						CreatedOnToolsVersion = 6.3.1;
						DevelopmentTeam = BQY9KX4V88;
						LastSwiftMigration = 1020;
						SystemCapabilities = {
							com.apple.Keychain = {
								enabled = 1;
							};
							com.apple.iCloud = {
								enabled = 1;
							};
						};
					};
					F4CBE309282178D900B28220 = {
						CreatedOnToolsVersion = 13.3.1;
						TestTargetID = 607FACCF1AFB9204008FA782;
					};
				};
			};
			buildConfigurationList = 607FACCB1AFB9204008FA782 /* Build configuration list for PBXProject "GiniCaptureSDKPinningExample" */;
			compatibilityVersion = "Xcode 3.2";
			developmentRegion = en;
			hasScannedForEncodings = 0;
			knownRegions = (
				en,
				Base,
				de,
			);
			mainGroup = 607FACC71AFB9204008FA782;
			productRefGroup = 607FACC71AFB9204008FA782;
			projectDirPath = "";
			projectRoot = "";
			targets = (
				607FACCF1AFB9204008FA782 /* GiniCaptureSDKPinningExample */,
				F4CBE309282178D900B28220 /* GiniCaptureSDKPinningExampleTests */,
			);
		};
/* End PBXProject section */

/* Begin PBXResourcesBuildPhase section */
		607FACCE1AFB9204008FA782 /* Resources */ = {
			isa = PBXResourcesBuildPhase;
			buildActionMask = 2147483647;
			files = (
				F4CBE3672822AD1D00B28220 /* testPDF.pdf in Resources */,
				F4CBE3662822AD1900B28220 /* result_Gini_invoice_example.json in Resources */,
				1F195A3320C7C69A008EE2A3 /* Credentials.plist in Resources */,
				607FACDB1AFB9204008FA782 /* Main.storyboard in Resources */,
				F4E561552686315100415EE8 /* Localizable.strings in Resources */,
				F4BB7CF02695D96B003FD77E /* CustomMenuItems.storyboard in Resources */,
				607FACE01AFB9204008FA782 /* LaunchScreen.xib in Resources */,
				607FACDD1AFB9204008FA782 /* Images.xcassets in Resources */,
				F4CBE3682822AD2100B28220 /* Gini_invoice_example.pdf in Resources */,
				F4CBE3692822AD2400B28220 /* result_Gini_invoice_example_after_feedback.json in Resources */,
				0A5DDCA61D9E6A5300EBDDCD /* Settings.bundle in Resources */,
			);
			runOnlyForDeploymentPostprocessing = 0;
		};
		F4CBE308282178D900B28220 /* Resources */ = {
			isa = PBXResourcesBuildPhase;
			buildActionMask = 2147483647;
			files = (
				F4CBE32B2821797A00B28220 /* testPDF.pdf in Resources */,
				F4CBE32A2821797A00B28220 /* result_Gini_invoice_example.json in Resources */,
				F4CBE32C2821797A00B28220 /* Gini_invoice_example.pdf in Resources */,
				F4CBE32D2821797A00B28220 /* result_Gini_invoice_example_after_feedback.json in Resources */,
			);
			runOnlyForDeploymentPostprocessing = 0;
		};
/* End PBXResourcesBuildPhase section */

/* Begin PBXShellScriptBuildPhase section */
		1FE5C1321FD582370086AA08 /* Swiftlint */ = {
			isa = PBXShellScriptBuildPhase;
			buildActionMask = 2147483647;
			files = (
			);
			inputPaths = (
			);
			name = Swiftlint;
			outputPaths = (
			);
			runOnlyForDeploymentPostprocessing = 0;
			shellPath = /bin/sh;
			shellScript = "if which swiftlint >/dev/null; then\nswiftlint\nelse\necho \"warning: SwiftLint not installed, download from https://github.com/realm/SwiftLint\"\nfi\n";
		};
/* End PBXShellScriptBuildPhase section */

/* Begin PBXSourcesBuildPhase section */
		607FACCC1AFB9204008FA782 /* Sources */ = {
			isa = PBXSourcesBuildPhase;
			buildActionMask = 2147483647;
			files = (
				1F59756320A0A24A0012196B /* PartialDocument.swift in Sources */,
				1F53F5101FE967C5009E2677 /* RootNavigationController.swift in Sources */,
				F4BB7CEE2695D66C003FD77E /* CustomMenuItemViewController.swift in Sources */,
				1F59756820A1C5C00012196B /* UIViewController.swift in Sources */,
				1F59756120A0A21A0012196B /* ComponentAPIDocumentsService.swift in Sources */,
				1F2E1AA11FB58EC900E1022A /* Coordinator.swift in Sources */,
				1F2E1AA31FB5AD5D00E1022A /* ScreenAPICoordinator.swift in Sources */,
				1F9466C5203702E600F52B40 /* CredentialsManager.swift in Sources */,
				0AEACE0A1D6385F700052120 /* ComponentAPIDocumentServiceProtocol.swift in Sources */,
				607FACD81AFB9204008FA782 /* SelectAPIViewController.swift in Sources */,
				1F2E1A9F1FB58E2200E1022A /* AppCoordinator.swift in Sources */,
				1F578E111FBD7C7D00C17F62 /* SettingsViewController.swift in Sources */,
				0AAE6D4A1D6B6BC500EE9EDD /* NoResultViewController.swift in Sources */,
				0AAE6D4C1D6B6C0B00EE9EDD /* ResultTableViewController.swift in Sources */,
				1F2E1A9D1FB4855000E1022A /* ComponentAPIOnboardingViewController.swift in Sources */,
				1FEEADA91F793F84005BA159 /* ComponentAPICoordinator.swift in Sources */,
				607FACD61AFB9204008FA782 /* AppDelegate.swift in Sources */,
			);
			runOnlyForDeploymentPostprocessing = 0;
		};
		F4CBE306282178D900B28220 /* Sources */ = {
			isa = PBXSourcesBuildPhase;
			buildActionMask = 2147483647;
			files = (
				F4CBE3302821797A00B28220 /* AlbumsPickerViewControllerDelegateTests.swift in Sources */,
				F4CBE32E2821797A00B28220 /* ComponentAPICoordinatorTests.swift in Sources */,
				F4CBE3272821797A00B28220 /* AlbumsPickerViewControllerTests.swift in Sources */,
				F4CBE3322821797A00B28220 /* GalleryManagerTests.swift in Sources */,
				F4CBE3242821797A00B28220 /* DocumentServiceMock.swift in Sources */,
				F4CBE3292821797A00B28220 /* ExtractionFeedbackIntegrationTest.swift in Sources */,
				F4CBE3312821797A00B28220 /* SettingsViewControllerTests.swift in Sources */,
				F4CBE3262821797A00B28220 /* GalleryCoordinatorDelegateTests.swift in Sources */,
				F4CBE3282821797A00B28220 /* ScreenAPICoordinatorTests.swift in Sources */,
				F4CBE32F2821797A00B28220 /* GalleryCoordinatorTests.swift in Sources */,
			);
			runOnlyForDeploymentPostprocessing = 0;
		};
/* End PBXSourcesBuildPhase section */

/* Begin PBXTargetDependency section */
		F4CBE30F282178D900B28220 /* PBXTargetDependency */ = {
			isa = PBXTargetDependency;
			target = 607FACCF1AFB9204008FA782 /* GiniCaptureSDKPinningExample */;
			targetProxy = F4CBE30E282178D900B28220 /* PBXContainerItemProxy */;
		};
/* End PBXTargetDependency section */

/* Begin PBXVariantGroup section */
		607FACD91AFB9204008FA782 /* Main.storyboard */ = {
			isa = PBXVariantGroup;
			children = (
				607FACDA1AFB9204008FA782 /* Base */,
				1F1B913721F9BB8600EC2E60 /* de */,
			);
			name = Main.storyboard;
			sourceTree = "<group>";
		};
		607FACDE1AFB9204008FA782 /* LaunchScreen.xib */ = {
			isa = PBXVariantGroup;
			children = (
				607FACDF1AFB9204008FA782 /* Base */,
				1F1B913621F9BB8600EC2E60 /* de */,
			);
			name = LaunchScreen.xib;
			sourceTree = "<group>";
		};
		F4E561572686315100415EE8 /* Localizable.strings */ = {
			isa = PBXVariantGroup;
			children = (
				F4E561562686315100415EE8 /* en */,
				F4E561582686315300415EE8 /* de */,
			);
			name = Localizable.strings;
			sourceTree = "<group>";
		};
/* End PBXVariantGroup section */

/* Begin XCBuildConfiguration section */
		0A3275871D5349F5003959E4 /* Release */ = {
			isa = XCBuildConfiguration;
			buildSettings = {
				ALWAYS_SEARCH_USER_PATHS = NO;
				CLANG_ANALYZER_LOCALIZABILITY_NONLOCALIZED = YES;
				CLANG_CXX_LANGUAGE_STANDARD = "gnu++0x";
				CLANG_CXX_LIBRARY = "libc++";
				CLANG_ENABLE_MODULES = YES;
				CLANG_ENABLE_OBJC_ARC = YES;
				CLANG_WARN_BLOCK_CAPTURE_AUTORELEASING = YES;
				CLANG_WARN_BOOL_CONVERSION = YES;
				CLANG_WARN_COMMA = YES;
				CLANG_WARN_CONSTANT_CONVERSION = YES;
				CLANG_WARN_DEPRECATED_OBJC_IMPLEMENTATIONS = YES;
				CLANG_WARN_DIRECT_OBJC_ISA_USAGE = YES_ERROR;
				CLANG_WARN_EMPTY_BODY = YES;
				CLANG_WARN_ENUM_CONVERSION = YES;
				CLANG_WARN_INFINITE_RECURSION = YES;
				CLANG_WARN_INT_CONVERSION = YES;
				CLANG_WARN_NON_LITERAL_NULL_CONVERSION = YES;
				CLANG_WARN_OBJC_IMPLICIT_RETAIN_SELF = YES;
				CLANG_WARN_OBJC_LITERAL_CONVERSION = YES;
				CLANG_WARN_OBJC_ROOT_CLASS = YES_ERROR;
				CLANG_WARN_RANGE_LOOP_ANALYSIS = YES;
				CLANG_WARN_STRICT_PROTOTYPES = YES;
				CLANG_WARN_SUSPICIOUS_MOVE = YES;
				CLANG_WARN_UNREACHABLE_CODE = YES;
				CLANG_WARN__DUPLICATE_METHOD_MATCH = YES;
				"CODE_SIGN_IDENTITY[sdk=iphoneos*]" = "iPhone Developer";
				COPY_PHASE_STRIP = NO;
				DEBUG_INFORMATION_FORMAT = "dwarf-with-dsym";
				ENABLE_NS_ASSERTIONS = NO;
				ENABLE_STRICT_OBJC_MSGSEND = YES;
				ENABLE_TESTING_SEARCH_PATHS = YES;
				GCC_C_LANGUAGE_STANDARD = gnu99;
				GCC_NO_COMMON_BLOCKS = YES;
				GCC_WARN_64_TO_32_BIT_CONVERSION = YES;
				GCC_WARN_ABOUT_RETURN_TYPE = YES_ERROR;
				GCC_WARN_UNDECLARED_SELECTOR = YES;
				GCC_WARN_UNINITIALIZED_AUTOS = YES_AGGRESSIVE;
				GCC_WARN_UNUSED_FUNCTION = YES;
				GCC_WARN_UNUSED_VARIABLE = YES;
				IPHONEOS_DEPLOYMENT_TARGET = 12.0;
				MTL_ENABLE_DEBUG_INFO = NO;
				SDKROOT = iphoneos;
				SWIFT_COMPILATION_MODE = wholemodule;
				SWIFT_OBJC_BRIDGING_HEADER = "";
				SWIFT_OPTIMIZATION_LEVEL = "-O";
				SWIFT_PRECOMPILE_BRIDGING_HEADER = NO;
				SWIFT_VERSION = 5.0;
				VALIDATE_PRODUCT = YES;
			};
			name = Release;
		};
		0A3275881D5349F5003959E4 /* Release */ = {
			isa = XCBuildConfiguration;
			buildSettings = {
				ASSETCATALOG_COMPILER_APPICON_NAME = AppIcon;
				CLANG_ENABLE_MODULES = YES;
				CODE_SIGN_ENTITLEMENTS = GiniCapture_Example.entitlements;
				CODE_SIGN_IDENTITY = "Apple Development";
				"CODE_SIGN_IDENTITY[sdk=iphoneos*]" = "iPhone Developer";
				CODE_SIGN_STYLE = Automatic;
				CURRENT_PROJECT_VERSION = 1;
				DEVELOPMENT_TEAM = BQY9KX4V88;
				INFOPLIST_FILE = "$(SRCROOT)/Example Swift/Info.plist";
				IPHONEOS_DEPLOYMENT_TARGET = 12.0;
				LD_RUNPATH_SEARCH_PATHS = (
					"$(inherited)",
					"@executable_path/Frameworks",
				);
				MARKETING_VERSION = 1.0.7;
				MODULE_NAME = ExampleApp;
				PRODUCT_BUNDLE_IDENTIFIER = net.gini.ios.ginicapture.release;
				PRODUCT_NAME = "$(TARGET_NAME)";
				PROVISIONING_PROFILE_SPECIFIER = "";
				SWIFT_OBJC_BRIDGING_HEADER = "";
				SWIFT_VERSION = 5.0;
				TARGETED_DEVICE_FAMILY = "1,2";
			};
			name = Release;
		};
		607FACED1AFB9204008FA782 /* Debug */ = {
			isa = XCBuildConfiguration;
			buildSettings = {
				ALWAYS_SEARCH_USER_PATHS = NO;
				CLANG_ANALYZER_LOCALIZABILITY_NONLOCALIZED = YES;
				CLANG_CXX_LANGUAGE_STANDARD = "gnu++0x";
				CLANG_CXX_LIBRARY = "libc++";
				CLANG_ENABLE_MODULES = YES;
				CLANG_ENABLE_OBJC_ARC = YES;
				CLANG_WARN_BLOCK_CAPTURE_AUTORELEASING = YES;
				CLANG_WARN_BOOL_CONVERSION = YES;
				CLANG_WARN_COMMA = YES;
				CLANG_WARN_CONSTANT_CONVERSION = YES;
				CLANG_WARN_DEPRECATED_OBJC_IMPLEMENTATIONS = YES;
				CLANG_WARN_DIRECT_OBJC_ISA_USAGE = YES_ERROR;
				CLANG_WARN_EMPTY_BODY = YES;
				CLANG_WARN_ENUM_CONVERSION = YES;
				CLANG_WARN_INFINITE_RECURSION = YES;
				CLANG_WARN_INT_CONVERSION = YES;
				CLANG_WARN_NON_LITERAL_NULL_CONVERSION = YES;
				CLANG_WARN_OBJC_IMPLICIT_RETAIN_SELF = YES;
				CLANG_WARN_OBJC_LITERAL_CONVERSION = YES;
				CLANG_WARN_OBJC_ROOT_CLASS = YES_ERROR;
				CLANG_WARN_RANGE_LOOP_ANALYSIS = YES;
				CLANG_WARN_STRICT_PROTOTYPES = YES;
				CLANG_WARN_SUSPICIOUS_MOVE = YES;
				CLANG_WARN_UNREACHABLE_CODE = YES;
				CLANG_WARN__DUPLICATE_METHOD_MATCH = YES;
				"CODE_SIGN_IDENTITY[sdk=iphoneos*]" = "iPhone Developer";
				COPY_PHASE_STRIP = NO;
				DEBUG_INFORMATION_FORMAT = "dwarf-with-dsym";
				ENABLE_STRICT_OBJC_MSGSEND = YES;
				ENABLE_TESTABILITY = YES;
				ENABLE_TESTING_SEARCH_PATHS = YES;
				GCC_C_LANGUAGE_STANDARD = gnu99;
				GCC_DYNAMIC_NO_PIC = NO;
				GCC_NO_COMMON_BLOCKS = YES;
				GCC_OPTIMIZATION_LEVEL = 0;
				GCC_PREPROCESSOR_DEFINITIONS = (
					"DEBUG=1",
					"$(inherited)",
				);
				GCC_SYMBOLS_PRIVATE_EXTERN = NO;
				GCC_WARN_64_TO_32_BIT_CONVERSION = YES;
				GCC_WARN_ABOUT_RETURN_TYPE = YES_ERROR;
				GCC_WARN_UNDECLARED_SELECTOR = YES;
				GCC_WARN_UNINITIALIZED_AUTOS = YES_AGGRESSIVE;
				GCC_WARN_UNUSED_FUNCTION = YES;
				GCC_WARN_UNUSED_VARIABLE = YES;
				IPHONEOS_DEPLOYMENT_TARGET = 12.0;
				MTL_ENABLE_DEBUG_INFO = YES;
				ONLY_ACTIVE_ARCH = YES;
				SDKROOT = iphoneos;
				SWIFT_OBJC_BRIDGING_HEADER = "";
				SWIFT_OPTIMIZATION_LEVEL = "-Onone";
				SWIFT_PRECOMPILE_BRIDGING_HEADER = NO;
				SWIFT_VERSION = 5.0;
			};
			name = Debug;
		};
		607FACEE1AFB9204008FA782 /* In House */ = {
			isa = XCBuildConfiguration;
			buildSettings = {
				ALWAYS_SEARCH_USER_PATHS = NO;
				CLANG_ANALYZER_LOCALIZABILITY_NONLOCALIZED = YES;
				CLANG_CXX_LANGUAGE_STANDARD = "gnu++0x";
				CLANG_CXX_LIBRARY = "libc++";
				CLANG_ENABLE_MODULES = YES;
				CLANG_ENABLE_OBJC_ARC = YES;
				CLANG_WARN_BLOCK_CAPTURE_AUTORELEASING = YES;
				CLANG_WARN_BOOL_CONVERSION = YES;
				CLANG_WARN_COMMA = YES;
				CLANG_WARN_CONSTANT_CONVERSION = YES;
				CLANG_WARN_DEPRECATED_OBJC_IMPLEMENTATIONS = YES;
				CLANG_WARN_DIRECT_OBJC_ISA_USAGE = YES_ERROR;
				CLANG_WARN_EMPTY_BODY = YES;
				CLANG_WARN_ENUM_CONVERSION = YES;
				CLANG_WARN_INFINITE_RECURSION = YES;
				CLANG_WARN_INT_CONVERSION = YES;
				CLANG_WARN_NON_LITERAL_NULL_CONVERSION = YES;
				CLANG_WARN_OBJC_IMPLICIT_RETAIN_SELF = YES;
				CLANG_WARN_OBJC_LITERAL_CONVERSION = YES;
				CLANG_WARN_OBJC_ROOT_CLASS = YES_ERROR;
				CLANG_WARN_RANGE_LOOP_ANALYSIS = YES;
				CLANG_WARN_STRICT_PROTOTYPES = YES;
				CLANG_WARN_SUSPICIOUS_MOVE = YES;
				CLANG_WARN_UNREACHABLE_CODE = YES;
				CLANG_WARN__DUPLICATE_METHOD_MATCH = YES;
				"CODE_SIGN_IDENTITY[sdk=iphoneos*]" = "iPhone Developer";
				COPY_PHASE_STRIP = NO;
				DEBUG_INFORMATION_FORMAT = "dwarf-with-dsym";
				ENABLE_NS_ASSERTIONS = NO;
				ENABLE_STRICT_OBJC_MSGSEND = YES;
				ENABLE_TESTING_SEARCH_PATHS = YES;
				GCC_C_LANGUAGE_STANDARD = gnu99;
				GCC_NO_COMMON_BLOCKS = YES;
				GCC_WARN_64_TO_32_BIT_CONVERSION = YES;
				GCC_WARN_ABOUT_RETURN_TYPE = YES_ERROR;
				GCC_WARN_UNDECLARED_SELECTOR = YES;
				GCC_WARN_UNINITIALIZED_AUTOS = YES_AGGRESSIVE;
				GCC_WARN_UNUSED_FUNCTION = YES;
				GCC_WARN_UNUSED_VARIABLE = YES;
				IPHONEOS_DEPLOYMENT_TARGET = 12.0;
				MTL_ENABLE_DEBUG_INFO = NO;
				SDKROOT = iphoneos;
				SWIFT_OBJC_BRIDGING_HEADER = "";
				SWIFT_PRECOMPILE_BRIDGING_HEADER = NO;
				SWIFT_VERSION = 5.0;
				VALIDATE_PRODUCT = YES;
			};
			name = "In House";
		};
		607FACF01AFB9204008FA782 /* Debug */ = {
			isa = XCBuildConfiguration;
			buildSettings = {
				ASSETCATALOG_COMPILER_APPICON_NAME = AppIcon;
				CLANG_ENABLE_MODULES = YES;
				CODE_SIGN_ENTITLEMENTS = GiniCapture_Example.entitlements;
				CODE_SIGN_IDENTITY = "iPhone Developer";
				"CODE_SIGN_IDENTITY[sdk=iphoneos*]" = "iPhone Developer";
				CURRENT_PROJECT_VERSION = 1;
				DEVELOPMENT_TEAM = BQY9KX4V88;
				INFOPLIST_FILE = "$(SRCROOT)/Example Swift/Info.plist";
				IPHONEOS_DEPLOYMENT_TARGET = 12.0;
				LD_RUNPATH_SEARCH_PATHS = (
					"$(inherited)",
					"@executable_path/Frameworks",
				);
				MARKETING_VERSION = 1.0.7;
				MODULE_NAME = ExampleApp;
				OTHER_SWIFT_FLAGS = "$(inherited) \"-D\" \"COCOAPODS\" -DDEBUG";
				PRODUCT_BUNDLE_IDENTIFIER = net.gini.ios.ginicapturepinning.dev;
				PRODUCT_NAME = "$(TARGET_NAME)";
				PROVISIONING_PROFILE = "";
				PROVISIONING_PROFILE_SPECIFIER = "";
				SWIFT_OBJC_BRIDGING_HEADER = "";
				SWIFT_OPTIMIZATION_LEVEL = "-Onone";
				SWIFT_VERSION = 5.0;
				TARGETED_DEVICE_FAMILY = "1,2";
			};
			name = Debug;
		};
		607FACF11AFB9204008FA782 /* In House */ = {
			isa = XCBuildConfiguration;
			buildSettings = {
				ASSETCATALOG_COMPILER_APPICON_NAME = AppIcon;
				CLANG_ENABLE_MODULES = YES;
				CODE_SIGN_ENTITLEMENTS = GiniCapture_Example.entitlements;
				CODE_SIGN_IDENTITY = "iPhone Developer";
				"CODE_SIGN_IDENTITY[sdk=iphoneos*]" = "iPhone Developer";
				CURRENT_PROJECT_VERSION = 1;
				DEVELOPMENT_TEAM = BQY9KX4V88;
				INFOPLIST_FILE = "$(SRCROOT)/Example Swift/Info.plist";
				IPHONEOS_DEPLOYMENT_TARGET = 12.0;
				LD_RUNPATH_SEARCH_PATHS = (
					"$(inherited)",
					"@executable_path/Frameworks",
				);
				MARKETING_VERSION = 1.0.7;
				MODULE_NAME = ExampleApp;
				PRODUCT_BUNDLE_IDENTIFIER = "net.gini.ios.ginicapture.in-house";
				PRODUCT_NAME = "$(TARGET_NAME)";
				PROVISIONING_PROFILE = "";
				PROVISIONING_PROFILE_SPECIFIER = "";
				SWIFT_OBJC_BRIDGING_HEADER = "";
				SWIFT_VERSION = 5.0;
				TARGETED_DEVICE_FAMILY = "1,2";
			};
			name = "In House";
		};
		F4CBE310282178D900B28220 /* Debug */ = {
			isa = XCBuildConfiguration;
			buildSettings = {
				BUNDLE_LOADER = "$(TEST_HOST)";
				CLANG_ANALYZER_NONNULL = YES;
				CLANG_ANALYZER_NUMBER_OBJECT_CONVERSION = YES_AGGRESSIVE;
				CLANG_CXX_LANGUAGE_STANDARD = "gnu++17";
				CLANG_ENABLE_OBJC_WEAK = YES;
				CLANG_WARN_DOCUMENTATION_COMMENTS = YES;
				CLANG_WARN_QUOTED_INCLUDE_IN_FRAMEWORK_HEADER = YES;
				CLANG_WARN_UNGUARDED_AVAILABILITY = YES_AGGRESSIVE;
				CODE_SIGN_STYLE = Automatic;
				CURRENT_PROJECT_VERSION = 1;
				DEBUG_INFORMATION_FORMAT = dwarf;
				DEVELOPMENT_TEAM = BQY9KX4V88;
				GCC_C_LANGUAGE_STANDARD = gnu11;
				GENERATE_INFOPLIST_FILE = YES;
				IPHONEOS_DEPLOYMENT_TARGET = 12.0;
				MARKETING_VERSION = 1.0;
				MTL_ENABLE_DEBUG_INFO = INCLUDE_SOURCE;
				MTL_FAST_MATH = YES;
				PRODUCT_BUNDLE_IDENTIFIER = net.gini.banksdknav.GiniCaptureSDKPinningExampleTests;
				PRODUCT_NAME = "$(TARGET_NAME)";
				SWIFT_ACTIVE_COMPILATION_CONDITIONS = DEBUG;
				SWIFT_EMIT_LOC_STRINGS = NO;
				SWIFT_VERSION = 5.0;
				TARGETED_DEVICE_FAMILY = "1,2";
				TEST_HOST = "$(BUILT_PRODUCTS_DIR)/GiniCaptureSDKPinningExample.app/GiniCaptureSDKPinningExample";
			};
			name = Debug;
		};
		F4CBE311282178D900B28220 /* In House */ = {
			isa = XCBuildConfiguration;
			buildSettings = {
				BUNDLE_LOADER = "$(TEST_HOST)";
				CLANG_ANALYZER_NONNULL = YES;
				CLANG_ANALYZER_NUMBER_OBJECT_CONVERSION = YES_AGGRESSIVE;
				CLANG_CXX_LANGUAGE_STANDARD = "gnu++17";
				CLANG_ENABLE_OBJC_WEAK = YES;
				CLANG_WARN_DOCUMENTATION_COMMENTS = YES;
				CLANG_WARN_QUOTED_INCLUDE_IN_FRAMEWORK_HEADER = YES;
				CLANG_WARN_UNGUARDED_AVAILABILITY = YES_AGGRESSIVE;
				CODE_SIGN_STYLE = Automatic;
				CURRENT_PROJECT_VERSION = 1;
				DEVELOPMENT_TEAM = BQY9KX4V88;
				GCC_C_LANGUAGE_STANDARD = gnu11;
				GENERATE_INFOPLIST_FILE = YES;
				IPHONEOS_DEPLOYMENT_TARGET = 12.0;
				MARKETING_VERSION = 1.0;
				MTL_FAST_MATH = YES;
				PRODUCT_BUNDLE_IDENTIFIER = net.gini.banksdknav.GiniCaptureSDKPinningExampleTests;
				PRODUCT_NAME = "$(TARGET_NAME)";
				SWIFT_EMIT_LOC_STRINGS = NO;
				SWIFT_VERSION = 5.0;
				TARGETED_DEVICE_FAMILY = "1,2";
				TEST_HOST = "$(BUILT_PRODUCTS_DIR)/GiniCaptureSDKPinningExample.app/GiniCaptureSDKPinningExample";
			};
			name = "In House";
		};
		F4CBE312282178D900B28220 /* Release */ = {
			isa = XCBuildConfiguration;
			buildSettings = {
				BUNDLE_LOADER = "$(TEST_HOST)";
				CLANG_ANALYZER_NONNULL = YES;
				CLANG_ANALYZER_NUMBER_OBJECT_CONVERSION = YES_AGGRESSIVE;
				CLANG_CXX_LANGUAGE_STANDARD = "gnu++17";
				CLANG_ENABLE_OBJC_WEAK = YES;
				CLANG_WARN_DOCUMENTATION_COMMENTS = YES;
				CLANG_WARN_QUOTED_INCLUDE_IN_FRAMEWORK_HEADER = YES;
				CLANG_WARN_UNGUARDED_AVAILABILITY = YES_AGGRESSIVE;
				CODE_SIGN_STYLE = Automatic;
				CURRENT_PROJECT_VERSION = 1;
				DEVELOPMENT_TEAM = BQY9KX4V88;
				GCC_C_LANGUAGE_STANDARD = gnu11;
				GENERATE_INFOPLIST_FILE = YES;
				IPHONEOS_DEPLOYMENT_TARGET = 12.0;
				MARKETING_VERSION = 1.0;
				MTL_FAST_MATH = YES;
				PRODUCT_BUNDLE_IDENTIFIER = net.gini.banksdknav.GiniCaptureSDKPinningExampleTests;
				PRODUCT_NAME = "$(TARGET_NAME)";
				SWIFT_EMIT_LOC_STRINGS = NO;
				SWIFT_VERSION = 5.0;
				TARGETED_DEVICE_FAMILY = "1,2";
				TEST_HOST = "$(BUILT_PRODUCTS_DIR)/GiniCaptureSDKPinningExample.app/GiniCaptureSDKPinningExample";
			};
			name = Release;
		};
/* End XCBuildConfiguration section */

/* Begin XCConfigurationList section */
		607FACCB1AFB9204008FA782 /* Build configuration list for PBXProject "GiniCaptureSDKPinningExample" */ = {
			isa = XCConfigurationList;
			buildConfigurations = (
				607FACED1AFB9204008FA782 /* Debug */,
				607FACEE1AFB9204008FA782 /* In House */,
				0A3275871D5349F5003959E4 /* Release */,
			);
			defaultConfigurationIsVisible = 0;
			defaultConfigurationName = Debug;
		};
		607FACEF1AFB9204008FA782 /* Build configuration list for PBXNativeTarget "GiniCaptureSDKPinningExample" */ = {
			isa = XCConfigurationList;
			buildConfigurations = (
				607FACF01AFB9204008FA782 /* Debug */,
				607FACF11AFB9204008FA782 /* In House */,
				0A3275881D5349F5003959E4 /* Release */,
			);
			defaultConfigurationIsVisible = 0;
			defaultConfigurationName = Debug;
		};
		F4CBE313282178D900B28220 /* Build configuration list for PBXNativeTarget "GiniCaptureSDKPinningExampleTests" */ = {
			isa = XCConfigurationList;
			buildConfigurations = (
				F4CBE310282178D900B28220 /* Debug */,
				F4CBE311282178D900B28220 /* In House */,
				F4CBE312282178D900B28220 /* Release */,
			);
			defaultConfigurationIsVisible = 0;
			defaultConfigurationName = Debug;
		};
/* End XCConfigurationList section */

/* Begin XCSwiftPackageProductDependency section */
		F47A84162733093000DDBF9C /* GiniBankAPILibrary */ = {
			isa = XCSwiftPackageProductDependency;
			productName = GiniBankAPILibrary;
		};
		F47A84182733093800DDBF9C /* GiniCaptureSDK */ = {
			isa = XCSwiftPackageProductDependency;
			productName = GiniCaptureSDK;
		};
		F4CBE2E02820159300B28220 /* GiniBankAPILibraryPinning */ = {
			isa = XCSwiftPackageProductDependency;
			productName = GiniBankAPILibraryPinning;
		};
		F4CBE2E2282015A500B28220 /* GiniCaptureSDKPinning */ = {
			isa = XCSwiftPackageProductDependency;
			productName = GiniCaptureSDKPinning;
		};
/* End XCSwiftPackageProductDependency section */
	};
	rootObject = 607FACC81AFB9204008FA782 /* Project object */;
}
