// !$*UTF8*$!
{
	archiveVersion = 1;
	classes = {
	};
	objectVersion = 52;
	objects = {

/* Begin PBXBuildFile section */
		F4072ECB270B0EC20044E52D /* GiniHealthSDK in Frameworks */ = {isa = PBXBuildFile; productRef = F4072ECA270B0EC20044E52D /* GiniHealthSDK */; };
		F4072ECD270B16090044E52D /* GiniHealthAPILibrary in Frameworks */ = {isa = PBXBuildFile; productRef = F4072ECC270B16090044E52D /* GiniHealthAPILibrary */; };
		F463E5FF262896B3003B4311 /* Assets.xcassets in Resources */ = {isa = PBXBuildFile; fileRef = F4EF0F00260E5BF1003BDDC7 /* Assets.xcassets */; };
		F463E6F72629D549003B4311 /* CredentialsManager.swift in Sources */ = {isa = PBXBuildFile; fileRef = F463E6F62629D549003B4311 /* CredentialsManager.swift */; };
		F463E6FE2629D580003B4311 /* Credentials.plist in Resources */ = {isa = PBXBuildFile; fileRef = F463E6FD2629D580003B4311 /* Credentials.plist */; };
		F463E7052629ED23003B4311 /* UIViewController+Utils.swift in Sources */ = {isa = PBXBuildFile; fileRef = F463E7042629ED23003B4311 /* UIViewController+Utils.swift */; };
		F463E75F262C5639003B4311 /* AppCoordinator.swift in Sources */ = {isa = PBXBuildFile; fileRef = F463E755262C5638003B4311 /* AppCoordinator.swift */; };
		F463E761262C5639003B4311 /* ComponentAPICoordinator.swift in Sources */ = {isa = PBXBuildFile; fileRef = F463E757262C5638003B4311 /* ComponentAPICoordinator.swift */; };
		F463E762262C5639003B4311 /* UIViewController.swift in Sources */ = {isa = PBXBuildFile; fileRef = F463E758262C5639003B4311 /* UIViewController.swift */; };
		F463E764262C5639003B4311 /* PartialDocument.swift in Sources */ = {isa = PBXBuildFile; fileRef = F463E75A262C5639003B4311 /* PartialDocument.swift */; };
		F463E765262C5639003B4311 /* ComponentAPIDocumentsService.swift in Sources */ = {isa = PBXBuildFile; fileRef = F463E75B262C5639003B4311 /* ComponentAPIDocumentsService.swift */; };
		F463E766262C5639003B4311 /* Coordinator.swift in Sources */ = {isa = PBXBuildFile; fileRef = F463E75C262C5639003B4311 /* Coordinator.swift */; };
		F463E767262C5639003B4311 /* SelectAPIViewController.swift in Sources */ = {isa = PBXBuildFile; fileRef = F463E75D262C5639003B4311 /* SelectAPIViewController.swift */; };
		F463E768262C5639003B4311 /* ComponentAPIDocumentServiceProtocol.swift in Sources */ = {isa = PBXBuildFile; fileRef = F463E75E262C5639003B4311 /* ComponentAPIDocumentServiceProtocol.swift */; };
		F47C2D3D262F3A14004AF0BE /* Localizable.strings in Resources */ = {isa = PBXBuildFile; fileRef = F47C2D3F262F3A14004AF0BE /* Localizable.strings */; };
		F4EF0EF8260E5BF1003BDDC7 /* AppDelegate.swift in Sources */ = {isa = PBXBuildFile; fileRef = F4EF0EF7260E5BF1003BDDC7 /* AppDelegate.swift */; };
		F4EF0EFF260E5BF1003BDDC7 /* Main.storyboard in Resources */ = {isa = PBXBuildFile; fileRef = F4EF0EFD260E5BF1003BDDC7 /* Main.storyboard */; };
		F4EF0F04260E5BF1003BDDC7 /* LaunchScreen.storyboard in Resources */ = {isa = PBXBuildFile; fileRef = F4EF0F02260E5BF1003BDDC7 /* LaunchScreen.storyboard */; };
/* End PBXBuildFile section */

/* Begin PBXFileReference section */
		F4072EC8270B0EB70044E52D /* HealthSDK */ = {isa = PBXFileReference; lastKnownFileType = folder; name = HealthSDK; path = ../HealthSDK; sourceTree = "<group>"; };
		F463E6F62629D549003B4311 /* CredentialsManager.swift */ = {isa = PBXFileReference; lastKnownFileType = sourcecode.swift; path = CredentialsManager.swift; sourceTree = "<group>"; };
		F463E6FD2629D580003B4311 /* Credentials.plist */ = {isa = PBXFileReference; fileEncoding = 4; lastKnownFileType = text.plist.xml; path = Credentials.plist; sourceTree = "<group>"; };
		F463E7042629ED23003B4311 /* UIViewController+Utils.swift */ = {isa = PBXFileReference; lastKnownFileType = sourcecode.swift; path = "UIViewController+Utils.swift"; sourceTree = "<group>"; };
		F463E755262C5638003B4311 /* AppCoordinator.swift */ = {isa = PBXFileReference; fileEncoding = 4; lastKnownFileType = sourcecode.swift; name = AppCoordinator.swift; path = CaptureSDK/AppCoordinator.swift; sourceTree = "<group>"; };
		F463E757262C5638003B4311 /* ComponentAPICoordinator.swift */ = {isa = PBXFileReference; fileEncoding = 4; lastKnownFileType = sourcecode.swift; name = ComponentAPICoordinator.swift; path = CaptureSDK/ComponentAPICoordinator.swift; sourceTree = "<group>"; };
		F463E758262C5639003B4311 /* UIViewController.swift */ = {isa = PBXFileReference; fileEncoding = 4; lastKnownFileType = sourcecode.swift; name = UIViewController.swift; path = CaptureSDK/UIViewController.swift; sourceTree = "<group>"; };
		F463E75A262C5639003B4311 /* PartialDocument.swift */ = {isa = PBXFileReference; fileEncoding = 4; lastKnownFileType = sourcecode.swift; name = PartialDocument.swift; path = CaptureSDK/PartialDocument.swift; sourceTree = "<group>"; };
		F463E75B262C5639003B4311 /* ComponentAPIDocumentsService.swift */ = {isa = PBXFileReference; fileEncoding = 4; lastKnownFileType = sourcecode.swift; name = ComponentAPIDocumentsService.swift; path = CaptureSDK/ComponentAPIDocumentsService.swift; sourceTree = "<group>"; };
		F463E75C262C5639003B4311 /* Coordinator.swift */ = {isa = PBXFileReference; fileEncoding = 4; lastKnownFileType = sourcecode.swift; name = Coordinator.swift; path = CaptureSDK/Coordinator.swift; sourceTree = "<group>"; };
		F463E75D262C5639003B4311 /* SelectAPIViewController.swift */ = {isa = PBXFileReference; fileEncoding = 4; lastKnownFileType = sourcecode.swift; name = SelectAPIViewController.swift; path = CaptureSDK/SelectAPIViewController.swift; sourceTree = "<group>"; };
		F463E75E262C5639003B4311 /* ComponentAPIDocumentServiceProtocol.swift */ = {isa = PBXFileReference; fileEncoding = 4; lastKnownFileType = sourcecode.swift; name = ComponentAPIDocumentServiceProtocol.swift; path = CaptureSDK/ComponentAPIDocumentServiceProtocol.swift; sourceTree = "<group>"; };
		F47C2D3E262F3A14004AF0BE /* en */ = {isa = PBXFileReference; lastKnownFileType = text.plist.strings; name = en; path = en.lproj/Localizable.strings; sourceTree = "<group>"; };
		F47C2D45262F3B3D004AF0BE /* de */ = {isa = PBXFileReference; lastKnownFileType = text.plist.strings; name = de; path = de.lproj/Localizable.strings; sourceTree = "<group>"; };
		F4C36A7E270B5A7000CCC69C /* HealthSDKPinning */ = {isa = PBXFileReference; lastKnownFileType = folder; name = HealthSDKPinning; path = ../HealthSDKPinning/HealthSDKPinning; sourceTree = "<group>"; };
		F4EF0EF5260E5BF1003BDDC7 /* HealthSDKExample.app */ = {isa = PBXFileReference; explicitFileType = wrapper.application; includeInIndex = 0; path = HealthSDKExample.app; sourceTree = BUILT_PRODUCTS_DIR; };
		F4EF0EF7260E5BF1003BDDC7 /* AppDelegate.swift */ = {isa = PBXFileReference; lastKnownFileType = sourcecode.swift; path = AppDelegate.swift; sourceTree = "<group>"; };
		F4EF0EFE260E5BF1003BDDC7 /* Base */ = {isa = PBXFileReference; lastKnownFileType = file.storyboard; name = Base; path = Base.lproj/Main.storyboard; sourceTree = "<group>"; };
		F4EF0F00260E5BF1003BDDC7 /* Assets.xcassets */ = {isa = PBXFileReference; lastKnownFileType = folder.assetcatalog; path = Assets.xcassets; sourceTree = "<group>"; };
		F4EF0F03260E5BF1003BDDC7 /* Base */ = {isa = PBXFileReference; lastKnownFileType = file.storyboard; name = Base; path = Base.lproj/LaunchScreen.storyboard; sourceTree = "<group>"; };
		F4EF0F05260E5BF1003BDDC7 /* Info.plist */ = {isa = PBXFileReference; lastKnownFileType = text.plist.xml; path = Info.plist; sourceTree = "<group>"; };
/* End PBXFileReference section */

/* Begin PBXFrameworksBuildPhase section */
		F4EF0EF2260E5BF1003BDDC7 /* Frameworks */ = {
			isa = PBXFrameworksBuildPhase;
			buildActionMask = 2147483647;
			files = (
				F4072ECD270B16090044E52D /* GiniHealthAPILibrary in Frameworks */,
				F4072ECB270B0EC20044E52D /* GiniHealthSDK in Frameworks */,
			);
			runOnlyForDeploymentPostprocessing = 0;
		};
/* End PBXFrameworksBuildPhase section */

/* Begin PBXGroup section */
		F4072EC7270B0EB70044E52D /* Packages */ = {
			isa = PBXGroup;
			children = (
				F4072EC8270B0EB70044E52D /* HealthSDK */,
			);
			name = Packages;
			sourceTree = "<group>";
		};
		F4072EC9270B0EC20044E52D /* Frameworks */ = {
			isa = PBXGroup;
			children = (
			);
			name = Frameworks;
			sourceTree = "<group>";
		};
		F43B0B68260E4D1900B89DF6 = {
			isa = PBXGroup;
			children = (
				F4C36A7E270B5A7000CCC69C /* HealthSDKPinning */,
				F4072EC7270B0EB70044E52D /* Packages */,
				F4EF0EF6260E5BF1003BDDC7 /* HealthSDKExample */,
				F43B0B73260E4D1900B89DF6 /* Products */,
				F4072EC9270B0EC20044E52D /* Frameworks */,
			);
			sourceTree = "<group>";
		};
		F43B0B73260E4D1900B89DF6 /* Products */ = {
			isa = PBXGroup;
			children = (
				F4EF0EF5260E5BF1003BDDC7 /* HealthSDKExample.app */,
			);
			name = Products;
			sourceTree = "<group>";
		};
		F4EF0EF6260E5BF1003BDDC7 /* HealthSDKExample */ = {
			isa = PBXGroup;
			children = (
				F463E755262C5638003B4311 /* AppCoordinator.swift */,
				F463E757262C5638003B4311 /* ComponentAPICoordinator.swift */,
				F463E75E262C5639003B4311 /* ComponentAPIDocumentServiceProtocol.swift */,
				F463E75B262C5639003B4311 /* ComponentAPIDocumentsService.swift */,
				F463E75C262C5639003B4311 /* Coordinator.swift */,
				F463E75A262C5639003B4311 /* PartialDocument.swift */,
				F463E75D262C5639003B4311 /* SelectAPIViewController.swift */,
				F463E758262C5639003B4311 /* UIViewController.swift */,
				F4EF0EF7260E5BF1003BDDC7 /* AppDelegate.swift */,
				F463E6F62629D549003B4311 /* CredentialsManager.swift */,
				F463E6FD2629D580003B4311 /* Credentials.plist */,
				F47C2D3F262F3A14004AF0BE /* Localizable.strings */,
				F463E7042629ED23003B4311 /* UIViewController+Utils.swift */,
				F4EF0EFD260E5BF1003BDDC7 /* Main.storyboard */,
				F4EF0F00260E5BF1003BDDC7 /* Assets.xcassets */,
				F4EF0F02260E5BF1003BDDC7 /* LaunchScreen.storyboard */,
				F4EF0F05260E5BF1003BDDC7 /* Info.plist */,
			);
			path = HealthSDKExample;
			sourceTree = "<group>";
		};
/* End PBXGroup section */

/* Begin PBXNativeTarget section */
		F4EF0EF4260E5BF1003BDDC7 /* HealthSDKExample */ = {
			isa = PBXNativeTarget;
			buildConfigurationList = F4EF0F06260E5BF1003BDDC7 /* Build configuration list for PBXNativeTarget "HealthSDKExample" */;
			buildPhases = (
				F4EF0EF1260E5BF1003BDDC7 /* Sources */,
				F4EF0EF2260E5BF1003BDDC7 /* Frameworks */,
				F4EF0EF3260E5BF1003BDDC7 /* Resources */,
			);
			buildRules = (
			);
			dependencies = (
			);
			name = HealthSDKExample;
			packageProductDependencies = (
				F4072ECA270B0EC20044E52D /* GiniHealthSDK */,
				F4072ECC270B16090044E52D /* GiniHealthAPILibrary */,
			);
			productName = "Example Swift";
			productReference = F4EF0EF5260E5BF1003BDDC7 /* HealthSDKExample.app */;
			productType = "com.apple.product-type.application";
		};
/* End PBXNativeTarget section */

/* Begin PBXProject section */
		F43B0B69260E4D1900B89DF6 /* Project object */ = {
			isa = PBXProject;
			attributes = {
				LastSwiftUpdateCheck = 1240;
				LastUpgradeCheck = 1300;
				TargetAttributes = {
					F4EF0EF4260E5BF1003BDDC7 = {
						CreatedOnToolsVersion = 12.4;
					};
				};
			};
			buildConfigurationList = F43B0B6C260E4D1900B89DF6 /* Build configuration list for PBXProject "HealthSDKExample" */;
			compatibilityVersion = "Xcode 9.3";
			developmentRegion = en;
			hasScannedForEncodings = 0;
			knownRegions = (
				en,
				Base,
				de,
			);
			mainGroup = F43B0B68260E4D1900B89DF6;
			productRefGroup = F43B0B73260E4D1900B89DF6 /* Products */;
			projectDirPath = "";
			projectRoot = "";
			targets = (
				F4EF0EF4260E5BF1003BDDC7 /* HealthSDKExample */,
			);
		};
/* End PBXProject section */

/* Begin PBXResourcesBuildPhase section */
		F4EF0EF3260E5BF1003BDDC7 /* Resources */ = {
			isa = PBXResourcesBuildPhase;
			buildActionMask = 2147483647;
			files = (
				F4EF0F04260E5BF1003BDDC7 /* LaunchScreen.storyboard in Resources */,
				F463E6FE2629D580003B4311 /* Credentials.plist in Resources */,
				F463E5FF262896B3003B4311 /* Assets.xcassets in Resources */,
				F47C2D3D262F3A14004AF0BE /* Localizable.strings in Resources */,
				F4EF0EFF260E5BF1003BDDC7 /* Main.storyboard in Resources */,
			);
			runOnlyForDeploymentPostprocessing = 0;
		};
/* End PBXResourcesBuildPhase section */

/* Begin PBXSourcesBuildPhase section */
		F4EF0EF1260E5BF1003BDDC7 /* Sources */ = {
			isa = PBXSourcesBuildPhase;
			buildActionMask = 2147483647;
			files = (
				F463E765262C5639003B4311 /* ComponentAPIDocumentsService.swift in Sources */,
				F463E6F72629D549003B4311 /* CredentialsManager.swift in Sources */,
				F463E768262C5639003B4311 /* ComponentAPIDocumentServiceProtocol.swift in Sources */,
				F463E761262C5639003B4311 /* ComponentAPICoordinator.swift in Sources */,
				F463E762262C5639003B4311 /* UIViewController.swift in Sources */,
				F463E766262C5639003B4311 /* Coordinator.swift in Sources */,
				F463E7052629ED23003B4311 /* UIViewController+Utils.swift in Sources */,
				F463E767262C5639003B4311 /* SelectAPIViewController.swift in Sources */,
				F463E764262C5639003B4311 /* PartialDocument.swift in Sources */,
				F4EF0EF8260E5BF1003BDDC7 /* AppDelegate.swift in Sources */,
				F463E75F262C5639003B4311 /* AppCoordinator.swift in Sources */,
			);
			runOnlyForDeploymentPostprocessing = 0;
		};
/* End PBXSourcesBuildPhase section */

/* Begin PBXVariantGroup section */
		F47C2D3F262F3A14004AF0BE /* Localizable.strings */ = {
			isa = PBXVariantGroup;
			children = (
				F47C2D3E262F3A14004AF0BE /* en */,
				F47C2D45262F3B3D004AF0BE /* de */,
			);
			name = Localizable.strings;
			sourceTree = "<group>";
		};
		F4EF0EFD260E5BF1003BDDC7 /* Main.storyboard */ = {
			isa = PBXVariantGroup;
			children = (
				F4EF0EFE260E5BF1003BDDC7 /* Base */,
			);
			name = Main.storyboard;
			sourceTree = "<group>";
		};
		F4EF0F02260E5BF1003BDDC7 /* LaunchScreen.storyboard */ = {
			isa = PBXVariantGroup;
			children = (
				F4EF0F03260E5BF1003BDDC7 /* Base */,
			);
			name = LaunchScreen.storyboard;
			sourceTree = "<group>";
		};
/* End PBXVariantGroup section */

/* Begin XCBuildConfiguration section */
		F43B0B84260E4D1900B89DF6 /* Debug */ = {
			isa = XCBuildConfiguration;
			buildSettings = {
				ALWAYS_SEARCH_USER_PATHS = NO;
				CLANG_ANALYZER_LOCALIZABILITY_NONLOCALIZED = YES;
				CLANG_ANALYZER_NONNULL = YES;
				CLANG_ANALYZER_NUMBER_OBJECT_CONVERSION = YES_AGGRESSIVE;
				CLANG_CXX_LANGUAGE_STANDARD = "gnu++14";
				CLANG_CXX_LIBRARY = "libc++";
				CLANG_ENABLE_MODULES = YES;
				CLANG_ENABLE_OBJC_ARC = YES;
				CLANG_ENABLE_OBJC_WEAK = YES;
				CLANG_WARN_BLOCK_CAPTURE_AUTORELEASING = YES;
				CLANG_WARN_BOOL_CONVERSION = YES;
				CLANG_WARN_COMMA = YES;
				CLANG_WARN_CONSTANT_CONVERSION = YES;
				CLANG_WARN_DEPRECATED_OBJC_IMPLEMENTATIONS = YES;
				CLANG_WARN_DIRECT_OBJC_ISA_USAGE = YES_ERROR;
				CLANG_WARN_DOCUMENTATION_COMMENTS = YES;
				CLANG_WARN_EMPTY_BODY = YES;
				CLANG_WARN_ENUM_CONVERSION = YES;
				CLANG_WARN_INFINITE_RECURSION = YES;
				CLANG_WARN_INT_CONVERSION = YES;
				CLANG_WARN_NON_LITERAL_NULL_CONVERSION = YES;
				CLANG_WARN_OBJC_IMPLICIT_RETAIN_SELF = YES;
				CLANG_WARN_OBJC_LITERAL_CONVERSION = YES;
				CLANG_WARN_OBJC_ROOT_CLASS = YES_ERROR;
				CLANG_WARN_QUOTED_INCLUDE_IN_FRAMEWORK_HEADER = YES;
				CLANG_WARN_RANGE_LOOP_ANALYSIS = YES;
				CLANG_WARN_STRICT_PROTOTYPES = YES;
				CLANG_WARN_SUSPICIOUS_MOVE = YES;
				CLANG_WARN_UNGUARDED_AVAILABILITY = YES_AGGRESSIVE;
				CLANG_WARN_UNREACHABLE_CODE = YES;
				CLANG_WARN__DUPLICATE_METHOD_MATCH = YES;
				COPY_PHASE_STRIP = NO;
				CURRENT_PROJECT_VERSION = 1;
				DEBUG_INFORMATION_FORMAT = dwarf;
				ENABLE_STRICT_OBJC_MSGSEND = YES;
				ENABLE_TESTABILITY = YES;
				GCC_C_LANGUAGE_STANDARD = gnu11;
				GCC_DYNAMIC_NO_PIC = NO;
				GCC_NO_COMMON_BLOCKS = YES;
				GCC_OPTIMIZATION_LEVEL = 0;
				GCC_PREPROCESSOR_DEFINITIONS = (
					"DEBUG=1",
					"$(inherited)",
				);
				GCC_WARN_64_TO_32_BIT_CONVERSION = YES;
				GCC_WARN_ABOUT_RETURN_TYPE = YES_ERROR;
				GCC_WARN_UNDECLARED_SELECTOR = YES;
				GCC_WARN_UNINITIALIZED_AUTOS = YES_AGGRESSIVE;
				GCC_WARN_UNUSED_FUNCTION = YES;
				GCC_WARN_UNUSED_VARIABLE = YES;
				IPHONEOS_DEPLOYMENT_TARGET = 12.0;
				MTL_ENABLE_DEBUG_INFO = INCLUDE_SOURCE;
				MTL_FAST_MATH = YES;
				ONLY_ACTIVE_ARCH = YES;
				SDKROOT = iphoneos;
				SWIFT_ACTIVE_COMPILATION_CONDITIONS = DEBUG;
				SWIFT_OPTIMIZATION_LEVEL = "-Onone";
				VERSIONING_SYSTEM = "apple-generic";
				VERSION_INFO_PREFIX = "";
			};
			name = Debug;
		};
		F43B0B85260E4D1900B89DF6 /* Release */ = {
			isa = XCBuildConfiguration;
			buildSettings = {
				ALWAYS_SEARCH_USER_PATHS = NO;
				CLANG_ANALYZER_LOCALIZABILITY_NONLOCALIZED = YES;
				CLANG_ANALYZER_NONNULL = YES;
				CLANG_ANALYZER_NUMBER_OBJECT_CONVERSION = YES_AGGRESSIVE;
				CLANG_CXX_LANGUAGE_STANDARD = "gnu++14";
				CLANG_CXX_LIBRARY = "libc++";
				CLANG_ENABLE_MODULES = YES;
				CLANG_ENABLE_OBJC_ARC = YES;
				CLANG_ENABLE_OBJC_WEAK = YES;
				CLANG_WARN_BLOCK_CAPTURE_AUTORELEASING = YES;
				CLANG_WARN_BOOL_CONVERSION = YES;
				CLANG_WARN_COMMA = YES;
				CLANG_WARN_CONSTANT_CONVERSION = YES;
				CLANG_WARN_DEPRECATED_OBJC_IMPLEMENTATIONS = YES;
				CLANG_WARN_DIRECT_OBJC_ISA_USAGE = YES_ERROR;
				CLANG_WARN_DOCUMENTATION_COMMENTS = YES;
				CLANG_WARN_EMPTY_BODY = YES;
				CLANG_WARN_ENUM_CONVERSION = YES;
				CLANG_WARN_INFINITE_RECURSION = YES;
				CLANG_WARN_INT_CONVERSION = YES;
				CLANG_WARN_NON_LITERAL_NULL_CONVERSION = YES;
				CLANG_WARN_OBJC_IMPLICIT_RETAIN_SELF = YES;
				CLANG_WARN_OBJC_LITERAL_CONVERSION = YES;
				CLANG_WARN_OBJC_ROOT_CLASS = YES_ERROR;
				CLANG_WARN_QUOTED_INCLUDE_IN_FRAMEWORK_HEADER = YES;
				CLANG_WARN_RANGE_LOOP_ANALYSIS = YES;
				CLANG_WARN_STRICT_PROTOTYPES = YES;
				CLANG_WARN_SUSPICIOUS_MOVE = YES;
				CLANG_WARN_UNGUARDED_AVAILABILITY = YES_AGGRESSIVE;
				CLANG_WARN_UNREACHABLE_CODE = YES;
				CLANG_WARN__DUPLICATE_METHOD_MATCH = YES;
				COPY_PHASE_STRIP = NO;
				CURRENT_PROJECT_VERSION = 1;
				DEBUG_INFORMATION_FORMAT = "dwarf-with-dsym";
				ENABLE_NS_ASSERTIONS = NO;
				ENABLE_STRICT_OBJC_MSGSEND = YES;
				GCC_C_LANGUAGE_STANDARD = gnu11;
				GCC_NO_COMMON_BLOCKS = YES;
				GCC_WARN_64_TO_32_BIT_CONVERSION = YES;
				GCC_WARN_ABOUT_RETURN_TYPE = YES_ERROR;
				GCC_WARN_UNDECLARED_SELECTOR = YES;
				GCC_WARN_UNINITIALIZED_AUTOS = YES_AGGRESSIVE;
				GCC_WARN_UNUSED_FUNCTION = YES;
				GCC_WARN_UNUSED_VARIABLE = YES;
				IPHONEOS_DEPLOYMENT_TARGET = 12.0;
				MTL_ENABLE_DEBUG_INFO = NO;
				MTL_FAST_MATH = YES;
				SDKROOT = iphoneos;
				SWIFT_COMPILATION_MODE = wholemodule;
				SWIFT_OPTIMIZATION_LEVEL = "-O";
				VALIDATE_PRODUCT = YES;
				VERSIONING_SYSTEM = "apple-generic";
				VERSION_INFO_PREFIX = "";
			};
			name = Release;
		};
		F4EF0F07260E5BF1003BDDC7 /* Debug */ = {
			isa = XCBuildConfiguration;
			buildSettings = {
				ASSETCATALOG_COMPILER_APPICON_NAME = AppIcon;
				ASSETCATALOG_COMPILER_GLOBAL_ACCENT_COLOR_NAME = AccentColor;
				CODE_SIGN_STYLE = Automatic;
				DEVELOPMENT_TEAM = BQY9KX4V88;
				EXCLUDED_ARCHS = armv7;
				INFOPLIST_FILE = "Example Swift/Info.plist";
				IPHONEOS_DEPLOYMENT_TARGET = 12.0;
				LD_RUNPATH_SEARCH_PATHS = (
					"$(inherited)",
					"@executable_path/Frameworks",
				);
				PRODUCT_BUNDLE_IDENTIFIER = "net.gini.ginipaybusiness.Example-Swift";
				PRODUCT_NAME = "$(TARGET_NAME)";
				SWIFT_VERSION = 5.0;
				TARGETED_DEVICE_FAMILY = "1,2";
			};
			name = Debug;
		};
		F4EF0F08260E5BF1003BDDC7 /* Release */ = {
			isa = XCBuildConfiguration;
			buildSettings = {
				ASSETCATALOG_COMPILER_APPICON_NAME = AppIcon;
				ASSETCATALOG_COMPILER_GLOBAL_ACCENT_COLOR_NAME = AccentColor;
				CODE_SIGN_STYLE = Automatic;
				DEVELOPMENT_TEAM = BQY9KX4V88;
				EXCLUDED_ARCHS = armv7;
				INFOPLIST_FILE = "Example Swift/Info.plist";
				IPHONEOS_DEPLOYMENT_TARGET = 12.0;
				LD_RUNPATH_SEARCH_PATHS = (
					"$(inherited)",
					"@executable_path/Frameworks",
				);
				PRODUCT_BUNDLE_IDENTIFIER = "net.gini.ginipaybusiness.Example-Swift";
				PRODUCT_NAME = "$(TARGET_NAME)";
				SWIFT_VERSION = 5.0;
				TARGETED_DEVICE_FAMILY = "1,2";
			};
			name = Release;
		};
/* End XCBuildConfiguration section */

/* Begin XCConfigurationList section */
		F43B0B6C260E4D1900B89DF6 /* Build configuration list for PBXProject "HealthSDKExample" */ = {
			isa = XCConfigurationList;
			buildConfigurations = (
				F43B0B84260E4D1900B89DF6 /* Debug */,
				F43B0B85260E4D1900B89DF6 /* Release */,
			);
			defaultConfigurationIsVisible = 0;
			defaultConfigurationName = Release;
		};
		F4EF0F06260E5BF1003BDDC7 /* Build configuration list for PBXNativeTarget "HealthSDKExample" */ = {
			isa = XCConfigurationList;
			buildConfigurations = (
				F4EF0F07260E5BF1003BDDC7 /* Debug */,
				F4EF0F08260E5BF1003BDDC7 /* Release */,
			);
			defaultConfigurationIsVisible = 0;
			defaultConfigurationName = Release;
		};
/* End XCConfigurationList section */

/* Begin XCSwiftPackageProductDependency section */
		F4072ECA270B0EC20044E52D /* GiniHealthSDK */ = {
			isa = XCSwiftPackageProductDependency;
			productName = GiniHealthSDK;
		};
		F4072ECC270B16090044E52D /* GiniHealthAPILibrary */ = {
			isa = XCSwiftPackageProductDependency;
			productName = GiniHealthAPILibrary;
		};
/* End XCSwiftPackageProductDependency section */
	};
	rootObject = F43B0B69260E4D1900B89DF6 /* Project object */;
}
