// !$*UTF8*$!
{
	archiveVersion = 1;
	classes = {
	};
	objectVersion = 55;
	objects = {

/* Begin PBXBuildFile section */
		282DD2C32E4B6AC600A4EDCE /* PrivacyInfo.xcprivacy in Resources */ = {isa = PBXBuildFile; fileRef = 282DD2C22E4B6AC600A4EDCE /* PrivacyInfo.xcprivacy */; };
		282DD2C52E4CB61C00A4EDCE /* AlternativeNavigationTests.swift in Sources */ = {isa = PBXBuildFile; fileRef = 282DD2C42E4CB61C00A4EDCE /* AlternativeNavigationTests.swift */; };
		284A53502A86493100183EA7 /* SelectAPIViewController.xib in Resources */ = {isa = PBXBuildFile; fileRef = 284A534F2A86493100183EA7 /* SelectAPIViewController.xib */; };
		288F88502E4A5563004D7A60 /* FirebaseAnalytics in Frameworks */ = {isa = PBXBuildFile; productRef = 288F884F2E4A5563004D7A60 /* FirebaseAnalytics */; };
		288F88522E4A5563004D7A60 /* FirebaseCrashlytics in Frameworks */ = {isa = PBXBuildFile; productRef = 288F88512E4A5563004D7A60 /* FirebaseCrashlytics */; };
		288F88542E4A5563004D7A60 /* FirebasePerformance in Frameworks */ = {isa = PBXBuildFile; productRef = 288F88532E4A5563004D7A60 /* FirebasePerformance */; };
		288F88562E4A6289004D7A60 /* GoogleService-Info.plist in Resources */ = {isa = PBXBuildFile; fileRef = 288F88552E4A6289004D7A60 /* GoogleService-Info.plist */; };
		504435172C5AE5D300105D0B /* GiniHealthSDKPinningExampleIntegrationTests.swift in Sources */ = {isa = PBXBuildFile; fileRef = F4DB6420283546960027681C /* GiniHealthSDKPinningExampleIntegrationTests.swift */; };
		504435182C5AE5D300105D0B /* GiniHealthSDKPinningExampleWrongCertificatesTests.swift in Sources */ = {isa = PBXBuildFile; fileRef = F4DB642728354B2B0027681C /* GiniHealthSDKPinningExampleWrongCertificatesTests.swift */; };
		50ED3DA52C34A16D004FC25C /* DebugMenuViewController.swift in Sources */ = {isa = PBXBuildFile; fileRef = 50ED3DA42C34A16D004FC25C /* DebugMenuViewController.swift */; };
		7D6161C62BE1327E0091000B /* test_pdf.pdf in Resources */ = {isa = PBXBuildFile; fileRef = 7D6161C52BE1327E0091000B /* test_pdf.pdf */; };
		7DB661832B554622004537AA /* InvoicesListCoordinator.swift in Sources */ = {isa = PBXBuildFile; fileRef = 7DB661822B554622004537AA /* InvoicesListCoordinator.swift */; };
		7DB661862B554A6F004537AA /* InvoicesListViewController.swift in Sources */ = {isa = PBXBuildFile; fileRef = 7DB661842B554A6F004537AA /* InvoicesListViewController.swift */; };
		7DB6618B2B554ADF004537AA /* InvoiceTableViewCell.swift in Sources */ = {isa = PBXBuildFile; fileRef = 7DB661892B554ADF004537AA /* InvoiceTableViewCell.swift */; };
		7DB6618C2B554ADF004537AA /* InvoiceTableViewCell.xib in Resources */ = {isa = PBXBuildFile; fileRef = 7DB6618A2B554ADF004537AA /* InvoiceTableViewCell.xib */; };
		7DB6618E2B5687B4004537AA /* HardcodedInvoices.swift in Sources */ = {isa = PBXBuildFile; fileRef = 7DB6618D2B5687B4004537AA /* HardcodedInvoices.swift */; };
		7DB661952B5687F7004537AA /* health-invoice-2.jpg in Resources */ = {isa = PBXBuildFile; fileRef = 7DB661902B5687F7004537AA /* health-invoice-2.jpg */; };
		7DB661962B5687F7004537AA /* health-invoice-3.jpg in Resources */ = {isa = PBXBuildFile; fileRef = 7DB661912B5687F7004537AA /* health-invoice-3.jpg */; };
		7DB661972B5687F7004537AA /* health-invoice-4.jpg in Resources */ = {isa = PBXBuildFile; fileRef = 7DB661922B5687F7004537AA /* health-invoice-4.jpg */; };
		7DB661982B5687F7004537AA /* health-invoice-1.jpg in Resources */ = {isa = PBXBuildFile; fileRef = 7DB661932B5687F7004537AA /* health-invoice-1.jpg */; };
		7DB661992B5687F7004537AA /* health-invoice-5.jpg in Resources */ = {isa = PBXBuildFile; fileRef = 7DB661942B5687F7004537AA /* health-invoice-5.jpg */; };
		7DB6619B2B56AE80004537AA /* InvoicesListViewModel.swift in Sources */ = {isa = PBXBuildFile; fileRef = 7DB6619A2B56AE80004537AA /* InvoicesListViewModel.swift */; };
		7DB6619D2B56C0B7004537AA /* InvoiceTableViewCellModel.swift in Sources */ = {isa = PBXBuildFile; fileRef = 7DB6619C2B56C0B7004537AA /* InvoiceTableViewCellModel.swift */; };
		7DD0B95E2CF75E9100C5176C /* invoice-13MB.pdf in Resources */ = {isa = PBXBuildFile; fileRef = 7DD0B95D2CF75E9100C5176C /* invoice-13MB.pdf */; };
		8A142EAF2CC7C38D007B268A /* HardcodedOrders.swift in Sources */ = {isa = PBXBuildFile; fileRef = 8A142EAE2CC7C38D007B268A /* HardcodedOrders.swift */; };
		8A142EB22CC7C4A5007B268A /* OrderListCoordinator.swift in Sources */ = {isa = PBXBuildFile; fileRef = 8A142EB12CC7C4A5007B268A /* OrderListCoordinator.swift */; };
		8A142EB42CC7C4C6007B268A /* OrderListViewController.swift in Sources */ = {isa = PBXBuildFile; fileRef = 8A142EB32CC7C4C6007B268A /* OrderListViewController.swift */; };
		8A142EB62CC7C4DA007B268A /* OrderListViewModel.swift in Sources */ = {isa = PBXBuildFile; fileRef = 8A142EB52CC7C4DA007B268A /* OrderListViewModel.swift */; };
		8A142EB82CC7C4F6007B268A /* OrderTableViewCell.swift in Sources */ = {isa = PBXBuildFile; fileRef = 8A142EB72CC7C4F6007B268A /* OrderTableViewCell.swift */; };
		8A142EBA2CC7C4FE007B268A /* OrderCellViewModel.swift in Sources */ = {isa = PBXBuildFile; fileRef = 8A142EB92CC7C4FE007B268A /* OrderCellViewModel.swift */; };
		8A142EBC2CC7C50D007B268A /* OrderDetailViewController.swift in Sources */ = {isa = PBXBuildFile; fileRef = 8A142EBB2CC7C50D007B268A /* OrderDetailViewController.swift */; };
		8A142EBE2CC7C528007B268A /* OrderDetailView.swift in Sources */ = {isa = PBXBuildFile; fileRef = 8A142EBD2CC7C528007B268A /* OrderDetailView.swift */; };
		8A77DA1E2C2BF6130049FE10 /* UploadDocumentsTests.swift in Sources */ = {isa = PBXBuildFile; fileRef = 8A77DA1D2C2BF6130049FE10 /* UploadDocumentsTests.swift */; };
		8ADEE2F02C2BF9E4006D3526 /* GiniSetupHelper.swift in Sources */ = {isa = PBXBuildFile; fileRef = 8ADEE2EF2C2BF9E4006D3526 /* GiniSetupHelper.swift */; };
		8ADEE2F92C2C4822006D3526 /* FileLoader.swift in Sources */ = {isa = PBXBuildFile; fileRef = 8ADEE2F82C2C4822006D3526 /* FileLoader.swift */; };
		8ADEE2FA2C2CB2E4006D3526 /* invoice-12MB.png in Resources */ = {isa = PBXBuildFile; fileRef = 8ADEE2F22C2C3CCC006D3526 /* invoice-12MB.png */; };
		F4206BBC2A1B9C6900E5E101 /* GiniCaptureSDK in Frameworks */ = {isa = PBXBuildFile; productRef = F4206BBB2A1B9C6900E5E101 /* GiniCaptureSDK */; };
		F4206BBE2A1BB7CC00E5E101 /* ScreenAPICoordinator.swift in Sources */ = {isa = PBXBuildFile; fileRef = F4206BBD2A1BB7CC00E5E101 /* ScreenAPICoordinator.swift */; };
		F4206BC02A1BB86B00E5E101 /* RootNavigationController.swift in Sources */ = {isa = PBXBuildFile; fileRef = F4206BBF2A1BB86B00E5E101 /* RootNavigationController.swift */; };
		F4206BC22A1D012E00E5E101 /* HealthNetworkingService.swift in Sources */ = {isa = PBXBuildFile; fileRef = F4206BC12A1D012E00E5E101 /* HealthNetworkingService.swift */; };
		F42377262799ABB000FAC3D6 /* CloudKit.framework in Frameworks */ = {isa = PBXBuildFile; fileRef = F42377252799ABB000FAC3D6 /* CloudKit.framework */; };
		F464B17627CD2147001735B9 /* Localizable.strings in Resources */ = {isa = PBXBuildFile; fileRef = F464B17827CD2147001735B9 /* Localizable.strings */; };
		F4EC38C2273C21E4007045DC /* AppDelegate.swift in Sources */ = {isa = PBXBuildFile; fileRef = F4EC38C1273C21E4007045DC /* AppDelegate.swift */; };
		F4EC38C4273C21E4007045DC /* SceneDelegate.swift in Sources */ = {isa = PBXBuildFile; fileRef = F4EC38C3273C21E4007045DC /* SceneDelegate.swift */; };
		F4EC38C6273C21E4007045DC /* ViewController.swift in Sources */ = {isa = PBXBuildFile; fileRef = F4EC38C5273C21E4007045DC /* ViewController.swift */; };
		F4EC38CE273C21E5007045DC /* LaunchScreen.storyboard in Resources */ = {isa = PBXBuildFile; fileRef = F4EC38CC273C21E5007045DC /* LaunchScreen.storyboard */; };
		F4EC38D9273C21E6007045DC /* GiniHealthSDKExampleTests.swift in Sources */ = {isa = PBXBuildFile; fileRef = F4EC38D8273C21E6007045DC /* GiniHealthSDKExampleTests.swift */; };
		F4EC38F5273C2311007045DC /* UIViewController+Utils.swift in Sources */ = {isa = PBXBuildFile; fileRef = F4EC38EF273C2310007045DC /* UIViewController+Utils.swift */; };
		F4EC38F8273C2311007045DC /* CredentialsManager.swift in Sources */ = {isa = PBXBuildFile; fileRef = F4EC38F2273C2311007045DC /* CredentialsManager.swift */; };
		F4EC38FA273C2311007045DC /* Base.lproj in Resources */ = {isa = PBXBuildFile; fileRef = F4EC38F4273C2311007045DC /* Base.lproj */; };
		F4EC3900273C245E007045DC /* GiniHealthSDK in Frameworks */ = {isa = PBXBuildFile; productRef = F4EC38FF273C245E007045DC /* GiniHealthSDK */; };
		F4EC390A273C2622007045DC /* AppCoordinator.swift in Sources */ = {isa = PBXBuildFile; fileRef = F4EC3903273C2621007045DC /* AppCoordinator.swift */; };
		F4EC390B273C2622007045DC /* SelectAPIViewController.swift in Sources */ = {isa = PBXBuildFile; fileRef = F4EC3907273C2621007045DC /* SelectAPIViewController.swift */; };
		F4EC390D273C2622007045DC /* Coordinator.swift in Sources */ = {isa = PBXBuildFile; fileRef = F4EC3906273C2621007045DC /* Coordinator.swift */; };
		F4EC390E273C2622007045DC /* PartialDocument.swift in Sources */ = {isa = PBXBuildFile; fileRef = F4EC3904273C2621007045DC /* PartialDocument.swift */; };
		F4EC3910273C2622007045DC /* UIViewController.swift in Sources */ = {isa = PBXBuildFile; fileRef = F4EC3908273C2622007045DC /* UIViewController.swift */; };
		F4EC3913273C2B41007045DC /* Assets.xcassets in Resources */ = {isa = PBXBuildFile; fileRef = F4EC3912273C2B41007045DC /* Assets.xcassets */; };
/* End PBXBuildFile section */

/* Begin PBXContainerItemProxy section */
		F4EC38D5273C21E6007045DC /* PBXContainerItemProxy */ = {
			isa = PBXContainerItemProxy;
			containerPortal = F4C36A80270C6EBF00CCC69C /* Project object */;
			proxyType = 1;
			remoteGlobalIDString = F4EC38BE273C21E4007045DC;
			remoteInfo = GiniHealthSDKExample;
		};
/* End PBXContainerItemProxy section */

/* Begin PBXFileReference section */
		282DD2C22E4B6AC600A4EDCE /* PrivacyInfo.xcprivacy */ = {isa = PBXFileReference; lastKnownFileType = text.xml; path = PrivacyInfo.xcprivacy; sourceTree = "<group>"; };
		282DD2C42E4CB61C00A4EDCE /* AlternativeNavigationTests.swift */ = {isa = PBXFileReference; lastKnownFileType = sourcecode.swift; path = AlternativeNavigationTests.swift; sourceTree = "<group>"; };
		284A534F2A86493100183EA7 /* SelectAPIViewController.xib */ = {isa = PBXFileReference; lastKnownFileType = file.xib; path = SelectAPIViewController.xib; sourceTree = "<group>"; };
		288F88552E4A6289004D7A60 /* GoogleService-Info.plist */ = {isa = PBXFileReference; lastKnownFileType = text.plist.xml; path = "GoogleService-Info.plist"; sourceTree = "<group>"; };
		3AC824B42CA2B16500DE37C0 /* GiniHealthSDKExampleTests.xctestplan */ = {isa = PBXFileReference; lastKnownFileType = text; path = GiniHealthSDKExampleTests.xctestplan; sourceTree = "<group>"; };
		50ED3DA42C34A16D004FC25C /* DebugMenuViewController.swift */ = {isa = PBXFileReference; lastKnownFileType = sourcecode.swift; path = DebugMenuViewController.swift; sourceTree = "<group>"; };
		7D6161C52BE1327E0091000B /* test_pdf.pdf */ = {isa = PBXFileReference; lastKnownFileType = image.pdf; path = test_pdf.pdf; sourceTree = "<group>"; };
		7DB661822B554622004537AA /* InvoicesListCoordinator.swift */ = {isa = PBXFileReference; lastKnownFileType = sourcecode.swift; path = InvoicesListCoordinator.swift; sourceTree = "<group>"; };
		7DB661842B554A6F004537AA /* InvoicesListViewController.swift */ = {isa = PBXFileReference; lastKnownFileType = sourcecode.swift; path = InvoicesListViewController.swift; sourceTree = "<group>"; };
		7DB661892B554ADF004537AA /* InvoiceTableViewCell.swift */ = {isa = PBXFileReference; lastKnownFileType = sourcecode.swift; path = InvoiceTableViewCell.swift; sourceTree = "<group>"; };
		7DB6618A2B554ADF004537AA /* InvoiceTableViewCell.xib */ = {isa = PBXFileReference; lastKnownFileType = file.xib; path = InvoiceTableViewCell.xib; sourceTree = "<group>"; };
		7DB6618D2B5687B4004537AA /* HardcodedInvoices.swift */ = {isa = PBXFileReference; lastKnownFileType = sourcecode.swift; path = HardcodedInvoices.swift; sourceTree = "<group>"; };
		7DB661902B5687F7004537AA /* health-invoice-2.jpg */ = {isa = PBXFileReference; lastKnownFileType = image.jpeg; path = "health-invoice-2.jpg"; sourceTree = "<group>"; };
		7DB661912B5687F7004537AA /* health-invoice-3.jpg */ = {isa = PBXFileReference; lastKnownFileType = image.jpeg; path = "health-invoice-3.jpg"; sourceTree = "<group>"; };
		7DB661922B5687F7004537AA /* health-invoice-4.jpg */ = {isa = PBXFileReference; lastKnownFileType = image.jpeg; path = "health-invoice-4.jpg"; sourceTree = "<group>"; };
		7DB661932B5687F7004537AA /* health-invoice-1.jpg */ = {isa = PBXFileReference; lastKnownFileType = image.jpeg; path = "health-invoice-1.jpg"; sourceTree = "<group>"; };
		7DB661942B5687F7004537AA /* health-invoice-5.jpg */ = {isa = PBXFileReference; lastKnownFileType = image.jpeg; path = "health-invoice-5.jpg"; sourceTree = "<group>"; };
		7DB6619A2B56AE80004537AA /* InvoicesListViewModel.swift */ = {isa = PBXFileReference; lastKnownFileType = sourcecode.swift; path = InvoicesListViewModel.swift; sourceTree = "<group>"; };
		7DB6619C2B56C0B7004537AA /* InvoiceTableViewCellModel.swift */ = {isa = PBXFileReference; lastKnownFileType = sourcecode.swift; path = InvoiceTableViewCellModel.swift; sourceTree = "<group>"; };
		7DD0B95D2CF75E9100C5176C /* invoice-13MB.pdf */ = {isa = PBXFileReference; lastKnownFileType = image.pdf; path = "invoice-13MB.pdf"; sourceTree = "<group>"; };
		8A142EAE2CC7C38D007B268A /* HardcodedOrders.swift */ = {isa = PBXFileReference; lastKnownFileType = sourcecode.swift; path = HardcodedOrders.swift; sourceTree = "<group>"; };
		8A142EB12CC7C4A5007B268A /* OrderListCoordinator.swift */ = {isa = PBXFileReference; lastKnownFileType = sourcecode.swift; path = OrderListCoordinator.swift; sourceTree = "<group>"; };
		8A142EB32CC7C4C6007B268A /* OrderListViewController.swift */ = {isa = PBXFileReference; lastKnownFileType = sourcecode.swift; path = OrderListViewController.swift; sourceTree = "<group>"; };
		8A142EB52CC7C4DA007B268A /* OrderListViewModel.swift */ = {isa = PBXFileReference; lastKnownFileType = sourcecode.swift; path = OrderListViewModel.swift; sourceTree = "<group>"; };
		8A142EB72CC7C4F6007B268A /* OrderTableViewCell.swift */ = {isa = PBXFileReference; lastKnownFileType = sourcecode.swift; path = OrderTableViewCell.swift; sourceTree = "<group>"; };
		8A142EB92CC7C4FE007B268A /* OrderCellViewModel.swift */ = {isa = PBXFileReference; lastKnownFileType = sourcecode.swift; path = OrderCellViewModel.swift; sourceTree = "<group>"; };
		8A142EBB2CC7C50D007B268A /* OrderDetailViewController.swift */ = {isa = PBXFileReference; lastKnownFileType = sourcecode.swift; path = OrderDetailViewController.swift; sourceTree = "<group>"; };
		8A142EBD2CC7C528007B268A /* OrderDetailView.swift */ = {isa = PBXFileReference; lastKnownFileType = sourcecode.swift; path = OrderDetailView.swift; sourceTree = "<group>"; };
		8A77DA1D2C2BF6130049FE10 /* UploadDocumentsTests.swift */ = {isa = PBXFileReference; lastKnownFileType = sourcecode.swift; path = UploadDocumentsTests.swift; sourceTree = "<group>"; };
		8ADEE2EF2C2BF9E4006D3526 /* GiniSetupHelper.swift */ = {isa = PBXFileReference; lastKnownFileType = sourcecode.swift; path = GiniSetupHelper.swift; sourceTree = "<group>"; };
		8ADEE2F22C2C3CCC006D3526 /* invoice-12MB.png */ = {isa = PBXFileReference; lastKnownFileType = image.png; path = "invoice-12MB.png"; sourceTree = "<group>"; };
		8ADEE2F82C2C4822006D3526 /* FileLoader.swift */ = {isa = PBXFileReference; lastKnownFileType = sourcecode.swift; path = FileLoader.swift; sourceTree = "<group>"; };
		F4206BBD2A1BB7CC00E5E101 /* ScreenAPICoordinator.swift */ = {isa = PBXFileReference; lastKnownFileType = sourcecode.swift; path = ScreenAPICoordinator.swift; sourceTree = "<group>"; };
		F4206BBF2A1BB86B00E5E101 /* RootNavigationController.swift */ = {isa = PBXFileReference; lastKnownFileType = sourcecode.swift; path = RootNavigationController.swift; sourceTree = "<group>"; };
		F4206BC12A1D012E00E5E101 /* HealthNetworkingService.swift */ = {isa = PBXFileReference; lastKnownFileType = sourcecode.swift; path = HealthNetworkingService.swift; sourceTree = "<group>"; };
		F42377252799ABB000FAC3D6 /* CloudKit.framework */ = {isa = PBXFileReference; lastKnownFileType = wrapper.framework; name = CloudKit.framework; path = System/Library/Frameworks/CloudKit.framework; sourceTree = SDKROOT; };
		F4366E62273D183C0054923F /* GiniHealthSDKExample.entitlements */ = {isa = PBXFileReference; lastKnownFileType = text.plist.entitlements; path = GiniHealthSDKExample.entitlements; sourceTree = "<group>"; };
		F464B17727CD2147001735B9 /* en */ = {isa = PBXFileReference; lastKnownFileType = text.plist.strings; name = en; path = en.lproj/Localizable.strings; sourceTree = "<group>"; };
		F464B17927CD214A001735B9 /* de */ = {isa = PBXFileReference; lastKnownFileType = text.plist.strings; name = de; path = de.lproj/Localizable.strings; sourceTree = "<group>"; };
		F4DB6420283546960027681C /* GiniHealthSDKPinningExampleIntegrationTests.swift */ = {isa = PBXFileReference; lastKnownFileType = sourcecode.swift; path = GiniHealthSDKPinningExampleIntegrationTests.swift; sourceTree = "<group>"; };
		F4DB642728354B2B0027681C /* GiniHealthSDKPinningExampleWrongCertificatesTests.swift */ = {isa = PBXFileReference; lastKnownFileType = sourcecode.swift; path = GiniHealthSDKPinningExampleWrongCertificatesTests.swift; sourceTree = "<group>"; };
		F4EC38BF273C21E4007045DC /* GiniHealthSDKExample.app */ = {isa = PBXFileReference; explicitFileType = wrapper.application; includeInIndex = 0; path = GiniHealthSDKExample.app; sourceTree = BUILT_PRODUCTS_DIR; };
		F4EC38C1273C21E4007045DC /* AppDelegate.swift */ = {isa = PBXFileReference; lastKnownFileType = sourcecode.swift; path = AppDelegate.swift; sourceTree = "<group>"; };
		F4EC38C3273C21E4007045DC /* SceneDelegate.swift */ = {isa = PBXFileReference; lastKnownFileType = sourcecode.swift; path = SceneDelegate.swift; sourceTree = "<group>"; };
		F4EC38C5273C21E4007045DC /* ViewController.swift */ = {isa = PBXFileReference; lastKnownFileType = sourcecode.swift; path = ViewController.swift; sourceTree = "<group>"; };
		F4EC38CD273C21E5007045DC /* Base */ = {isa = PBXFileReference; lastKnownFileType = file.storyboard; name = Base; path = Base.lproj/LaunchScreen.storyboard; sourceTree = "<group>"; };
		F4EC38CF273C21E5007045DC /* Info.plist */ = {isa = PBXFileReference; lastKnownFileType = text.plist.xml; path = Info.plist; sourceTree = "<group>"; };
		F4EC38D4273C21E6007045DC /* GiniHealthSDKExampleTests.xctest */ = {isa = PBXFileReference; explicitFileType = wrapper.cfbundle; includeInIndex = 0; path = GiniHealthSDKExampleTests.xctest; sourceTree = BUILT_PRODUCTS_DIR; };
		F4EC38D8273C21E6007045DC /* GiniHealthSDKExampleTests.swift */ = {isa = PBXFileReference; lastKnownFileType = sourcecode.swift; path = GiniHealthSDKExampleTests.swift; sourceTree = "<group>"; };
		F4EC38EF273C2310007045DC /* UIViewController+Utils.swift */ = {isa = PBXFileReference; fileEncoding = 4; lastKnownFileType = sourcecode.swift; path = "UIViewController+Utils.swift"; sourceTree = "<group>"; };
		F4EC38F2273C2311007045DC /* CredentialsManager.swift */ = {isa = PBXFileReference; fileEncoding = 4; lastKnownFileType = sourcecode.swift; path = CredentialsManager.swift; sourceTree = "<group>"; };
		F4EC38F4273C2311007045DC /* Base.lproj */ = {isa = PBXFileReference; lastKnownFileType = folder; path = Base.lproj; sourceTree = "<group>"; };
		F4EC38FB273C240F007045DC /* GiniHealthSDK */ = {isa = PBXFileReference; lastKnownFileType = folder; name = GiniHealthSDK; path = ../GiniHealthSDK; sourceTree = "<group>"; };
		F4EC38FC273C2432007045DC /* GiniCaptureSDK */ = {isa = PBXFileReference; lastKnownFileType = folder; name = GiniCaptureSDK; path = ../../CaptureSDK/GiniCaptureSDK; sourceTree = "<group>"; };
		F4EC3903273C2621007045DC /* AppCoordinator.swift */ = {isa = PBXFileReference; lastKnownFileType = sourcecode.swift; path = AppCoordinator.swift; sourceTree = "<group>"; };
		F4EC3904273C2621007045DC /* PartialDocument.swift */ = {isa = PBXFileReference; lastKnownFileType = sourcecode.swift; path = PartialDocument.swift; sourceTree = "<group>"; };
		F4EC3906273C2621007045DC /* Coordinator.swift */ = {isa = PBXFileReference; lastKnownFileType = sourcecode.swift; path = Coordinator.swift; sourceTree = "<group>"; };
		F4EC3907273C2621007045DC /* SelectAPIViewController.swift */ = {isa = PBXFileReference; lastKnownFileType = sourcecode.swift; path = SelectAPIViewController.swift; sourceTree = "<group>"; };
		F4EC3908273C2622007045DC /* UIViewController.swift */ = {isa = PBXFileReference; lastKnownFileType = sourcecode.swift; path = UIViewController.swift; sourceTree = "<group>"; };
		F4EC3912273C2B41007045DC /* Assets.xcassets */ = {isa = PBXFileReference; lastKnownFileType = folder.assetcatalog; path = Assets.xcassets; sourceTree = "<group>"; };
/* End PBXFileReference section */

/* Begin PBXFrameworksBuildPhase section */
		F4EC38BC273C21E4007045DC /* Frameworks */ = {
			isa = PBXFrameworksBuildPhase;
			buildActionMask = 2147483647;
			files = (
				F42377262799ABB000FAC3D6 /* CloudKit.framework in Frameworks */,
				F4206BBC2A1B9C6900E5E101 /* GiniCaptureSDK in Frameworks */,
				288F88542E4A5563004D7A60 /* FirebasePerformance in Frameworks */,
				288F88522E4A5563004D7A60 /* FirebaseCrashlytics in Frameworks */,
				288F88502E4A5563004D7A60 /* FirebaseAnalytics in Frameworks */,
				F4EC3900273C245E007045DC /* GiniHealthSDK in Frameworks */,
			);
			runOnlyForDeploymentPostprocessing = 0;
		};
		F4EC38D1273C21E6007045DC /* Frameworks */ = {
			isa = PBXFrameworksBuildPhase;
			buildActionMask = 2147483647;
			files = (
			);
			runOnlyForDeploymentPostprocessing = 0;
		};
/* End PBXFrameworksBuildPhase section */

/* Begin PBXGroup section */
		7DB661882B554A79004537AA /* InvoicesList */ = {
			isa = PBXGroup;
			children = (
				F4EC3908273C2622007045DC /* UIViewController.swift */,
				7DB661822B554622004537AA /* InvoicesListCoordinator.swift */,
				7DB661842B554A6F004537AA /* InvoicesListViewController.swift */,
				7DB6619A2B56AE80004537AA /* InvoicesListViewModel.swift */,
				7DB661892B554ADF004537AA /* InvoiceTableViewCell.swift */,
				7DB6619C2B56C0B7004537AA /* InvoiceTableViewCellModel.swift */,
				7DB6618A2B554ADF004537AA /* InvoiceTableViewCell.xib */,
				7DB6618F2B5687EA004537AA /* HardcodedInvoices */,
			);
			path = InvoicesList;
			sourceTree = "<group>";
		};
		7DB6618F2B5687EA004537AA /* HardcodedInvoices */ = {
			isa = PBXGroup;
			children = (
				7DB6618D2B5687B4004537AA /* HardcodedInvoices.swift */,
				7DB661932B5687F7004537AA /* health-invoice-1.jpg */,
				7DB661902B5687F7004537AA /* health-invoice-2.jpg */,
				7DB661912B5687F7004537AA /* health-invoice-3.jpg */,
				7DB661922B5687F7004537AA /* health-invoice-4.jpg */,
				7DB661942B5687F7004537AA /* health-invoice-5.jpg */,
			);
			path = HardcodedInvoices;
			sourceTree = "<group>";
		};
		8A142EB02CC7C484007B268A /* OrdersList */ = {
			isa = PBXGroup;
			children = (
				8A142EAE2CC7C38D007B268A /* HardcodedOrders.swift */,
				8A142EB12CC7C4A5007B268A /* OrderListCoordinator.swift */,
				8A142EB32CC7C4C6007B268A /* OrderListViewController.swift */,
				8A142EB52CC7C4DA007B268A /* OrderListViewModel.swift */,
				8A142EB72CC7C4F6007B268A /* OrderTableViewCell.swift */,
				8A142EB92CC7C4FE007B268A /* OrderCellViewModel.swift */,
				8A142EBB2CC7C50D007B268A /* OrderDetailViewController.swift */,
				8A142EBD2CC7C528007B268A /* OrderDetailView.swift */,
			);
			path = OrdersList;
			sourceTree = "<group>";
		};
		8ADEE2F12C2C3C9B006D3526 /* Resources */ = {
			isa = PBXGroup;
			children = (
				7DD0B95D2CF75E9100C5176C /* invoice-13MB.pdf */,
				8ADEE2F22C2C3CCC006D3526 /* invoice-12MB.png */,
			);
			path = Resources;
			sourceTree = "<group>";
		};
		F4C36A7F270C6EBF00CCC69C = {
			isa = PBXGroup;
			children = (
				288F88552E4A6289004D7A60 /* GoogleService-Info.plist */,
				F4C36A9F270C6F6B00CCC69C /* Packages */,
				F4EC38C0273C21E4007045DC /* GiniHealthSDKExample */,
				F4EC38D7273C21E6007045DC /* GiniHealthSDKExampleTests */,
				F4C36A89270C6EBF00CCC69C /* Products */,
				F4C36AA1270C6F9C00CCC69C /* Frameworks */,
			);
			sourceTree = "<group>";
		};
		F4C36A89270C6EBF00CCC69C /* Products */ = {
			isa = PBXGroup;
			children = (
				F4EC38BF273C21E4007045DC /* GiniHealthSDKExample.app */,
				F4EC38D4273C21E6007045DC /* GiniHealthSDKExampleTests.xctest */,
			);
			name = Products;
			sourceTree = "<group>";
		};
		F4C36A9F270C6F6B00CCC69C /* Packages */ = {
			isa = PBXGroup;
			children = (
				F4EC38FB273C240F007045DC /* GiniHealthSDK */,
				F4EC38FC273C2432007045DC /* GiniCaptureSDK */,
			);
			name = Packages;
			sourceTree = "<group>";
		};
		F4C36AA1270C6F9C00CCC69C /* Frameworks */ = {
			isa = PBXGroup;
			children = (
				F42377252799ABB000FAC3D6 /* CloudKit.framework */,
			);
			name = Frameworks;
			sourceTree = "<group>";
		};
		F4EC38C0273C21E4007045DC /* GiniHealthSDKExample */ = {
			isa = PBXGroup;
			children = (
				F4366E62273D183C0054923F /* GiniHealthSDKExample.entitlements */,
				F4EC3912273C2B41007045DC /* Assets.xcassets */,
				F4EC38C1273C21E4007045DC /* AppDelegate.swift */,
				F4206BBD2A1BB7CC00E5E101 /* ScreenAPICoordinator.swift */,
				F4206BC12A1D012E00E5E101 /* HealthNetworkingService.swift */,
				F4206BBF2A1BB86B00E5E101 /* RootNavigationController.swift */,
				F464B17827CD2147001735B9 /* Localizable.strings */,
				F4EC3903273C2621007045DC /* AppCoordinator.swift */,
				F4EC3906273C2621007045DC /* Coordinator.swift */,
				F4EC3904273C2621007045DC /* PartialDocument.swift */,
				50ED3DA42C34A16D004FC25C /* DebugMenuViewController.swift */,
				284A534F2A86493100183EA7 /* SelectAPIViewController.xib */,
				F4EC3907273C2621007045DC /* SelectAPIViewController.swift */,
				8A142EB02CC7C484007B268A /* OrdersList */,
				7DB661882B554A79004537AA /* InvoicesList */,
				F4EC38F4273C2311007045DC /* Base.lproj */,
				F4EC38F2273C2311007045DC /* CredentialsManager.swift */,
				F4EC38EF273C2310007045DC /* UIViewController+Utils.swift */,
				F4EC38C3273C21E4007045DC /* SceneDelegate.swift */,
				F4EC38C5273C21E4007045DC /* ViewController.swift */,
				7D6161C52BE1327E0091000B /* test_pdf.pdf */,
				8ADEE2F12C2C3C9B006D3526 /* Resources */,
				F4EC38CC273C21E5007045DC /* LaunchScreen.storyboard */,
				F4EC38CF273C21E5007045DC /* Info.plist */,
				282DD2C22E4B6AC600A4EDCE /* PrivacyInfo.xcprivacy */,
			);
			path = GiniHealthSDKExample;
			sourceTree = "<group>";
		};
		F4EC38D7273C21E6007045DC /* GiniHealthSDKExampleTests */ = {
			isa = PBXGroup;
			children = (
				3AC824B42CA2B16500DE37C0 /* GiniHealthSDKExampleTests.xctestplan */,
				F4DB6420283546960027681C /* GiniHealthSDKPinningExampleIntegrationTests.swift */,
				F4DB642728354B2B0027681C /* GiniHealthSDKPinningExampleWrongCertificatesTests.swift */,
				F4EC38D8273C21E6007045DC /* GiniHealthSDKExampleTests.swift */,
				8A77DA1D2C2BF6130049FE10 /* UploadDocumentsTests.swift */,
				8ADEE2F82C2C4822006D3526 /* FileLoader.swift */,
				8ADEE2EF2C2BF9E4006D3526 /* GiniSetupHelper.swift */,
				282DD2C42E4CB61C00A4EDCE /* AlternativeNavigationTests.swift */,
			);
			path = GiniHealthSDKExampleTests;
			sourceTree = "<group>";
		};
/* End PBXGroup section */

/* Begin PBXNativeTarget section */
		F4EC38BE273C21E4007045DC /* GiniHealthSDKExample */ = {
			isa = PBXNativeTarget;
			buildConfigurationList = F4EC38EC273C21E6007045DC /* Build configuration list for PBXNativeTarget "GiniHealthSDKExample" */;
			buildPhases = (
				F4EC38BB273C21E4007045DC /* Sources */,
				F4EC38BC273C21E4007045DC /* Frameworks */,
				F4EC38BD273C21E4007045DC /* Resources */,
				282DD2C12E4B2A8100A4EDCE /* Upload DSYM */,
			);
			buildRules = (
			);
			dependencies = (
			);
			name = GiniHealthSDKExample;
			packageProductDependencies = (
				F4EC38FF273C245E007045DC /* GiniHealthSDK */,
				F4206BBB2A1B9C6900E5E101 /* GiniCaptureSDK */,
				288F884F2E4A5563004D7A60 /* FirebaseAnalytics */,
				288F88512E4A5563004D7A60 /* FirebaseCrashlytics */,
				288F88532E4A5563004D7A60 /* FirebasePerformance */,
			);
			productName = GiniHealthSDKExample;
			productReference = F4EC38BF273C21E4007045DC /* GiniHealthSDKExample.app */;
			productType = "com.apple.product-type.application";
		};
		F4EC38D3273C21E6007045DC /* GiniHealthSDKExampleTests */ = {
			isa = PBXNativeTarget;
			buildConfigurationList = F4EC38ED273C21E6007045DC /* Build configuration list for PBXNativeTarget "GiniHealthSDKExampleTests" */;
			buildPhases = (
				F4EC38D0273C21E6007045DC /* Sources */,
				F4EC38D1273C21E6007045DC /* Frameworks */,
				F4EC38D2273C21E6007045DC /* Resources */,
			);
			buildRules = (
			);
			dependencies = (
				F4EC38D6273C21E6007045DC /* PBXTargetDependency */,
			);
			name = GiniHealthSDKExampleTests;
			productName = GiniHealthSDKExampleTests;
			productReference = F4EC38D4273C21E6007045DC /* GiniHealthSDKExampleTests.xctest */;
			productType = "com.apple.product-type.bundle.unit-test";
		};
/* End PBXNativeTarget section */

/* Begin PBXProject section */
		F4C36A80270C6EBF00CCC69C /* Project object */ = {
			isa = PBXProject;
			attributes = {
				BuildIndependentTargetsInParallel = 1;
				LastSwiftUpdateCheck = 1330;
				LastUpgradeCheck = 1300;
				TargetAttributes = {
					F4EC38BE273C21E4007045DC = {
						CreatedOnToolsVersion = 13.1;
					};
					F4EC38D3273C21E6007045DC = {
						CreatedOnToolsVersion = 13.1;
						TestTargetID = F4EC38BE273C21E4007045DC;
					};
				};
			};
			buildConfigurationList = F4C36A83270C6EBF00CCC69C /* Build configuration list for PBXProject "GiniHealthSDKExample" */;
			compatibilityVersion = "Xcode 13.0";
			developmentRegion = en;
			hasScannedForEncodings = 0;
			knownRegions = (
				en,
				Base,
				de,
			);
			mainGroup = F4C36A7F270C6EBF00CCC69C;
			packageReferences = (
				288F884E2E4A5563004D7A60 /* XCRemoteSwiftPackageReference "firebase-ios-sdk" */,
			);
			productRefGroup = F4C36A89270C6EBF00CCC69C /* Products */;
			projectDirPath = "";
			projectRoot = "";
			targets = (
				F4EC38BE273C21E4007045DC /* GiniHealthSDKExample */,
				F4EC38D3273C21E6007045DC /* GiniHealthSDKExampleTests */,
			);
		};
/* End PBXProject section */

/* Begin PBXResourcesBuildPhase section */
		F4EC38BD273C21E4007045DC /* Resources */ = {
			isa = PBXResourcesBuildPhase;
			buildActionMask = 2147483647;
			files = (
				F4EC38CE273C21E5007045DC /* LaunchScreen.storyboard in Resources */,
				7DB6618C2B554ADF004537AA /* InvoiceTableViewCell.xib in Resources */,
				288F88562E4A6289004D7A60 /* GoogleService-Info.plist in Resources */,
				7DB661952B5687F7004537AA /* health-invoice-2.jpg in Resources */,
				F464B17627CD2147001735B9 /* Localizable.strings in Resources */,
				F4EC38FA273C2311007045DC /* Base.lproj in Resources */,
				282DD2C32E4B6AC600A4EDCE /* PrivacyInfo.xcprivacy in Resources */,
				7DD0B95E2CF75E9100C5176C /* invoice-13MB.pdf in Resources */,
				7DB661992B5687F7004537AA /* health-invoice-5.jpg in Resources */,
				8ADEE2FA2C2CB2E4006D3526 /* invoice-12MB.png in Resources */,
				284A53502A86493100183EA7 /* SelectAPIViewController.xib in Resources */,
				7D6161C62BE1327E0091000B /* test_pdf.pdf in Resources */,
				F4EC3913273C2B41007045DC /* Assets.xcassets in Resources */,
				7DB661982B5687F7004537AA /* health-invoice-1.jpg in Resources */,
				7DB661972B5687F7004537AA /* health-invoice-4.jpg in Resources */,
				7DB661962B5687F7004537AA /* health-invoice-3.jpg in Resources */,
			);
			runOnlyForDeploymentPostprocessing = 0;
		};
		F4EC38D2273C21E6007045DC /* Resources */ = {
			isa = PBXResourcesBuildPhase;
			buildActionMask = 2147483647;
			files = (
			);
			runOnlyForDeploymentPostprocessing = 0;
		};
/* End PBXResourcesBuildPhase section */

/* Begin PBXShellScriptBuildPhase section */
		282DD2C12E4B2A8100A4EDCE /* Upload DSYM */ = {
			isa = PBXShellScriptBuildPhase;
			buildActionMask = 2147483647;
			files = (
			);
			inputFileListPaths = (
			);
			inputPaths = (
				"${DWARF_DSYM_FOLDER_PATH}/${DWARF_DSYM_FILE_NAME}",
				"${DWARF_DSYM_FOLDER_PATH}/${DWARF_DSYM_FILE_NAME}/Contents/Resources/DWARF/${PRODUCT_NAME}",
				"${DWARF_DSYM_FOLDER_PATH}/${DWARF_DSYM_FILE_NAME}/Contents/Info.plist",
				"$(TARGET_BUILD_DIR)/$(UNLOCALIZED_RESOURCES_FOLDER_PATH)/GoogleService-Info.plist",
				"$(TARGET_BUILD_DIR)/$(EXECUTABLE_PATH)",
			);
			name = "Upload DSYM";
			outputFileListPaths = (
			);
			outputPaths = (
			);
			runOnlyForDeploymentPostprocessing = 0;
			shellPath = /bin/sh;
			shellScript = "# Type a script or drag a script file from your workspace to insert its path.\n\"${BUILD_DIR%/Build/*}/SourcePackages/checkouts/firebase-ios-sdk/Crashlytics/run\"\n";
		};
/* End PBXShellScriptBuildPhase section */

/* Begin PBXSourcesBuildPhase section */
		F4EC38BB273C21E4007045DC /* Sources */ = {
			isa = PBXSourcesBuildPhase;
			buildActionMask = 2147483647;
			files = (
				7DB661832B554622004537AA /* InvoicesListCoordinator.swift in Sources */,
				F4EC390B273C2622007045DC /* SelectAPIViewController.swift in Sources */,
				F4206BC22A1D012E00E5E101 /* HealthNetworkingService.swift in Sources */,
				F4EC390D273C2622007045DC /* Coordinator.swift in Sources */,
				F4EC38F8273C2311007045DC /* CredentialsManager.swift in Sources */,
				8A142EBA2CC7C4FE007B268A /* OrderCellViewModel.swift in Sources */,
				7DB6618B2B554ADF004537AA /* InvoiceTableViewCell.swift in Sources */,
				F4EC38F5273C2311007045DC /* UIViewController+Utils.swift in Sources */,
				F4EC38C6273C21E4007045DC /* ViewController.swift in Sources */,
				7DB6618E2B5687B4004537AA /* HardcodedInvoices.swift in Sources */,
				F4EC3910273C2622007045DC /* UIViewController.swift in Sources */,
				7DB6619B2B56AE80004537AA /* InvoicesListViewModel.swift in Sources */,
				8A142EBC2CC7C50D007B268A /* OrderDetailViewController.swift in Sources */,
				F4206BC02A1BB86B00E5E101 /* RootNavigationController.swift in Sources */,
				8A142EAF2CC7C38D007B268A /* HardcodedOrders.swift in Sources */,
				F4EC38C2273C21E4007045DC /* AppDelegate.swift in Sources */,
				7DB661862B554A6F004537AA /* InvoicesListViewController.swift in Sources */,
				8A142EB62CC7C4DA007B268A /* OrderListViewModel.swift in Sources */,
				8A142EB82CC7C4F6007B268A /* OrderTableViewCell.swift in Sources */,
				F4EC38C4273C21E4007045DC /* SceneDelegate.swift in Sources */,
				50ED3DA52C34A16D004FC25C /* DebugMenuViewController.swift in Sources */,
				8A142EB22CC7C4A5007B268A /* OrderListCoordinator.swift in Sources */,
				F4206BBE2A1BB7CC00E5E101 /* ScreenAPICoordinator.swift in Sources */,
				F4EC390A273C2622007045DC /* AppCoordinator.swift in Sources */,
				8A142EB42CC7C4C6007B268A /* OrderListViewController.swift in Sources */,
				F4EC390E273C2622007045DC /* PartialDocument.swift in Sources */,
				8A142EBE2CC7C528007B268A /* OrderDetailView.swift in Sources */,
				7DB6619D2B56C0B7004537AA /* InvoiceTableViewCellModel.swift in Sources */,
			);
			runOnlyForDeploymentPostprocessing = 0;
		};
		F4EC38D0273C21E6007045DC /* Sources */ = {
			isa = PBXSourcesBuildPhase;
			buildActionMask = 2147483647;
			files = (
				8ADEE2F02C2BF9E4006D3526 /* GiniSetupHelper.swift in Sources */,
				8A77DA1E2C2BF6130049FE10 /* UploadDocumentsTests.swift in Sources */,
				504435172C5AE5D300105D0B /* GiniHealthSDKPinningExampleIntegrationTests.swift in Sources */,
				8ADEE2F92C2C4822006D3526 /* FileLoader.swift in Sources */,
				282DD2C52E4CB61C00A4EDCE /* AlternativeNavigationTests.swift in Sources */,
				504435182C5AE5D300105D0B /* GiniHealthSDKPinningExampleWrongCertificatesTests.swift in Sources */,
				F4EC38D9273C21E6007045DC /* GiniHealthSDKExampleTests.swift in Sources */,
			);
			runOnlyForDeploymentPostprocessing = 0;
		};
/* End PBXSourcesBuildPhase section */

/* Begin PBXTargetDependency section */
		F4EC38D6273C21E6007045DC /* PBXTargetDependency */ = {
			isa = PBXTargetDependency;
			target = F4EC38BE273C21E4007045DC /* GiniHealthSDKExample */;
			targetProxy = F4EC38D5273C21E6007045DC /* PBXContainerItemProxy */;
		};
/* End PBXTargetDependency section */

/* Begin PBXVariantGroup section */
		F464B17827CD2147001735B9 /* Localizable.strings */ = {
			isa = PBXVariantGroup;
			children = (
				F464B17727CD2147001735B9 /* en */,
				F464B17927CD214A001735B9 /* de */,
			);
			name = Localizable.strings;
			sourceTree = "<group>";
		};
		F4EC38CC273C21E5007045DC /* LaunchScreen.storyboard */ = {
			isa = PBXVariantGroup;
			children = (
				F4EC38CD273C21E5007045DC /* Base */,
			);
			name = LaunchScreen.storyboard;
			sourceTree = "<group>";
		};
/* End PBXVariantGroup section */

/* Begin XCBuildConfiguration section */
		F4C36A9A270C6EC200CCC69C /* Debug */ = {
			isa = XCBuildConfiguration;
			buildSettings = {
				ALWAYS_SEARCH_USER_PATHS = NO;
				CLANG_ANALYZER_LOCALIZABILITY_NONLOCALIZED = YES;
				CLANG_ANALYZER_NONNULL = YES;
				CLANG_ANALYZER_NUMBER_OBJECT_CONVERSION = YES_AGGRESSIVE;
				CLANG_CXX_LANGUAGE_STANDARD = "gnu++17";
				CLANG_CXX_LIBRARY = "libc++";
				CLANG_ENABLE_MODULES = YES;
				CLANG_ENABLE_OBJC_ARC = YES;
				CLANG_ENABLE_OBJC_WEAK = YES;
				CLANG_WARN_BLOCK_CAPTURE_AUTORELEASING = YES;
				CLANG_WARN_BOOL_CONVERSION = YES;
				CLANG_WARN_COMMA = YES;
				CLANG_WARN_CONSTANT_CONVERSION = YES;
				CLANG_WARN_DEPRECATED_OBJC_IMPLEMENTATIONS = YES;
				CLANG_WARN_DIRECT_OBJC_ISA_USAGE = YES_ERROR;
				CLANG_WARN_DOCUMENTATION_COMMENTS = YES;
				CLANG_WARN_EMPTY_BODY = YES;
				CLANG_WARN_ENUM_CONVERSION = YES;
				CLANG_WARN_INFINITE_RECURSION = YES;
				CLANG_WARN_INT_CONVERSION = YES;
				CLANG_WARN_NON_LITERAL_NULL_CONVERSION = YES;
				CLANG_WARN_OBJC_IMPLICIT_RETAIN_SELF = YES;
				CLANG_WARN_OBJC_LITERAL_CONVERSION = YES;
				CLANG_WARN_OBJC_ROOT_CLASS = YES_ERROR;
				CLANG_WARN_QUOTED_INCLUDE_IN_FRAMEWORK_HEADER = YES;
				CLANG_WARN_RANGE_LOOP_ANALYSIS = YES;
				CLANG_WARN_STRICT_PROTOTYPES = YES;
				CLANG_WARN_SUSPICIOUS_MOVE = YES;
				CLANG_WARN_UNGUARDED_AVAILABILITY = YES_AGGRESSIVE;
				CLANG_WARN_UNREACHABLE_CODE = YES;
				CLANG_WARN__DUPLICATE_METHOD_MATCH = YES;
				COPY_PHASE_STRIP = NO;
				DEBUG_INFORMATION_FORMAT = dwarf;
				DEVELOPMENT_TEAM = BQY9KX4V88;
				ENABLE_STRICT_OBJC_MSGSEND = YES;
				ENABLE_TESTABILITY = YES;
				GCC_C_LANGUAGE_STANDARD = gnu11;
				GCC_DYNAMIC_NO_PIC = NO;
				GCC_NO_COMMON_BLOCKS = YES;
				GCC_OPTIMIZATION_LEVEL = 0;
				GCC_PREPROCESSOR_DEFINITIONS = (
					"DEBUG=1",
					"$(inherited)",
				);
				GCC_WARN_64_TO_32_BIT_CONVERSION = YES;
				GCC_WARN_ABOUT_RETURN_TYPE = YES_ERROR;
				GCC_WARN_UNDECLARED_SELECTOR = YES;
				GCC_WARN_UNINITIALIZED_AUTOS = YES_AGGRESSIVE;
				GCC_WARN_UNUSED_FUNCTION = YES;
				GCC_WARN_UNUSED_VARIABLE = YES;
				IPHONEOS_DEPLOYMENT_TARGET = 13.0;
				MTL_ENABLE_DEBUG_INFO = INCLUDE_SOURCE;
				MTL_FAST_MATH = YES;
				ONLY_ACTIVE_ARCH = YES;
				SDKROOT = iphoneos;
				SWIFT_ACTIVE_COMPILATION_CONDITIONS = DEBUG;
				SWIFT_OPTIMIZATION_LEVEL = "-Onone";
			};
			name = Debug;
		};
		F4C36A9B270C6EC200CCC69C /* Release */ = {
			isa = XCBuildConfiguration;
			buildSettings = {
				ALWAYS_SEARCH_USER_PATHS = NO;
				CLANG_ANALYZER_LOCALIZABILITY_NONLOCALIZED = YES;
				CLANG_ANALYZER_NONNULL = YES;
				CLANG_ANALYZER_NUMBER_OBJECT_CONVERSION = YES_AGGRESSIVE;
				CLANG_CXX_LANGUAGE_STANDARD = "gnu++17";
				CLANG_CXX_LIBRARY = "libc++";
				CLANG_ENABLE_MODULES = YES;
				CLANG_ENABLE_OBJC_ARC = YES;
				CLANG_ENABLE_OBJC_WEAK = YES;
				CLANG_WARN_BLOCK_CAPTURE_AUTORELEASING = YES;
				CLANG_WARN_BOOL_CONVERSION = YES;
				CLANG_WARN_COMMA = YES;
				CLANG_WARN_CONSTANT_CONVERSION = YES;
				CLANG_WARN_DEPRECATED_OBJC_IMPLEMENTATIONS = YES;
				CLANG_WARN_DIRECT_OBJC_ISA_USAGE = YES_ERROR;
				CLANG_WARN_DOCUMENTATION_COMMENTS = YES;
				CLANG_WARN_EMPTY_BODY = YES;
				CLANG_WARN_ENUM_CONVERSION = YES;
				CLANG_WARN_INFINITE_RECURSION = YES;
				CLANG_WARN_INT_CONVERSION = YES;
				CLANG_WARN_NON_LITERAL_NULL_CONVERSION = YES;
				CLANG_WARN_OBJC_IMPLICIT_RETAIN_SELF = YES;
				CLANG_WARN_OBJC_LITERAL_CONVERSION = YES;
				CLANG_WARN_OBJC_ROOT_CLASS = YES_ERROR;
				CLANG_WARN_QUOTED_INCLUDE_IN_FRAMEWORK_HEADER = YES;
				CLANG_WARN_RANGE_LOOP_ANALYSIS = YES;
				CLANG_WARN_STRICT_PROTOTYPES = YES;
				CLANG_WARN_SUSPICIOUS_MOVE = YES;
				CLANG_WARN_UNGUARDED_AVAILABILITY = YES_AGGRESSIVE;
				CLANG_WARN_UNREACHABLE_CODE = YES;
				CLANG_WARN__DUPLICATE_METHOD_MATCH = YES;
				COPY_PHASE_STRIP = NO;
				DEBUG_INFORMATION_FORMAT = "dwarf-with-dsym";
				DEVELOPMENT_TEAM = BQY9KX4V88;
				ENABLE_NS_ASSERTIONS = NO;
				ENABLE_STRICT_OBJC_MSGSEND = YES;
				GCC_C_LANGUAGE_STANDARD = gnu11;
				GCC_NO_COMMON_BLOCKS = YES;
				GCC_WARN_64_TO_32_BIT_CONVERSION = YES;
				GCC_WARN_ABOUT_RETURN_TYPE = YES_ERROR;
				GCC_WARN_UNDECLARED_SELECTOR = YES;
				GCC_WARN_UNINITIALIZED_AUTOS = YES_AGGRESSIVE;
				GCC_WARN_UNUSED_FUNCTION = YES;
				GCC_WARN_UNUSED_VARIABLE = YES;
				IPHONEOS_DEPLOYMENT_TARGET = 13.0;
				MTL_ENABLE_DEBUG_INFO = NO;
				MTL_FAST_MATH = YES;
				SDKROOT = iphoneos;
				SWIFT_COMPILATION_MODE = wholemodule;
				SWIFT_OPTIMIZATION_LEVEL = "-O";
				VALIDATE_PRODUCT = YES;
			};
			name = Release;
		};
		F4EC38E6273C21E6007045DC /* Debug */ = {
			isa = XCBuildConfiguration;
			buildSettings = {
				ASSETCATALOG_COMPILER_APPICON_NAME = AppIcon;
				ASSETCATALOG_COMPILER_GLOBAL_ACCENT_COLOR_NAME = AccentColor;
				CODE_SIGN_ENTITLEMENTS = GiniHealthSDKExample/GiniHealthSDKExample.entitlements;
				CODE_SIGN_IDENTITY = "Apple Development";
				"CODE_SIGN_IDENTITY[sdk=iphoneos*]" = "iPhone Developer";
				CODE_SIGN_STYLE = Manual;
				CURRENT_PROJECT_VERSION = 1;
				DEVELOPMENT_TEAM = "";
				"DEVELOPMENT_TEAM[sdk=iphoneos*]" = JA825X8F7Z;
				GENERATE_INFOPLIST_FILE = YES;
				INFOPLIST_FILE = GiniHealthSDKExample/Info.plist;
				INFOPLIST_KEY_CFBundleDisplayName = GiniHealthSDKExample;
				INFOPLIST_KEY_LSApplicationCategoryType = "";
				INFOPLIST_KEY_LSSupportsOpeningDocumentsInPlace = YES;
				INFOPLIST_KEY_NSCameraUsageDescription = "for taking a picture of the document";
				INFOPLIST_KEY_NSPhotoLibraryAddUsageDescription = "for importing images from photo library";
				INFOPLIST_KEY_NSPhotoLibraryUsageDescription = "for importing images from photo library";
				INFOPLIST_KEY_UIApplicationSupportsIndirectInputEvents = YES;
				INFOPLIST_KEY_UILaunchStoryboardName = LaunchScreen;
				INFOPLIST_KEY_UIRequiredDeviceCapabilities = armv7;
				INFOPLIST_KEY_UISupportedInterfaceOrientations = "UIInterfaceOrientationLandscapeLeft UIInterfaceOrientationLandscapeRight UIInterfaceOrientationPortrait";
				INFOPLIST_KEY_UISupportedInterfaceOrientations_iPad = "UIInterfaceOrientationLandscapeLeft UIInterfaceOrientationLandscapeRight UIInterfaceOrientationPortrait UIInterfaceOrientationPortraitUpsideDown";
				INFOPLIST_KEY_UISupportsDocumentBrowser = YES;
				IPHONEOS_DEPLOYMENT_TARGET = 13.0;
				LD_RUNPATH_SEARCH_PATHS = (
					"$(inherited)",
					"@executable_path/Frameworks",
				);
				MARKETING_VERSION = 1.0;
				PRODUCT_BUNDLE_IDENTIFIER = net.gini.healthsdk.example;
				PRODUCT_NAME = "$(TARGET_NAME)";
				PROVISIONING_PROFILE_SPECIFIER = "";
				"PROVISIONING_PROFILE_SPECIFIER[sdk=iphoneos*]" = "match Development net.gini.healthsdk.example";
				SUPPORTED_PLATFORMS = "iphoneos iphonesimulator";
				SUPPORTS_MACCATALYST = NO;
				SUPPORTS_MAC_DESIGNED_FOR_IPHONE_IPAD = NO;
				SUPPORTS_XR_DESIGNED_FOR_IPHONE_IPAD = NO;
				SWIFT_EMIT_LOC_STRINGS = YES;
				SWIFT_VERSION = 5.0;
				TARGETED_DEVICE_FAMILY = "1,2";
			};
			name = Debug;
		};
		F4EC38E7273C21E6007045DC /* Release */ = {
			isa = XCBuildConfiguration;
			buildSettings = {
				ASSETCATALOG_COMPILER_APPICON_NAME = AppIcon;
				ASSETCATALOG_COMPILER_GLOBAL_ACCENT_COLOR_NAME = AccentColor;
				CODE_SIGN_ENTITLEMENTS = GiniHealthSDKExample/GiniHealthSDKExample.entitlements;
				CODE_SIGN_IDENTITY = "iPhone Distribution: Gini GmbH (JA825X8F7Z)";
				CODE_SIGN_STYLE = Manual;
				DEVELOPMENT_TEAM = JA825X8F7Z;
				"DEVELOPMENT_TEAM[sdk=iphoneos*]" = JA825X8F7Z;
				GENERATE_INFOPLIST_FILE = YES;
				INFOPLIST_FILE = GiniHealthSDKExample/Info.plist;
				INFOPLIST_KEY_CFBundleDisplayName = GiniHealthSDKExample;
				INFOPLIST_KEY_LSApplicationCategoryType = "";
				INFOPLIST_KEY_LSSupportsOpeningDocumentsInPlace = YES;
				INFOPLIST_KEY_NSCameraUsageDescription = "for taking a picture of the document";
				INFOPLIST_KEY_NSPhotoLibraryAddUsageDescription = "for importing images from photo library";
				INFOPLIST_KEY_NSPhotoLibraryUsageDescription = "for importing images from photo library";
				INFOPLIST_KEY_UIApplicationSupportsIndirectInputEvents = YES;
				INFOPLIST_KEY_UILaunchStoryboardName = LaunchScreen;
				INFOPLIST_KEY_UIRequiredDeviceCapabilities = armv7;
				INFOPLIST_KEY_UISupportedInterfaceOrientations = "UIInterfaceOrientationLandscapeLeft UIInterfaceOrientationLandscapeRight UIInterfaceOrientationPortrait";
				INFOPLIST_KEY_UISupportedInterfaceOrientations_iPad = "UIInterfaceOrientationLandscapeLeft UIInterfaceOrientationLandscapeRight UIInterfaceOrientationPortrait UIInterfaceOrientationPortraitUpsideDown";
				INFOPLIST_KEY_UISupportsDocumentBrowser = YES;
				IPHONEOS_DEPLOYMENT_TARGET = 13.0;
				LD_RUNPATH_SEARCH_PATHS = (
					"$(inherited)",
					"@executable_path/Frameworks",
				);
				MARKETING_VERSION = 1.0;
				PRODUCT_BUNDLE_IDENTIFIER = net.gini.healthsdk.example;
				PRODUCT_NAME = "$(TARGET_NAME)";
				PROVISIONING_PROFILE_SPECIFIER = "";
				"PROVISIONING_PROFILE_SPECIFIER[sdk=iphoneos*]" = "match AppStore net.gini.healthsdk.example";
				SUPPORTED_PLATFORMS = "iphoneos iphonesimulator";
				SUPPORTS_MACCATALYST = NO;
				SUPPORTS_MAC_DESIGNED_FOR_IPHONE_IPAD = NO;
				SUPPORTS_XR_DESIGNED_FOR_IPHONE_IPAD = NO;
				SWIFT_EMIT_LOC_STRINGS = YES;
				SWIFT_VERSION = 5.0;
				TARGETED_DEVICE_FAMILY = "1,2";
			};
			name = Release;
		};
		F4EC38E8273C21E6007045DC /* Debug */ = {
			isa = XCBuildConfiguration;
			buildSettings = {
				ALWAYS_EMBED_SWIFT_STANDARD_LIBRARIES = YES;
				BUNDLE_LOADER = "$(TEST_HOST)";
				CODE_SIGN_STYLE = Automatic;
				CURRENT_PROJECT_VERSION = 1;
				DEVELOPMENT_TEAM = JA825X8F7Z;
				GENERATE_INFOPLIST_FILE = YES;
				IPHONEOS_DEPLOYMENT_TARGET = 13.0;
				LD_RUNPATH_SEARCH_PATHS = (
					"$(inherited)",
					"@executable_path/Frameworks",
					"@loader_path/Frameworks",
				);
				MARKETING_VERSION = 1.0;
				PRODUCT_BUNDLE_IDENTIFIER = net.gini.bankapi.GiniHealthSDKExampleTests;
				PRODUCT_NAME = "$(TARGET_NAME)";
				SUPPORTED_PLATFORMS = "iphoneos iphonesimulator";
				SUPPORTS_MACCATALYST = NO;
				SUPPORTS_MAC_DESIGNED_FOR_IPHONE_IPAD = NO;
				SUPPORTS_XR_DESIGNED_FOR_IPHONE_IPAD = NO;
				SWIFT_EMIT_LOC_STRINGS = NO;
				SWIFT_VERSION = 5.0;
				TARGETED_DEVICE_FAMILY = "1,2";
				TEST_HOST = "$(BUILT_PRODUCTS_DIR)/GiniHealthSDKExample.app/GiniHealthSDKExample";
			};
			name = Debug;
		};
		F4EC38E9273C21E6007045DC /* Release */ = {
			isa = XCBuildConfiguration;
			buildSettings = {
				ALWAYS_EMBED_SWIFT_STANDARD_LIBRARIES = YES;
				BUNDLE_LOADER = "$(TEST_HOST)";
				CODE_SIGN_STYLE = Automatic;
				CURRENT_PROJECT_VERSION = 1;
				DEVELOPMENT_TEAM = JA825X8F7Z;
				GENERATE_INFOPLIST_FILE = YES;
				IPHONEOS_DEPLOYMENT_TARGET = 13.0;
				LD_RUNPATH_SEARCH_PATHS = (
					"$(inherited)",
					"@executable_path/Frameworks",
					"@loader_path/Frameworks",
				);
				MARKETING_VERSION = 1.0;
				PRODUCT_BUNDLE_IDENTIFIER = net.gini.bankapi.GiniHealthSDKExampleTests;
				PRODUCT_NAME = "$(TARGET_NAME)";
				SUPPORTED_PLATFORMS = "iphoneos iphonesimulator";
				SUPPORTS_MACCATALYST = NO;
				SUPPORTS_MAC_DESIGNED_FOR_IPHONE_IPAD = NO;
				SUPPORTS_XR_DESIGNED_FOR_IPHONE_IPAD = NO;
				SWIFT_EMIT_LOC_STRINGS = NO;
				SWIFT_VERSION = 5.0;
				TARGETED_DEVICE_FAMILY = "1,2";
				TEST_HOST = "$(BUILT_PRODUCTS_DIR)/GiniHealthSDKExample.app/GiniHealthSDKExample";
			};
			name = Release;
		};
/* End XCBuildConfiguration section */

/* Begin XCConfigurationList section */
		F4C36A83270C6EBF00CCC69C /* Build configuration list for PBXProject "GiniHealthSDKExample" */ = {
			isa = XCConfigurationList;
			buildConfigurations = (
				F4C36A9A270C6EC200CCC69C /* Debug */,
				F4C36A9B270C6EC200CCC69C /* Release */,
			);
			defaultConfigurationIsVisible = 0;
			defaultConfigurationName = Release;
		};
		F4EC38EC273C21E6007045DC /* Build configuration list for PBXNativeTarget "GiniHealthSDKExample" */ = {
			isa = XCConfigurationList;
			buildConfigurations = (
				F4EC38E6273C21E6007045DC /* Debug */,
				F4EC38E7273C21E6007045DC /* Release */,
			);
			defaultConfigurationIsVisible = 0;
			defaultConfigurationName = Release;
		};
		F4EC38ED273C21E6007045DC /* Build configuration list for PBXNativeTarget "GiniHealthSDKExampleTests" */ = {
			isa = XCConfigurationList;
			buildConfigurations = (
				F4EC38E8273C21E6007045DC /* Debug */,
				F4EC38E9273C21E6007045DC /* Release */,
			);
			defaultConfigurationIsVisible = 0;
			defaultConfigurationName = Release;
		};
/* End XCConfigurationList section */

/* Begin XCRemoteSwiftPackageReference section */
		288F884E2E4A5563004D7A60 /* XCRemoteSwiftPackageReference "firebase-ios-sdk" */ = {
			isa = XCRemoteSwiftPackageReference;
			repositoryURL = "https://github.com/firebase/firebase-ios-sdk.git";
			requirement = {
				kind = exactVersion;
				version = 12.1.0;
			};
		};
/* End XCRemoteSwiftPackageReference section */

/* Begin XCSwiftPackageProductDependency section */
		288F884F2E4A5563004D7A60 /* FirebaseAnalytics */ = {
			isa = XCSwiftPackageProductDependency;
			package = 288F884E2E4A5563004D7A60 /* XCRemoteSwiftPackageReference "firebase-ios-sdk" */;
			productName = FirebaseAnalytics;
		};
		288F88512E4A5563004D7A60 /* FirebaseCrashlytics */ = {
			isa = XCSwiftPackageProductDependency;
			package = 288F884E2E4A5563004D7A60 /* XCRemoteSwiftPackageReference "firebase-ios-sdk" */;
			productName = FirebaseCrashlytics;
		};
		288F88532E4A5563004D7A60 /* FirebasePerformance */ = {
			isa = XCSwiftPackageProductDependency;
			package = 288F884E2E4A5563004D7A60 /* XCRemoteSwiftPackageReference "firebase-ios-sdk" */;
			productName = FirebasePerformance;
		};
		F4206BBB2A1B9C6900E5E101 /* GiniCaptureSDK */ = {
			isa = XCSwiftPackageProductDependency;
			productName = GiniCaptureSDK;
		};
		F4EC38FF273C245E007045DC /* GiniHealthSDK */ = {
			isa = XCSwiftPackageProductDependency;
			productName = GiniHealthSDK;
		};
/* End XCSwiftPackageProductDependency section */
	};
	rootObject = F4C36A80270C6EBF00CCC69C /* Project object */;
}
