// !$*UTF8*$!
{
	archiveVersion = 1;
	classes = {
	};
	objectVersion = 55;
	objects = {

/* Begin PBXBuildFile section */
		4C9326312822D6CE0073C5AD /* GiniBankAPILibraryPinningIntegrationWrongCertificatesTests.swift in Sources */ = {isa = PBXBuildFile; fileRef = 4C9326302822D6CE0073C5AD /* GiniBankAPILibraryPinningIntegrationWrongCertificatesTests.swift */; };
		F44C6A23272AD82F00177319 /* AppDelegate.swift in Sources */ = {isa = PBXBuildFile; fileRef = F44C6A22272AD82F00177319 /* AppDelegate.swift */; };
		F44C6A25272AD82F00177319 /* SceneDelegate.swift in Sources */ = {isa = PBXBuildFile; fileRef = F44C6A24272AD82F00177319 /* SceneDelegate.swift */; };
		F44C6A27272AD82F00177319 /* ViewController.swift in Sources */ = {isa = PBXBuildFile; fileRef = F44C6A26272AD82F00177319 /* ViewController.swift */; };
		F44C6A2A272AD82F00177319 /* Main.storyboard in Resources */ = {isa = PBXBuildFile; fileRef = F44C6A28272AD82F00177319 /* Main.storyboard */; };
		F44C6A2C272AD83000177319 /* Assets.xcassets in Resources */ = {isa = PBXBuildFile; fileRef = F44C6A2B272AD83000177319 /* Assets.xcassets */; };
		F44C6A2F272AD83000177319 /* LaunchScreen.storyboard in Resources */ = {isa = PBXBuildFile; fileRef = F44C6A2D272AD83000177319 /* LaunchScreen.storyboard */; };
		F44C6A62272AFB4F00177319 /* GiniBankAPILibraryPinning in Frameworks */ = {isa = PBXBuildFile; productRef = F44C6A61272AFB4F00177319 /* GiniBankAPILibraryPinning */; };
		F4CBE2FE28204E7900B28220 /* GiniBankAPILibraryPinningIntegrationTests.swift in Sources */ = {isa = PBXBuildFile; fileRef = F4CBE2FD28204E7900B28220 /* GiniBankAPILibraryPinningIntegrationTests.swift */; };
		F4CBE35A2822745600B28220 /* GiniBankAPILibraryPinningTests.swift in Sources */ = {isa = PBXBuildFile; fileRef = F4CBE3582822745500B28220 /* GiniBankAPILibraryPinningTests.swift */; };
		F4CBE35B2822745600B28220 /* ExtractionFeedbackIntegrationTest.swift in Sources */ = {isa = PBXBuildFile; fileRef = F4CBE3592822745600B28220 /* ExtractionFeedbackIntegrationTest.swift */; };
		F4CBE36028229FF700B28220 /* result_Gini_invoice_example.json in Resources */ = {isa = PBXBuildFile; fileRef = F4CBE35D28229FF700B28220 /* result_Gini_invoice_example.json */; };
		F4CBE36128229FF700B28220 /* Gini_invoice_example.pdf in Resources */ = {isa = PBXBuildFile; fileRef = F4CBE35E28229FF700B28220 /* Gini_invoice_example.pdf */; };
		F4CBE36228229FF700B28220 /* result_Gini_invoice_example_after_feedback.json in Resources */ = {isa = PBXBuildFile; fileRef = F4CBE35F28229FF700B28220 /* result_Gini_invoice_example_after_feedback.json */; };
		F4CBE3632822A01C00B28220 /* result_Gini_invoice_example.json in Resources */ = {isa = PBXBuildFile; fileRef = F4CBE35D28229FF700B28220 /* result_Gini_invoice_example.json */; };
		F4CBE3642822A02000B28220 /* Gini_invoice_example.pdf in Resources */ = {isa = PBXBuildFile; fileRef = F4CBE35E28229FF700B28220 /* Gini_invoice_example.pdf */; };
		F4CBE3652822A02400B28220 /* result_Gini_invoice_example_after_feedback.json in Resources */ = {isa = PBXBuildFile; fileRef = F4CBE35F28229FF700B28220 /* result_Gini_invoice_example_after_feedback.json */; };
/* End PBXBuildFile section */

/* Begin PBXContainerItemProxy section */
		F4CBE2F828204E6D00B28220 /* PBXContainerItemProxy */ = {
			isa = PBXContainerItemProxy;
			containerPortal = F44C6A17272AD82F00177319 /* Project object */;
			proxyType = 1;
			remoteGlobalIDString = F44C6A1E272AD82F00177319;
			remoteInfo = GiniBankAPILibraryPinningExample;
		};
/* End PBXContainerItemProxy section */

/* Begin PBXFileReference section */
		4C9326302822D6CE0073C5AD /* GiniBankAPILibraryPinningIntegrationWrongCertificatesTests.swift */ = {isa = PBXFileReference; fileEncoding = 4; lastKnownFileType = sourcecode.swift; path = GiniBankAPILibraryPinningIntegrationWrongCertificatesTests.swift; sourceTree = "<group>"; };
		F44C6A1F272AD82F00177319 /* GiniBankAPILibraryPinningExample.app */ = {isa = PBXFileReference; explicitFileType = wrapper.application; includeInIndex = 0; path = GiniBankAPILibraryPinningExample.app; sourceTree = BUILT_PRODUCTS_DIR; };
		F44C6A22272AD82F00177319 /* AppDelegate.swift */ = {isa = PBXFileReference; lastKnownFileType = sourcecode.swift; path = AppDelegate.swift; sourceTree = "<group>"; };
		F44C6A24272AD82F00177319 /* SceneDelegate.swift */ = {isa = PBXFileReference; lastKnownFileType = sourcecode.swift; path = SceneDelegate.swift; sourceTree = "<group>"; };
		F44C6A26272AD82F00177319 /* ViewController.swift */ = {isa = PBXFileReference; lastKnownFileType = sourcecode.swift; path = ViewController.swift; sourceTree = "<group>"; };
		F44C6A29272AD82F00177319 /* Base */ = {isa = PBXFileReference; lastKnownFileType = file.storyboard; name = Base; path = Base.lproj/Main.storyboard; sourceTree = "<group>"; };
		F44C6A2B272AD83000177319 /* Assets.xcassets */ = {isa = PBXFileReference; lastKnownFileType = folder.assetcatalog; path = Assets.xcassets; sourceTree = "<group>"; };
		F44C6A2E272AD83000177319 /* Base */ = {isa = PBXFileReference; lastKnownFileType = file.storyboard; name = Base; path = Base.lproj/LaunchScreen.storyboard; sourceTree = "<group>"; };
		F44C6A30272AD83000177319 /* Info.plist */ = {isa = PBXFileReference; lastKnownFileType = text.plist.xml; path = Info.plist; sourceTree = "<group>"; };
		F44C6A5B272AEDA800177319 /* GiniBankAPILibraryExample.entitlements */ = {isa = PBXFileReference; lastKnownFileType = text.plist.entitlements; path = GiniBankAPILibraryExample.entitlements; sourceTree = "<group>"; };
		F44C6A60272AFB1F00177319 /* GiniBankAPILibraryPinning */ = {isa = PBXFileReference; lastKnownFileType = folder; name = GiniBankAPILibraryPinning; path = ../GiniBankAPILibraryPinning; sourceTree = "<group>"; };
		F4CBE2F428204E6D00B28220 /* GiniBankAPILibraryPinningExampleTests.xctest */ = {isa = PBXFileReference; explicitFileType = wrapper.cfbundle; includeInIndex = 0; path = GiniBankAPILibraryPinningExampleTests.xctest; sourceTree = BUILT_PRODUCTS_DIR; };
		F4CBE2FD28204E7900B28220 /* GiniBankAPILibraryPinningIntegrationTests.swift */ = {isa = PBXFileReference; lastKnownFileType = sourcecode.swift; path = GiniBankAPILibraryPinningIntegrationTests.swift; sourceTree = "<group>"; };
		F4CBE3582822745500B28220 /* GiniBankAPILibraryPinningTests.swift */ = {isa = PBXFileReference; fileEncoding = 4; lastKnownFileType = sourcecode.swift; path = GiniBankAPILibraryPinningTests.swift; sourceTree = "<group>"; };
		F4CBE3592822745600B28220 /* ExtractionFeedbackIntegrationTest.swift */ = {isa = PBXFileReference; fileEncoding = 4; lastKnownFileType = sourcecode.swift; path = ExtractionFeedbackIntegrationTest.swift; sourceTree = "<group>"; };
		F4CBE35D28229FF700B28220 /* result_Gini_invoice_example.json */ = {isa = PBXFileReference; fileEncoding = 4; lastKnownFileType = text.json; path = result_Gini_invoice_example.json; sourceTree = "<group>"; };
		F4CBE35E28229FF700B28220 /* Gini_invoice_example.pdf */ = {isa = PBXFileReference; lastKnownFileType = image.pdf; path = Gini_invoice_example.pdf; sourceTree = "<group>"; };
		F4CBE35F28229FF700B28220 /* result_Gini_invoice_example_after_feedback.json */ = {isa = PBXFileReference; fileEncoding = 4; lastKnownFileType = text.json; path = result_Gini_invoice_example_after_feedback.json; sourceTree = "<group>"; };
/* End PBXFileReference section */

/* Begin PBXFrameworksBuildPhase section */
		F44C6A1C272AD82F00177319 /* Frameworks */ = {
			isa = PBXFrameworksBuildPhase;
			buildActionMask = 2147483647;
			files = (
				F44C6A62272AFB4F00177319 /* GiniBankAPILibraryPinning in Frameworks */,
			);
			runOnlyForDeploymentPostprocessing = 0;
		};
		F4CBE2F128204E6D00B28220 /* Frameworks */ = {
			isa = PBXFrameworksBuildPhase;
			buildActionMask = 2147483647;
			files = (
			);
			runOnlyForDeploymentPostprocessing = 0;
		};
/* End PBXFrameworksBuildPhase section */

/* Begin PBXGroup section */
		F44C6A16272AD82F00177319 = {
			isa = PBXGroup;
			children = (
				F44C6A56272ADADF00177319 /* Packages */,
				F44C6A21272AD82F00177319 /* GiniBankAPILibraryExample */,
				F4CBE2F528204E6D00B28220 /* GiniBankAPILibraryPinningExampleTests */,
				F44C6A20272AD82F00177319 /* Products */,
				F44C6A58272ADB0600177319 /* Frameworks */,
			);
			sourceTree = "<group>";
		};
		F44C6A20272AD82F00177319 /* Products */ = {
			isa = PBXGroup;
			children = (
				F44C6A1F272AD82F00177319 /* GiniBankAPILibraryPinningExample.app */,
				F4CBE2F428204E6D00B28220 /* GiniBankAPILibraryPinningExampleTests.xctest */,
			);
			name = Products;
			sourceTree = "<group>";
		};
		F44C6A21272AD82F00177319 /* GiniBankAPILibraryExample */ = {
			isa = PBXGroup;
			children = (
				F44C6A5B272AEDA800177319 /* GiniBankAPILibraryExample.entitlements */,
				F44C6A22272AD82F00177319 /* AppDelegate.swift */,
				F44C6A24272AD82F00177319 /* SceneDelegate.swift */,
				F44C6A26272AD82F00177319 /* ViewController.swift */,
				F44C6A28272AD82F00177319 /* Main.storyboard */,
				F44C6A2B272AD83000177319 /* Assets.xcassets */,
				F44C6A2D272AD83000177319 /* LaunchScreen.storyboard */,
				F44C6A30272AD83000177319 /* Info.plist */,
			);
			path = GiniBankAPILibraryExample;
			sourceTree = "<group>";
		};
		F44C6A56272ADADF00177319 /* Packages */ = {
			isa = PBXGroup;
			children = (
				F44C6A60272AFB1F00177319 /* GiniBankAPILibraryPinning */,
			);
			name = Packages;
			sourceTree = "<group>";
		};
		F44C6A58272ADB0600177319 /* Frameworks */ = {
			isa = PBXGroup;
			children = (
			);
			name = Frameworks;
			sourceTree = "<group>";
		};
		F4CBE2F528204E6D00B28220 /* GiniBankAPILibraryPinningExampleTests */ = {
			isa = PBXGroup;
			children = (
				F4CBE35C28229FF700B28220 /* Resources */,
				F4CBE3592822745600B28220 /* ExtractionFeedbackIntegrationTest.swift */,
				F4CBE3582822745500B28220 /* GiniBankAPILibraryPinningTests.swift */,
				F4CBE2FD28204E7900B28220 /* GiniBankAPILibraryPinningIntegrationTests.swift */,
				4C9326302822D6CE0073C5AD /* GiniBankAPILibraryPinningIntegrationWrongCertificatesTests.swift */,
			);
			path = GiniBankAPILibraryPinningExampleTests;
			sourceTree = "<group>";
		};
		F4CBE35C28229FF700B28220 /* Resources */ = {
			isa = PBXGroup;
			children = (
				F4CBE35D28229FF700B28220 /* result_Gini_invoice_example.json */,
				F4CBE35E28229FF700B28220 /* Gini_invoice_example.pdf */,
				F4CBE35F28229FF700B28220 /* result_Gini_invoice_example_after_feedback.json */,
			);
			path = Resources;
			sourceTree = "<group>";
		};
/* End PBXGroup section */

/* Begin PBXNativeTarget section */
		F44C6A1E272AD82F00177319 /* GiniBankAPILibraryPinningExample */ = {
			isa = PBXNativeTarget;
			buildConfigurationList = F44C6A49272AD83000177319 /* Build configuration list for PBXNativeTarget "GiniBankAPILibraryPinningExample" */;
			buildPhases = (
				F44C6A1B272AD82F00177319 /* Sources */,
				F44C6A1C272AD82F00177319 /* Frameworks */,
				F44C6A1D272AD82F00177319 /* Resources */,
			);
			buildRules = (
			);
			dependencies = (
			);
			name = GiniBankAPILibraryPinningExample;
			packageProductDependencies = (
				F44C6A61272AFB4F00177319 /* GiniBankAPILibraryPinning */,
			);
			productName = GiniBankAPILibraryExample;
			productReference = F44C6A1F272AD82F00177319 /* GiniBankAPILibraryPinningExample.app */;
			productType = "com.apple.product-type.application";
		};
		F4CBE2F328204E6D00B28220 /* GiniBankAPILibraryPinningExampleTests */ = {
			isa = PBXNativeTarget;
			buildConfigurationList = F4CBE2FA28204E6D00B28220 /* Build configuration list for PBXNativeTarget "GiniBankAPILibraryPinningExampleTests" */;
			buildPhases = (
				F4CBE2F028204E6D00B28220 /* Sources */,
				F4CBE2F128204E6D00B28220 /* Frameworks */,
				F4CBE2F228204E6D00B28220 /* Resources */,
			);
			buildRules = (
			);
			dependencies = (
				F4CBE2F928204E6D00B28220 /* PBXTargetDependency */,
			);
			name = GiniBankAPILibraryPinningExampleTests;
			productName = GiniBankAPILibraryPinningExampleTests;
			productReference = F4CBE2F428204E6D00B28220 /* GiniBankAPILibraryPinningExampleTests.xctest */;
			productType = "com.apple.product-type.bundle.unit-test";
		};
/* End PBXNativeTarget section */

/* Begin PBXProject section */
		F44C6A17272AD82F00177319 /* Project object */ = {
			isa = PBXProject;
			attributes = {
				BuildIndependentTargetsInParallel = 1;
				LastSwiftUpdateCheck = 1330;
				LastUpgradeCheck = 1310;
				TargetAttributes = {
					F44C6A1E272AD82F00177319 = {
						CreatedOnToolsVersion = 13.1;
					};
					F4CBE2F328204E6D00B28220 = {
						CreatedOnToolsVersion = 13.3.1;
						TestTargetID = F44C6A1E272AD82F00177319;
					};
				};
			};
			buildConfigurationList = F44C6A1A272AD82F00177319 /* Build configuration list for PBXProject "GiniBankAPILibraryPinningExample" */;
			compatibilityVersion = "Xcode 13.0";
			developmentRegion = en;
			hasScannedForEncodings = 0;
			knownRegions = (
				en,
				Base,
			);
			mainGroup = F44C6A16272AD82F00177319;
			productRefGroup = F44C6A20272AD82F00177319 /* Products */;
			projectDirPath = "";
			projectRoot = "";
			targets = (
				F44C6A1E272AD82F00177319 /* GiniBankAPILibraryPinningExample */,
				F4CBE2F328204E6D00B28220 /* GiniBankAPILibraryPinningExampleTests */,
			);
		};
/* End PBXProject section */

/* Begin PBXResourcesBuildPhase section */
		F44C6A1D272AD82F00177319 /* Resources */ = {
			isa = PBXResourcesBuildPhase;
			buildActionMask = 2147483647;
			files = (
				F4CBE3632822A01C00B28220 /* result_Gini_invoice_example.json in Resources */,
				F44C6A2F272AD83000177319 /* LaunchScreen.storyboard in Resources */,
				F44C6A2C272AD83000177319 /* Assets.xcassets in Resources */,
				F4CBE3642822A02000B28220 /* Gini_invoice_example.pdf in Resources */,
				F4CBE3652822A02400B28220 /* result_Gini_invoice_example_after_feedback.json in Resources */,
				F44C6A2A272AD82F00177319 /* Main.storyboard in Resources */,
			);
			runOnlyForDeploymentPostprocessing = 0;
		};
		F4CBE2F228204E6D00B28220 /* Resources */ = {
			isa = PBXResourcesBuildPhase;
			buildActionMask = 2147483647;
			files = (
				F4CBE36128229FF700B28220 /* Gini_invoice_example.pdf in Resources */,
				F4CBE36228229FF700B28220 /* result_Gini_invoice_example_after_feedback.json in Resources */,
				F4CBE36028229FF700B28220 /* result_Gini_invoice_example.json in Resources */,
			);
			runOnlyForDeploymentPostprocessing = 0;
		};
/* End PBXResourcesBuildPhase section */

/* Begin PBXSourcesBuildPhase section */
		F44C6A1B272AD82F00177319 /* Sources */ = {
			isa = PBXSourcesBuildPhase;
			buildActionMask = 2147483647;
			files = (
				F44C6A27272AD82F00177319 /* ViewController.swift in Sources */,
				F44C6A23272AD82F00177319 /* AppDelegate.swift in Sources */,
				F44C6A25272AD82F00177319 /* SceneDelegate.swift in Sources */,
			);
			runOnlyForDeploymentPostprocessing = 0;
		};
		F4CBE2F028204E6D00B28220 /* Sources */ = {
			isa = PBXSourcesBuildPhase;
			buildActionMask = 2147483647;
			files = (
				4C9326312822D6CE0073C5AD /* GiniBankAPILibraryPinningIntegrationWrongCertificatesTests.swift in Sources */,
				F4CBE2FE28204E7900B28220 /* GiniBankAPILibraryPinningIntegrationTests.swift in Sources */,
				F4CBE35A2822745600B28220 /* GiniBankAPILibraryPinningTests.swift in Sources */,
				F4CBE35B2822745600B28220 /* ExtractionFeedbackIntegrationTest.swift in Sources */,
			);
			runOnlyForDeploymentPostprocessing = 0;
		};
/* End PBXSourcesBuildPhase section */

/* Begin PBXTargetDependency section */
		F4CBE2F928204E6D00B28220 /* PBXTargetDependency */ = {
			isa = PBXTargetDependency;
			target = F44C6A1E272AD82F00177319 /* GiniBankAPILibraryPinningExample */;
			targetProxy = F4CBE2F828204E6D00B28220 /* PBXContainerItemProxy */;
		};
/* End PBXTargetDependency section */

/* Begin PBXVariantGroup section */
		F44C6A28272AD82F00177319 /* Main.storyboard */ = {
			isa = PBXVariantGroup;
			children = (
				F44C6A29272AD82F00177319 /* Base */,
			);
			name = Main.storyboard;
			sourceTree = "<group>";
		};
		F44C6A2D272AD83000177319 /* LaunchScreen.storyboard */ = {
			isa = PBXVariantGroup;
			children = (
				F44C6A2E272AD83000177319 /* Base */,
			);
			name = LaunchScreen.storyboard;
			sourceTree = "<group>";
		};
/* End PBXVariantGroup section */

/* Begin XCBuildConfiguration section */
		F44C6A47272AD83000177319 /* Debug */ = {
			isa = XCBuildConfiguration;
			buildSettings = {
				ALWAYS_SEARCH_USER_PATHS = NO;
				CLANG_ANALYZER_NONNULL = YES;
				CLANG_ANALYZER_NUMBER_OBJECT_CONVERSION = YES_AGGRESSIVE;
				CLANG_CXX_LANGUAGE_STANDARD = "gnu++17";
				CLANG_CXX_LIBRARY = "libc++";
				CLANG_ENABLE_MODULES = YES;
				CLANG_ENABLE_OBJC_ARC = YES;
				CLANG_ENABLE_OBJC_WEAK = YES;
				CLANG_WARN_BLOCK_CAPTURE_AUTORELEASING = YES;
				CLANG_WARN_BOOL_CONVERSION = YES;
				CLANG_WARN_COMMA = YES;
				CLANG_WARN_CONSTANT_CONVERSION = YES;
				CLANG_WARN_DEPRECATED_OBJC_IMPLEMENTATIONS = YES;
				CLANG_WARN_DIRECT_OBJC_ISA_USAGE = YES_ERROR;
				CLANG_WARN_DOCUMENTATION_COMMENTS = YES;
				CLANG_WARN_EMPTY_BODY = YES;
				CLANG_WARN_ENUM_CONVERSION = YES;
				CLANG_WARN_INFINITE_RECURSION = YES;
				CLANG_WARN_INT_CONVERSION = YES;
				CLANG_WARN_NON_LITERAL_NULL_CONVERSION = YES;
				CLANG_WARN_OBJC_IMPLICIT_RETAIN_SELF = YES;
				CLANG_WARN_OBJC_LITERAL_CONVERSION = YES;
				CLANG_WARN_OBJC_ROOT_CLASS = YES_ERROR;
				CLANG_WARN_QUOTED_INCLUDE_IN_FRAMEWORK_HEADER = YES;
				CLANG_WARN_RANGE_LOOP_ANALYSIS = YES;
				CLANG_WARN_STRICT_PROTOTYPES = YES;
				CLANG_WARN_SUSPICIOUS_MOVE = YES;
				CLANG_WARN_UNGUARDED_AVAILABILITY = YES_AGGRESSIVE;
				CLANG_WARN_UNREACHABLE_CODE = YES;
				CLANG_WARN__DUPLICATE_METHOD_MATCH = YES;
				COPY_PHASE_STRIP = NO;
				DEBUG_INFORMATION_FORMAT = dwarf;
				ENABLE_STRICT_OBJC_MSGSEND = YES;
				ENABLE_TESTABILITY = YES;
				GCC_C_LANGUAGE_STANDARD = gnu11;
				GCC_DYNAMIC_NO_PIC = NO;
				GCC_NO_COMMON_BLOCKS = YES;
				GCC_OPTIMIZATION_LEVEL = 0;
				GCC_PREPROCESSOR_DEFINITIONS = (
					"DEBUG=1",
					"$(inherited)",
				);
				GCC_WARN_64_TO_32_BIT_CONVERSION = YES;
				GCC_WARN_ABOUT_RETURN_TYPE = YES_ERROR;
				GCC_WARN_UNDECLARED_SELECTOR = YES;
				GCC_WARN_UNINITIALIZED_AUTOS = YES_AGGRESSIVE;
				GCC_WARN_UNUSED_FUNCTION = YES;
				GCC_WARN_UNUSED_VARIABLE = YES;
				IPHONEOS_DEPLOYMENT_TARGET = 13.0;
				MTL_ENABLE_DEBUG_INFO = INCLUDE_SOURCE;
				MTL_FAST_MATH = YES;
				ONLY_ACTIVE_ARCH = YES;
				SDKROOT = iphoneos;
				SWIFT_ACTIVE_COMPILATION_CONDITIONS = DEBUG;
				SWIFT_OPTIMIZATION_LEVEL = "-Onone";
			};
			name = Debug;
		};
		F44C6A48272AD83000177319 /* Release */ = {
			isa = XCBuildConfiguration;
			buildSettings = {
				ALWAYS_SEARCH_USER_PATHS = NO;
				CLANG_ANALYZER_NONNULL = YES;
				CLANG_ANALYZER_NUMBER_OBJECT_CONVERSION = YES_AGGRESSIVE;
				CLANG_CXX_LANGUAGE_STANDARD = "gnu++17";
				CLANG_CXX_LIBRARY = "libc++";
				CLANG_ENABLE_MODULES = YES;
				CLANG_ENABLE_OBJC_ARC = YES;
				CLANG_ENABLE_OBJC_WEAK = YES;
				CLANG_WARN_BLOCK_CAPTURE_AUTORELEASING = YES;
				CLANG_WARN_BOOL_CONVERSION = YES;
				CLANG_WARN_COMMA = YES;
				CLANG_WARN_CONSTANT_CONVERSION = YES;
				CLANG_WARN_DEPRECATED_OBJC_IMPLEMENTATIONS = YES;
				CLANG_WARN_DIRECT_OBJC_ISA_USAGE = YES_ERROR;
				CLANG_WARN_DOCUMENTATION_COMMENTS = YES;
				CLANG_WARN_EMPTY_BODY = YES;
				CLANG_WARN_ENUM_CONVERSION = YES;
				CLANG_WARN_INFINITE_RECURSION = YES;
				CLANG_WARN_INT_CONVERSION = YES;
				CLANG_WARN_NON_LITERAL_NULL_CONVERSION = YES;
				CLANG_WARN_OBJC_IMPLICIT_RETAIN_SELF = YES;
				CLANG_WARN_OBJC_LITERAL_CONVERSION = YES;
				CLANG_WARN_OBJC_ROOT_CLASS = YES_ERROR;
				CLANG_WARN_QUOTED_INCLUDE_IN_FRAMEWORK_HEADER = YES;
				CLANG_WARN_RANGE_LOOP_ANALYSIS = YES;
				CLANG_WARN_STRICT_PROTOTYPES = YES;
				CLANG_WARN_SUSPICIOUS_MOVE = YES;
				CLANG_WARN_UNGUARDED_AVAILABILITY = YES_AGGRESSIVE;
				CLANG_WARN_UNREACHABLE_CODE = YES;
				CLANG_WARN__DUPLICATE_METHOD_MATCH = YES;
				COPY_PHASE_STRIP = NO;
				DEBUG_INFORMATION_FORMAT = "dwarf-with-dsym";
				ENABLE_NS_ASSERTIONS = NO;
				ENABLE_STRICT_OBJC_MSGSEND = YES;
				GCC_C_LANGUAGE_STANDARD = gnu11;
				GCC_NO_COMMON_BLOCKS = YES;
				GCC_WARN_64_TO_32_BIT_CONVERSION = YES;
				GCC_WARN_ABOUT_RETURN_TYPE = YES_ERROR;
				GCC_WARN_UNDECLARED_SELECTOR = YES;
				GCC_WARN_UNINITIALIZED_AUTOS = YES_AGGRESSIVE;
				GCC_WARN_UNUSED_FUNCTION = YES;
				GCC_WARN_UNUSED_VARIABLE = YES;
				IPHONEOS_DEPLOYMENT_TARGET = 13.0;
				MTL_ENABLE_DEBUG_INFO = NO;
				MTL_FAST_MATH = YES;
				SDKROOT = iphoneos;
				SWIFT_COMPILATION_MODE = wholemodule;
				SWIFT_OPTIMIZATION_LEVEL = "-O";
				VALIDATE_PRODUCT = YES;
			};
			name = Release;
		};
		F44C6A4A272AD83000177319 /* Debug */ = {
			isa = XCBuildConfiguration;
			buildSettings = {
				ASSETCATALOG_COMPILER_APPICON_NAME = AppIcon;
				ASSETCATALOG_COMPILER_GLOBAL_ACCENT_COLOR_NAME = AccentColor;
				CODE_SIGN_ENTITLEMENTS = GiniBankAPILibraryExample/GiniBankAPILibraryExample.entitlements;
				CODE_SIGN_STYLE = Automatic;
				CURRENT_PROJECT_VERSION = 1;
				DEVELOPMENT_TEAM = JA825X8F7Z;
				GENERATE_INFOPLIST_FILE = YES;
				INFOPLIST_FILE = GiniBankAPILibraryExample/Info.plist;
				INFOPLIST_KEY_UIApplicationSupportsIndirectInputEvents = YES;
				INFOPLIST_KEY_UILaunchStoryboardName = LaunchScreen;
				INFOPLIST_KEY_UIMainStoryboardFile = Main;
				INFOPLIST_KEY_UISupportedInterfaceOrientations_iPad = "UIInterfaceOrientationPortrait UIInterfaceOrientationPortraitUpsideDown UIInterfaceOrientationLandscapeLeft UIInterfaceOrientationLandscapeRight";
				INFOPLIST_KEY_UISupportedInterfaceOrientations_iPhone = "UIInterfaceOrientationPortrait UIInterfaceOrientationLandscapeLeft UIInterfaceOrientationLandscapeRight";
				LD_RUNPATH_SEARCH_PATHS = (
					"$(inherited)",
					"@executable_path/Frameworks",
				);
				MARKETING_VERSION = 1.0;
				PRODUCT_BUNDLE_IDENTIFIER = net.gini.bankapilibrary.pinning.example;
				PRODUCT_NAME = "$(TARGET_NAME)";
				SWIFT_EMIT_LOC_STRINGS = YES;
				SWIFT_VERSION = 5.0;
				TARGETED_DEVICE_FAMILY = "1,2";
			};
			name = Debug;
		};
		F44C6A4B272AD83000177319 /* Release */ = {
			isa = XCBuildConfiguration;
			buildSettings = {
				ASSETCATALOG_COMPILER_APPICON_NAME = AppIcon;
				ASSETCATALOG_COMPILER_GLOBAL_ACCENT_COLOR_NAME = AccentColor;
				CODE_SIGN_ENTITLEMENTS = GiniBankAPILibraryExample/GiniBankAPILibraryExample.entitlements;
				CODE_SIGN_STYLE = Automatic;
				CURRENT_PROJECT_VERSION = 1;
				DEVELOPMENT_TEAM = JA825X8F7Z;
				GENERATE_INFOPLIST_FILE = YES;
				INFOPLIST_FILE = GiniBankAPILibraryExample/Info.plist;
				INFOPLIST_KEY_UIApplicationSupportsIndirectInputEvents = YES;
				INFOPLIST_KEY_UILaunchStoryboardName = LaunchScreen;
				INFOPLIST_KEY_UIMainStoryboardFile = Main;
				INFOPLIST_KEY_UISupportedInterfaceOrientations_iPad = "UIInterfaceOrientationPortrait UIInterfaceOrientationPortraitUpsideDown UIInterfaceOrientationLandscapeLeft UIInterfaceOrientationLandscapeRight";
				INFOPLIST_KEY_UISupportedInterfaceOrientations_iPhone = "UIInterfaceOrientationPortrait UIInterfaceOrientationLandscapeLeft UIInterfaceOrientationLandscapeRight";
				LD_RUNPATH_SEARCH_PATHS = (
					"$(inherited)",
					"@executable_path/Frameworks",
				);
				MARKETING_VERSION = 1.0;
				PRODUCT_BUNDLE_IDENTIFIER = net.gini.bankapilibrary.pinning.example;
				PRODUCT_NAME = "$(TARGET_NAME)";
				SWIFT_EMIT_LOC_STRINGS = YES;
				SWIFT_VERSION = 5.0;
				TARGETED_DEVICE_FAMILY = "1,2";
			};
			name = Release;
		};
		F4CBE2FB28204E6D00B28220 /* Debug */ = {
			isa = XCBuildConfiguration;
			buildSettings = {
				BUNDLE_LOADER = "$(TEST_HOST)";
				CODE_SIGN_STYLE = Automatic;
				CURRENT_PROJECT_VERSION = 1;
				DEVELOPMENT_TEAM = BQY9KX4V88;
				GENERATE_INFOPLIST_FILE = YES;
				IPHONEOS_DEPLOYMENT_TARGET = 13.0;
				MARKETING_VERSION = 1.0;
				PRODUCT_BUNDLE_IDENTIFIER = net.gini.banksdknav.GiniBankAPILibraryPinningExampleTests;
				PRODUCT_NAME = "$(TARGET_NAME)";
				SWIFT_EMIT_LOC_STRINGS = NO;
				SWIFT_VERSION = 5.0;
				TARGETED_DEVICE_FAMILY = "1,2";
				TEST_HOST = "$(BUILT_PRODUCTS_DIR)/GiniBankAPILibraryPinningExample.app/GiniBankAPILibraryPinningExample";
			};
			name = Debug;
		};
		F4CBE2FC28204E6D00B28220 /* Release */ = {
			isa = XCBuildConfiguration;
			buildSettings = {
				BUNDLE_LOADER = "$(TEST_HOST)";
				CODE_SIGN_STYLE = Automatic;
				CURRENT_PROJECT_VERSION = 1;
				DEVELOPMENT_TEAM = BQY9KX4V88;
				GENERATE_INFOPLIST_FILE = YES;
				IPHONEOS_DEPLOYMENT_TARGET = 13.0;
				MARKETING_VERSION = 1.0;
				PRODUCT_BUNDLE_IDENTIFIER = net.gini.banksdknav.GiniBankAPILibraryPinningExampleTests;
				PRODUCT_NAME = "$(TARGET_NAME)";
				SWIFT_EMIT_LOC_STRINGS = NO;
				SWIFT_VERSION = 5.0;
				TARGETED_DEVICE_FAMILY = "1,2";
				TEST_HOST = "$(BUILT_PRODUCTS_DIR)/GiniBankAPILibraryPinningExample.app/GiniBankAPILibraryPinningExample";
			};
			name = Release;
		};
/* End XCBuildConfiguration section */

/* Begin XCConfigurationList section */
		F44C6A1A272AD82F00177319 /* Build configuration list for PBXProject "GiniBankAPILibraryPinningExample" */ = {
			isa = XCConfigurationList;
			buildConfigurations = (
				F44C6A47272AD83000177319 /* Debug */,
				F44C6A48272AD83000177319 /* Release */,
			);
			defaultConfigurationIsVisible = 0;
			defaultConfigurationName = Release;
		};
		F44C6A49272AD83000177319 /* Build configuration list for PBXNativeTarget "GiniBankAPILibraryPinningExample" */ = {
			isa = XCConfigurationList;
			buildConfigurations = (
				F44C6A4A272AD83000177319 /* Debug */,
				F44C6A4B272AD83000177319 /* Release */,
			);
			defaultConfigurationIsVisible = 0;
			defaultConfigurationName = Release;
		};
		F4CBE2FA28204E6D00B28220 /* Build configuration list for PBXNativeTarget "GiniBankAPILibraryPinningExampleTests" */ = {
			isa = XCConfigurationList;
			buildConfigurations = (
				F4CBE2FB28204E6D00B28220 /* Debug */,
				F4CBE2FC28204E6D00B28220 /* Release */,
			);
			defaultConfigurationIsVisible = 0;
			defaultConfigurationName = Release;
		};
/* End XCConfigurationList section */

/* Begin XCSwiftPackageProductDependency section */
		F44C6A61272AFB4F00177319 /* GiniBankAPILibraryPinning */ = {
			isa = XCSwiftPackageProductDependency;
			productName = GiniBankAPILibraryPinning;
		};
/* End XCSwiftPackageProductDependency section */
	};
	rootObject = F44C6A17272AD82F00177319 /* Project object */;
}
