// !$*UTF8*$!
{
	archiveVersion = 1;
	classes = {
	};
	objectVersion = 55;
	objects = {

/* Begin PBXBuildFile section */
		3A54ED2D2C917D5500EB5EED /* GiniHealthAPILibrary in Resources */ = {isa = PBXBuildFile; fileRef = 3A54ED2C2C917D5500EB5EED /* GiniHealthAPILibrary */; };
		3AC048EE2C9061A5007C81FE /* GiniHealthAPILibrary in Frameworks */ = {isa = PBXBuildFile; productRef = 3AC048ED2C9061A5007C81FE /* GiniHealthAPILibrary */; };
		F46DE04C2705FC21002F7420 /* AppDelegate.swift in Sources */ = {isa = PBXBuildFile; fileRef = F46DE04B2705FC21002F7420 /* AppDelegate.swift */; };
		F46DE04E2705FC21002F7420 /* SceneDelegate.swift in Sources */ = {isa = PBXBuildFile; fileRef = F46DE04D2705FC21002F7420 /* SceneDelegate.swift */; };
		F46DE0502705FC21002F7420 /* ViewController.swift in Sources */ = {isa = PBXBuildFile; fileRef = F46DE04F2705FC21002F7420 /* ViewController.swift */; };
		F46DE0532705FC21002F7420 /* Main.storyboard in Resources */ = {isa = PBXBuildFile; fileRef = F46DE0512705FC21002F7420 /* Main.storyboard */; };
		F46DE0552705FC22002F7420 /* Assets.xcassets in Resources */ = {isa = PBXBuildFile; fileRef = F46DE0542705FC22002F7420 /* Assets.xcassets */; };
		F46DE0582705FC22002F7420 /* LaunchScreen.storyboard in Resources */ = {isa = PBXBuildFile; fileRef = F46DE0562705FC22002F7420 /* LaunchScreen.storyboard */; };
		F4FD4878270F204A007F1EFA /* IntegrationTests.swift in Sources */ = {isa = PBXBuildFile; fileRef = F4FD4877270F204A007F1EFA /* IntegrationTests.swift */; };
		F4FD487A270F20E4007F1EFA /* GiniHealthAPILibraryTests.swift in Sources */ = {isa = PBXBuildFile; fileRef = F4FD4879270F20E4007F1EFA /* GiniHealthAPILibraryTests.swift */; };
/* End PBXBuildFile section */

/* Begin PBXContainerItemProxy section */
		F4FD4872270F1F7D007F1EFA /* PBXContainerItemProxy */ = {
			isa = PBXContainerItemProxy;
			containerPortal = F46DE0402705FC21002F7420 /* Project object */;
			proxyType = 1;
			remoteGlobalIDString = F46DE0472705FC21002F7420;
			remoteInfo = HealthAPILibraryExample;
		};
/* End PBXContainerItemProxy section */

/* Begin PBXFileReference section */
		3A54ED2C2C917D5500EB5EED /* GiniHealthAPILibrary */ = {isa = PBXFileReference; lastKnownFileType = wrapper; name = GiniHealthAPILibrary; path = ../GiniHealthAPILibrary; sourceTree = "<group>"; };
		F466A5DA270F27B300FB1364 /* HealthAPILibraryExample.entitlements */ = {isa = PBXFileReference; lastKnownFileType = text.plist.entitlements; path = HealthAPILibraryExample.entitlements; sourceTree = "<group>"; };
		F466A5DB270F27B300FB1364 /* AuthenticationServices.framework */ = {isa = PBXFileReference; lastKnownFileType = wrapper.framework; name = AuthenticationServices.framework; path = System/Library/Frameworks/AuthenticationServices.framework; sourceTree = SDKROOT; };
		F46DE0482705FC21002F7420 /* GiniHealthAPILibraryExample.app */ = {isa = PBXFileReference; explicitFileType = wrapper.application; includeInIndex = 0; path = GiniHealthAPILibraryExample.app; sourceTree = BUILT_PRODUCTS_DIR; };
		F46DE04B2705FC21002F7420 /* AppDelegate.swift */ = {isa = PBXFileReference; lastKnownFileType = sourcecode.swift; path = AppDelegate.swift; sourceTree = "<group>"; };
		F46DE04D2705FC21002F7420 /* SceneDelegate.swift */ = {isa = PBXFileReference; lastKnownFileType = sourcecode.swift; path = SceneDelegate.swift; sourceTree = "<group>"; };
		F46DE04F2705FC21002F7420 /* ViewController.swift */ = {isa = PBXFileReference; lastKnownFileType = sourcecode.swift; path = ViewController.swift; sourceTree = "<group>"; };
		F46DE0522705FC21002F7420 /* Base */ = {isa = PBXFileReference; lastKnownFileType = file.storyboard; name = Base; path = Base.lproj/Main.storyboard; sourceTree = "<group>"; };
		F46DE0542705FC22002F7420 /* Assets.xcassets */ = {isa = PBXFileReference; lastKnownFileType = folder.assetcatalog; path = Assets.xcassets; sourceTree = "<group>"; };
		F46DE0572705FC22002F7420 /* Base */ = {isa = PBXFileReference; lastKnownFileType = file.storyboard; name = Base; path = Base.lproj/LaunchScreen.storyboard; sourceTree = "<group>"; };
		F46DE0592705FC22002F7420 /* Info.plist */ = {isa = PBXFileReference; lastKnownFileType = text.plist.xml; path = Info.plist; sourceTree = "<group>"; };
		F4FD486E270F1F7D007F1EFA /* GiniHealthAPILibraryExampleTests.xctest */ = {isa = PBXFileReference; explicitFileType = wrapper.cfbundle; includeInIndex = 0; path = GiniHealthAPILibraryExampleTests.xctest; sourceTree = BUILT_PRODUCTS_DIR; };
		F4FD4877270F204A007F1EFA /* IntegrationTests.swift */ = {isa = PBXFileReference; lastKnownFileType = sourcecode.swift; path = IntegrationTests.swift; sourceTree = "<group>"; };
		F4FD4879270F20E4007F1EFA /* GiniHealthAPILibraryTests.swift */ = {isa = PBXFileReference; fileEncoding = 4; lastKnownFileType = sourcecode.swift; path = GiniHealthAPILibraryTests.swift; sourceTree = "<group>"; };
/* End PBXFileReference section */

/* Begin PBXFrameworksBuildPhase section */
		F46DE0452705FC21002F7420 /* Frameworks */ = {
			isa = PBXFrameworksBuildPhase;
			buildActionMask = 2147483647;
			files = (
				3AC048EE2C9061A5007C81FE /* GiniHealthAPILibrary in Frameworks */,
			);
			runOnlyForDeploymentPostprocessing = 0;
		};
		F4FD486B270F1F7D007F1EFA /* Frameworks */ = {
			isa = PBXFrameworksBuildPhase;
			buildActionMask = 2147483647;
			files = (
			);
			runOnlyForDeploymentPostprocessing = 0;
		};
/* End PBXFrameworksBuildPhase section */

/* Begin PBXGroup section */
		3A54ED2B2C917D2F00EB5EED /* Packages */ = {
			isa = PBXGroup;
			children = (
				3A54ED2C2C917D5500EB5EED /* GiniHealthAPILibrary */,
			);
			name = Packages;
			sourceTree = "<group>";
		};
		F46DE03F2705FC21002F7420 = {
			isa = PBXGroup;
			children = (
				3A54ED2B2C917D2F00EB5EED /* Packages */,
				F46DE04A2705FC21002F7420 /* GiniHealthAPILibraryExample */,
				F4FD486F270F1F7D007F1EFA /* GiniHealthAPILibraryExampleTests */,
				F46DE0492705FC21002F7420 /* Products */,
				F46DE0622705FEF4002F7420 /* Frameworks */,
			);
			sourceTree = "<group>";
		};
		F46DE0492705FC21002F7420 /* Products */ = {
			isa = PBXGroup;
			children = (
				F46DE0482705FC21002F7420 /* GiniHealthAPILibraryExample.app */,
				F4FD486E270F1F7D007F1EFA /* GiniHealthAPILibraryExampleTests.xctest */,
			);
			name = Products;
			sourceTree = "<group>";
		};
		F46DE04A2705FC21002F7420 /* GiniHealthAPILibraryExample */ = {
			isa = PBXGroup;
			children = (
				F466A5DA270F27B300FB1364 /* HealthAPILibraryExample.entitlements */,
				F46DE04B2705FC21002F7420 /* AppDelegate.swift */,
				F46DE04D2705FC21002F7420 /* SceneDelegate.swift */,
				F46DE04F2705FC21002F7420 /* ViewController.swift */,
				F46DE0512705FC21002F7420 /* Main.storyboard */,
				F46DE0542705FC22002F7420 /* Assets.xcassets */,
				F46DE0562705FC22002F7420 /* LaunchScreen.storyboard */,
				F46DE0592705FC22002F7420 /* Info.plist */,
			);
			path = GiniHealthAPILibraryExample;
			sourceTree = "<group>";
		};
		F46DE0622705FEF4002F7420 /* Frameworks */ = {
			isa = PBXGroup;
			children = (
				F466A5DB270F27B300FB1364 /* AuthenticationServices.framework */,
			);
			name = Frameworks;
			sourceTree = "<group>";
		};
		F4FD486F270F1F7D007F1EFA /* GiniHealthAPILibraryExampleTests */ = {
			isa = PBXGroup;
			children = (
				F4FD4879270F20E4007F1EFA /* GiniHealthAPILibraryTests.swift */,
				F4FD4877270F204A007F1EFA /* IntegrationTests.swift */,
			);
			path = GiniHealthAPILibraryExampleTests;
			sourceTree = "<group>";
		};
/* End PBXGroup section */

/* Begin PBXNativeTarget section */
		F46DE0472705FC21002F7420 /* GiniHealthAPILibraryExample */ = {
			isa = PBXNativeTarget;
			buildConfigurationList = F46DE05C2705FC22002F7420 /* Build configuration list for PBXNativeTarget "GiniHealthAPILibraryExample" */;
			buildPhases = (
				F46DE0442705FC21002F7420 /* Sources */,
				F46DE0452705FC21002F7420 /* Frameworks */,
				F46DE0462705FC21002F7420 /* Resources */,
			);
			buildRules = (
			);
			dependencies = (
			);
			name = GiniHealthAPILibraryExample;
			packageProductDependencies = (
				3AC048ED2C9061A5007C81FE /* GiniHealthAPILibrary */,
			);
			productName = HealthAPILibraryExample;
			productReference = F46DE0482705FC21002F7420 /* GiniHealthAPILibraryExample.app */;
			productType = "com.apple.product-type.application";
		};
		F4FD486D270F1F7D007F1EFA /* GiniHealthAPILibraryExampleTests */ = {
			isa = PBXNativeTarget;
			buildConfigurationList = F4FD4876270F1F7D007F1EFA /* Build configuration list for PBXNativeTarget "GiniHealthAPILibraryExampleTests" */;
			buildPhases = (
				F4FD486A270F1F7D007F1EFA /* Sources */,
				F4FD486B270F1F7D007F1EFA /* Frameworks */,
				F4FD486C270F1F7D007F1EFA /* Resources */,
			);
			buildRules = (
			);
			dependencies = (
				F4FD4873270F1F7D007F1EFA /* PBXTargetDependency */,
			);
			name = GiniHealthAPILibraryExampleTests;
			productName = HealthAPILibraryExampleTests;
			productReference = F4FD486E270F1F7D007F1EFA /* GiniHealthAPILibraryExampleTests.xctest */;
			productType = "com.apple.product-type.bundle.unit-test";
		};
/* End PBXNativeTarget section */

/* Begin PBXProject section */
		F46DE0402705FC21002F7420 /* Project object */ = {
			isa = PBXProject;
			attributes = {
				BuildIndependentTargetsInParallel = 1;
				LastSwiftUpdateCheck = 1300;
				LastUpgradeCheck = 1300;
				TargetAttributes = {
					F46DE0472705FC21002F7420 = {
						CreatedOnToolsVersion = 13.0;
					};
					F4FD486D270F1F7D007F1EFA = {
						CreatedOnToolsVersion = 13.0;
						TestTargetID = F46DE0472705FC21002F7420;
					};
				};
			};
			buildConfigurationList = F46DE0432705FC21002F7420 /* Build configuration list for PBXProject "GiniHealthAPILibraryExample" */;
			compatibilityVersion = "Xcode 13.0";
			developmentRegion = en;
			hasScannedForEncodings = 0;
			knownRegions = (
				en,
				Base,
			);
			mainGroup = F46DE03F2705FC21002F7420;
			productRefGroup = F46DE0492705FC21002F7420 /* Products */;
			projectDirPath = "";
			projectRoot = "";
			targets = (
				F46DE0472705FC21002F7420 /* GiniHealthAPILibraryExample */,
				F4FD486D270F1F7D007F1EFA /* GiniHealthAPILibraryExampleTests */,
			);
		};
/* End PBXProject section */

/* Begin PBXResourcesBuildPhase section */
		F46DE0462705FC21002F7420 /* Resources */ = {
			isa = PBXResourcesBuildPhase;
			buildActionMask = 2147483647;
			files = (
				3A54ED2D2C917D5500EB5EED /* GiniHealthAPILibrary in Resources */,
				F46DE0582705FC22002F7420 /* LaunchScreen.storyboard in Resources */,
				F46DE0552705FC22002F7420 /* Assets.xcassets in Resources */,
				F46DE0532705FC21002F7420 /* Main.storyboard in Resources */,
			);
			runOnlyForDeploymentPostprocessing = 0;
		};
		F4FD486C270F1F7D007F1EFA /* Resources */ = {
			isa = PBXResourcesBuildPhase;
			buildActionMask = 2147483647;
			files = (
			);
			runOnlyForDeploymentPostprocessing = 0;
		};
/* End PBXResourcesBuildPhase section */

/* Begin PBXSourcesBuildPhase section */
		F46DE0442705FC21002F7420 /* Sources */ = {
			isa = PBXSourcesBuildPhase;
			buildActionMask = 2147483647;
			files = (
				F46DE0502705FC21002F7420 /* ViewController.swift in Sources */,
				F46DE04C2705FC21002F7420 /* AppDelegate.swift in Sources */,
				F46DE04E2705FC21002F7420 /* SceneDelegate.swift in Sources */,
			);
			runOnlyForDeploymentPostprocessing = 0;
		};
		F4FD486A270F1F7D007F1EFA /* Sources */ = {
			isa = PBXSourcesBuildPhase;
			buildActionMask = 2147483647;
			files = (
				F4FD487A270F20E4007F1EFA /* GiniHealthAPILibraryTests.swift in Sources */,
				F4FD4878270F204A007F1EFA /* IntegrationTests.swift in Sources */,
			);
			runOnlyForDeploymentPostprocessing = 0;
		};
/* End PBXSourcesBuildPhase section */

/* Begin PBXTargetDependency section */
		F4FD4873270F1F7D007F1EFA /* PBXTargetDependency */ = {
			isa = PBXTargetDependency;
			target = F46DE0472705FC21002F7420 /* GiniHealthAPILibraryExample */;
			targetProxy = F4FD4872270F1F7D007F1EFA /* PBXContainerItemProxy */;
		};
/* End PBXTargetDependency section */

/* Begin PBXVariantGroup section */
		F46DE0512705FC21002F7420 /* Main.storyboard */ = {
			isa = PBXVariantGroup;
			children = (
				F46DE0522705FC21002F7420 /* Base */,
			);
			name = Main.storyboard;
			sourceTree = "<group>";
		};
		F46DE0562705FC22002F7420 /* LaunchScreen.storyboard */ = {
			isa = PBXVariantGroup;
			children = (
				F46DE0572705FC22002F7420 /* Base */,
			);
			name = LaunchScreen.storyboard;
			sourceTree = "<group>";
		};
/* End PBXVariantGroup section */

/* Begin XCBuildConfiguration section */
		F46DE05A2705FC22002F7420 /* Debug */ = {
			isa = XCBuildConfiguration;
			buildSettings = {
				ALWAYS_SEARCH_USER_PATHS = NO;
				CLANG_ANALYZER_NONNULL = YES;
				CLANG_ANALYZER_NUMBER_OBJECT_CONVERSION = YES_AGGRESSIVE;
				CLANG_CXX_LANGUAGE_STANDARD = "gnu++17";
				CLANG_CXX_LIBRARY = "libc++";
				CLANG_ENABLE_MODULES = YES;
				CLANG_ENABLE_OBJC_ARC = YES;
				CLANG_ENABLE_OBJC_WEAK = YES;
				CLANG_WARN_BLOCK_CAPTURE_AUTORELEASING = YES;
				CLANG_WARN_BOOL_CONVERSION = YES;
				CLANG_WARN_COMMA = YES;
				CLANG_WARN_CONSTANT_CONVERSION = YES;
				CLANG_WARN_DEPRECATED_OBJC_IMPLEMENTATIONS = YES;
				CLANG_WARN_DIRECT_OBJC_ISA_USAGE = YES_ERROR;
				CLANG_WARN_DOCUMENTATION_COMMENTS = YES;
				CLANG_WARN_EMPTY_BODY = YES;
				CLANG_WARN_ENUM_CONVERSION = YES;
				CLANG_WARN_INFINITE_RECURSION = YES;
				CLANG_WARN_INT_CONVERSION = YES;
				CLANG_WARN_NON_LITERAL_NULL_CONVERSION = YES;
				CLANG_WARN_OBJC_IMPLICIT_RETAIN_SELF = YES;
				CLANG_WARN_OBJC_LITERAL_CONVERSION = YES;
				CLANG_WARN_OBJC_ROOT_CLASS = YES_ERROR;
				CLANG_WARN_QUOTED_INCLUDE_IN_FRAMEWORK_HEADER = YES;
				CLANG_WARN_RANGE_LOOP_ANALYSIS = YES;
				CLANG_WARN_STRICT_PROTOTYPES = YES;
				CLANG_WARN_SUSPICIOUS_MOVE = YES;
				CLANG_WARN_UNGUARDED_AVAILABILITY = YES_AGGRESSIVE;
				CLANG_WARN_UNREACHABLE_CODE = YES;
				CLANG_WARN__DUPLICATE_METHOD_MATCH = YES;
				COPY_PHASE_STRIP = NO;
				DEBUG_INFORMATION_FORMAT = dwarf;
				ENABLE_STRICT_OBJC_MSGSEND = YES;
				ENABLE_TESTABILITY = YES;
				GCC_C_LANGUAGE_STANDARD = gnu11;
				GCC_DYNAMIC_NO_PIC = NO;
				GCC_NO_COMMON_BLOCKS = YES;
				GCC_OPTIMIZATION_LEVEL = 0;
				GCC_PREPROCESSOR_DEFINITIONS = (
					"DEBUG=1",
					"$(inherited)",
				);
				GCC_WARN_64_TO_32_BIT_CONVERSION = YES;
				GCC_WARN_ABOUT_RETURN_TYPE = YES_ERROR;
				GCC_WARN_UNDECLARED_SELECTOR = YES;
				GCC_WARN_UNINITIALIZED_AUTOS = YES_AGGRESSIVE;
				GCC_WARN_UNUSED_FUNCTION = YES;
				GCC_WARN_UNUSED_VARIABLE = YES;
				IPHONEOS_DEPLOYMENT_TARGET = 13.6;
				MTL_ENABLE_DEBUG_INFO = INCLUDE_SOURCE;
				MTL_FAST_MATH = YES;
				ONLY_ACTIVE_ARCH = YES;
				SDKROOT = iphoneos;
				SWIFT_ACTIVE_COMPILATION_CONDITIONS = DEBUG;
				SWIFT_OPTIMIZATION_LEVEL = "-Onone";
			};
			name = Debug;
		};
		F46DE05B2705FC22002F7420 /* Release */ = {
			isa = XCBuildConfiguration;
			buildSettings = {
				ALWAYS_SEARCH_USER_PATHS = NO;
				CLANG_ANALYZER_NONNULL = YES;
				CLANG_ANALYZER_NUMBER_OBJECT_CONVERSION = YES_AGGRESSIVE;
				CLANG_CXX_LANGUAGE_STANDARD = "gnu++17";
				CLANG_CXX_LIBRARY = "libc++";
				CLANG_ENABLE_MODULES = YES;
				CLANG_ENABLE_OBJC_ARC = YES;
				CLANG_ENABLE_OBJC_WEAK = YES;
				CLANG_WARN_BLOCK_CAPTURE_AUTORELEASING = YES;
				CLANG_WARN_BOOL_CONVERSION = YES;
				CLANG_WARN_COMMA = YES;
				CLANG_WARN_CONSTANT_CONVERSION = YES;
				CLANG_WARN_DEPRECATED_OBJC_IMPLEMENTATIONS = YES;
				CLANG_WARN_DIRECT_OBJC_ISA_USAGE = YES_ERROR;
				CLANG_WARN_DOCUMENTATION_COMMENTS = YES;
				CLANG_WARN_EMPTY_BODY = YES;
				CLANG_WARN_ENUM_CONVERSION = YES;
				CLANG_WARN_INFINITE_RECURSION = YES;
				CLANG_WARN_INT_CONVERSION = YES;
				CLANG_WARN_NON_LITERAL_NULL_CONVERSION = YES;
				CLANG_WARN_OBJC_IMPLICIT_RETAIN_SELF = YES;
				CLANG_WARN_OBJC_LITERAL_CONVERSION = YES;
				CLANG_WARN_OBJC_ROOT_CLASS = YES_ERROR;
				CLANG_WARN_QUOTED_INCLUDE_IN_FRAMEWORK_HEADER = YES;
				CLANG_WARN_RANGE_LOOP_ANALYSIS = YES;
				CLANG_WARN_STRICT_PROTOTYPES = YES;
				CLANG_WARN_SUSPICIOUS_MOVE = YES;
				CLANG_WARN_UNGUARDED_AVAILABILITY = YES_AGGRESSIVE;
				CLANG_WARN_UNREACHABLE_CODE = YES;
				CLANG_WARN__DUPLICATE_METHOD_MATCH = YES;
				COPY_PHASE_STRIP = NO;
				DEBUG_INFORMATION_FORMAT = "dwarf-with-dsym";
				ENABLE_NS_ASSERTIONS = NO;
				ENABLE_STRICT_OBJC_MSGSEND = YES;
				GCC_C_LANGUAGE_STANDARD = gnu11;
				GCC_NO_COMMON_BLOCKS = YES;
				GCC_WARN_64_TO_32_BIT_CONVERSION = YES;
				GCC_WARN_ABOUT_RETURN_TYPE = YES_ERROR;
				GCC_WARN_UNDECLARED_SELECTOR = YES;
				GCC_WARN_UNINITIALIZED_AUTOS = YES_AGGRESSIVE;
				GCC_WARN_UNUSED_FUNCTION = YES;
				GCC_WARN_UNUSED_VARIABLE = YES;
				IPHONEOS_DEPLOYMENT_TARGET = 13.6;
				MTL_ENABLE_DEBUG_INFO = NO;
				MTL_FAST_MATH = YES;
				SDKROOT = iphoneos;
				SWIFT_COMPILATION_MODE = wholemodule;
				SWIFT_OPTIMIZATION_LEVEL = "-O";
				VALIDATE_PRODUCT = YES;
			};
			name = Release;
		};
		F46DE05D2705FC22002F7420 /* Debug */ = {
			isa = XCBuildConfiguration;
			buildSettings = {
				ASSETCATALOG_COMPILER_APPICON_NAME = AppIcon;
				ASSETCATALOG_COMPILER_GLOBAL_ACCENT_COLOR_NAME = AccentColor;
				CODE_SIGN_ENTITLEMENTS = GiniHealthAPILibraryExample/HealthAPILibraryExample.entitlements;
				CODE_SIGN_STYLE = Automatic;
				CURRENT_PROJECT_VERSION = 1;
				DEVELOPMENT_TEAM = JA825X8F7Z;
				GENERATE_INFOPLIST_FILE = YES;
				INFOPLIST_FILE = GiniHealthAPILibraryExample/Info.plist;
				INFOPLIST_KEY_UIApplicationSupportsIndirectInputEvents = YES;
				INFOPLIST_KEY_UILaunchStoryboardName = LaunchScreen;
				INFOPLIST_KEY_UIMainStoryboardFile = Main;
				INFOPLIST_KEY_UISupportedInterfaceOrientations_iPad = "UIInterfaceOrientationPortrait UIInterfaceOrientationPortraitUpsideDown UIInterfaceOrientationLandscapeLeft UIInterfaceOrientationLandscapeRight";
				INFOPLIST_KEY_UISupportedInterfaceOrientations_iPhone = "UIInterfaceOrientationPortrait UIInterfaceOrientationLandscapeLeft UIInterfaceOrientationLandscapeRight";
				LD_RUNPATH_SEARCH_PATHS = (
					"$(inherited)",
					"@executable_path/Frameworks",
				);
				MARKETING_VERSION = 1.0;
				PRODUCT_BUNDLE_IDENTIFIER = net.gini.healthapilibrary.example;
				PRODUCT_NAME = "$(TARGET_NAME)";
				SUPPORTED_PLATFORMS = "iphoneos iphonesimulator";
				SUPPORTS_MACCATALYST = NO;
				SUPPORTS_MAC_DESIGNED_FOR_IPHONE_IPAD = NO;
				SUPPORTS_XR_DESIGNED_FOR_IPHONE_IPAD = NO;
				SWIFT_EMIT_LOC_STRINGS = YES;
				SWIFT_VERSION = 5.0;
				TARGETED_DEVICE_FAMILY = "1,2";
			};
			name = Debug;
		};
		F46DE05E2705FC22002F7420 /* Release */ = {
			isa = XCBuildConfiguration;
			buildSettings = {
				ASSETCATALOG_COMPILER_APPICON_NAME = AppIcon;
				ASSETCATALOG_COMPILER_GLOBAL_ACCENT_COLOR_NAME = AccentColor;
				CODE_SIGN_ENTITLEMENTS = GiniHealthAPILibraryExample/HealthAPILibraryExample.entitlements;
				CODE_SIGN_STYLE = Automatic;
				CURRENT_PROJECT_VERSION = 1;
				DEVELOPMENT_TEAM = JA825X8F7Z;
				GENERATE_INFOPLIST_FILE = YES;
				INFOPLIST_FILE = GiniHealthAPILibraryExample/Info.plist;
				INFOPLIST_KEY_UIApplicationSupportsIndirectInputEvents = YES;
				INFOPLIST_KEY_UILaunchStoryboardName = LaunchScreen;
				INFOPLIST_KEY_UIMainStoryboardFile = Main;
				INFOPLIST_KEY_UISupportedInterfaceOrientations_iPad = "UIInterfaceOrientationPortrait UIInterfaceOrientationPortraitUpsideDown UIInterfaceOrientationLandscapeLeft UIInterfaceOrientationLandscapeRight";
				INFOPLIST_KEY_UISupportedInterfaceOrientations_iPhone = "UIInterfaceOrientationPortrait UIInterfaceOrientationLandscapeLeft UIInterfaceOrientationLandscapeRight";
				LD_RUNPATH_SEARCH_PATHS = (
					"$(inherited)",
					"@executable_path/Frameworks",
				);
				MARKETING_VERSION = 1.0;
				PRODUCT_BUNDLE_IDENTIFIER = net.gini.healthapilibrary.example;
				PRODUCT_NAME = "$(TARGET_NAME)";
				SUPPORTED_PLATFORMS = "iphoneos iphonesimulator";
				SUPPORTS_MACCATALYST = NO;
				SUPPORTS_MAC_DESIGNED_FOR_IPHONE_IPAD = NO;
				SUPPORTS_XR_DESIGNED_FOR_IPHONE_IPAD = NO;
				SWIFT_EMIT_LOC_STRINGS = YES;
				SWIFT_VERSION = 5.0;
				TARGETED_DEVICE_FAMILY = "1,2";
			};
			name = Release;
		};
		F4FD4874270F1F7D007F1EFA /* Debug */ = {
			isa = XCBuildConfiguration;
			buildSettings = {
				BUNDLE_LOADER = "$(TEST_HOST)";
				CODE_SIGN_STYLE = Automatic;
				CURRENT_PROJECT_VERSION = 1;
				DEVELOPMENT_TEAM = JA825X8F7Z;
				GENERATE_INFOPLIST_FILE = YES;
				LD_RUNPATH_SEARCH_PATHS = (
					"$(inherited)",
					"@executable_path/Frameworks",
					"@loader_path/Frameworks",
				);
				MARKETING_VERSION = 1.0;
				PRODUCT_BUNDLE_IDENTIFIER = net.gini.HealthAPILibraryExampleTests;
				PRODUCT_NAME = "$(TARGET_NAME)";
				SUPPORTED_PLATFORMS = "iphoneos iphonesimulator";
				SUPPORTS_MACCATALYST = NO;
				SUPPORTS_MAC_DESIGNED_FOR_IPHONE_IPAD = NO;
				SUPPORTS_XR_DESIGNED_FOR_IPHONE_IPAD = NO;
				SWIFT_EMIT_LOC_STRINGS = NO;
				SWIFT_VERSION = 5.0;
				TARGETED_DEVICE_FAMILY = "1,2";
				TEST_HOST = "$(BUILT_PRODUCTS_DIR)/GiniHealthAPILibraryExample.app/GiniHealthAPILibraryExample";
			};
			name = Debug;
		};
		F4FD4875270F1F7D007F1EFA /* Release */ = {
			isa = XCBuildConfiguration;
			buildSettings = {
				BUNDLE_LOADER = "$(TEST_HOST)";
				CODE_SIGN_STYLE = Automatic;
				CURRENT_PROJECT_VERSION = 1;
				DEVELOPMENT_TEAM = JA825X8F7Z;
				GENERATE_INFOPLIST_FILE = YES;
				LD_RUNPATH_SEARCH_PATHS = (
					"$(inherited)",
					"@executable_path/Frameworks",
					"@loader_path/Frameworks",
				);
				MARKETING_VERSION = 1.0;
				PRODUCT_BUNDLE_IDENTIFIER = net.gini.HealthAPILibraryExampleTests;
				PRODUCT_NAME = "$(TARGET_NAME)";
				SUPPORTED_PLATFORMS = "iphoneos iphonesimulator";
				SUPPORTS_MACCATALYST = NO;
				SUPPORTS_MAC_DESIGNED_FOR_IPHONE_IPAD = NO;
				SUPPORTS_XR_DESIGNED_FOR_IPHONE_IPAD = NO;
				SWIFT_EMIT_LOC_STRINGS = NO;
				SWIFT_VERSION = 5.0;
				TARGETED_DEVICE_FAMILY = "1,2";
				TEST_HOST = "$(BUILT_PRODUCTS_DIR)/GiniHealthAPILibraryExample.app/GiniHealthAPILibraryExample";
			};
			name = Release;
		};
/* End XCBuildConfiguration section */

/* Begin XCConfigurationList section */
		F46DE0432705FC21002F7420 /* Build configuration list for PBXProject "GiniHealthAPILibraryExample" */ = {
			isa = XCConfigurationList;
			buildConfigurations = (
				F46DE05A2705FC22002F7420 /* Debug */,
				F46DE05B2705FC22002F7420 /* Release */,
			);
			defaultConfigurationIsVisible = 0;
			defaultConfigurationName = Release;
		};
		F46DE05C2705FC22002F7420 /* Build configuration list for PBXNativeTarget "GiniHealthAPILibraryExample" */ = {
			isa = XCConfigurationList;
			buildConfigurations = (
				F46DE05D2705FC22002F7420 /* Debug */,
				F46DE05E2705FC22002F7420 /* Release */,
			);
			defaultConfigurationIsVisible = 0;
			defaultConfigurationName = Release;
		};
		F4FD4876270F1F7D007F1EFA /* Build configuration list for PBXNativeTarget "GiniHealthAPILibraryExampleTests" */ = {
			isa = XCConfigurationList;
			buildConfigurations = (
				F4FD4874270F1F7D007F1EFA /* Debug */,
				F4FD4875270F1F7D007F1EFA /* Release */,
			);
			defaultConfigurationIsVisible = 0;
			defaultConfigurationName = Release;
		};
/* End XCConfigurationList section */

/* Begin XCSwiftPackageProductDependency section */
		3AC048ED2C9061A5007C81FE /* GiniHealthAPILibrary */ = {
			isa = XCSwiftPackageProductDependency;
			productName = GiniHealthAPILibrary;
		};
/* End XCSwiftPackageProductDependency section */
	};
	rootObject = F46DE0402705FC21002F7420 /* Project object */;
}
